{
  "version": 4,
  "terraform_version": "1.13.0",
  "serial": 336,
  "lineage": "05a74a84-8cf6-c70f-a444-9c9c2766cbd2",
  "outputs": {
    "batch_compute_environment_arn": {
      "value": "arn:aws:batch:us-east-1:576127390344:compute-environment/kptn-batch-ce-basic",
      "type": "string"
    },
    "batch_job_definition_arn": {
      "value": "arn:aws:batch:us-east-1:576127390344:job-definition/basic-batch-job:5",
      "type": "string"
    },
    "batch_job_queue_arn": {
      "value": "arn:aws:batch:us-east-1:576127390344:job-queue/basic-batch-queue",
      "type": "string"
    },
    "container_image_effective": {
      "value": "public.ecr.aws/amazonlinux/amazonlinux:latest",
      "type": "string"
    },
    "decider_lambda_arn": {
      "value": "arn:aws:lambda:us-east-1:576127390344:function:basic-decider",
      "type": "string"
    },
    "dynamodb_table_arn": {
      "value": "arn:aws:dynamodb:us-east-1:576127390344:table/basic-table",
      "type": "string"
    },
    "dynamodb_table_name": {
      "value": "basic-table",
      "type": "string"
    },
    "ecr_repository_url_effective": {
      "value": "576127390344.dkr.ecr.us-east-1.amazonaws.com/basic",
      "type": "string"
    },
    "ecs_cluster_arn_effective": {
      "value": "arn:aws:ecs:us-east-1:576127390344:cluster/basic-cluster",
      "type": "string"
    },
    "log_group_names": {
      "value": {
        "basic": "/aws/vendedlogs/states/basic-basic",
        "basic2": "/aws/vendedlogs/states/basic-basic2"
      },
      "type": [
        "object",
        {
          "basic": "string",
          "basic2": "string"
        }
      ]
    },
    "security_group_ids_effective": {
      "value": [
        "sg-0d1f7ca0f02599e89"
      ],
      "type": [
        "list",
        "string"
      ]
    },
    "state_machine_arns": {
      "value": {
        "basic": "arn:aws:states:us-east-1:576127390344:stateMachine:basic-basic",
        "basic2": "arn:aws:states:us-east-1:576127390344:stateMachine:basic-basic2"
      },
      "type": [
        "object",
        {
          "basic": "string",
          "basic2": "string"
        }
      ]
    },
    "state_machine_role_arns": {
      "value": {
        "basic": "arn:aws:iam::576127390344:role/basic-basic-sfn-20251125221214133200000004",
        "basic2": "arn:aws:iam::576127390344:role/basic-basic2-sfn-20251125221214132800000002"
      },
      "type": [
        "object",
        {
          "basic": "string",
          "basic2": "string"
        }
      ]
    },
    "subnet_ids_effective": {
      "value": [
        "subnet-046e75b830910f693",
        "subnet-0a72a5a68b4bb6473"
      ],
      "type": [
        "list",
        "string"
      ]
    },
    "task_definition_arn_effective": {
      "value": "arn:aws:ecs:us-east-1:576127390344:task-definition/basic-task:9",
      "type": "string"
    },
    "task_execution_role_arn_effective": {
      "value": "arn:aws:iam::576127390344:role/basic-task-execution-role20251125221214137400000005",
      "type": "string"
    },
    "task_role_arn_effective": {
      "value": "arn:aws:iam::576127390344:role/basic-task-role20251125221214130100000001",
      "type": "string"
    }
  },
  "resources": [
    {
      "mode": "data",
      "type": "archive_file",
      "name": "decider_lambda",
      "provider": "provider[\"registry.terraform.io/hashicorp/archive\"]",
      "instances": [
        {
          "index_key": 0,
          "schema_version": 0,
          "attributes": {
            "exclude_symlink_directories": null,
            "excludes": null,
            "id": "75b7574ad507bb0c5b4270846af283ec1ce32fc7",
            "output_base64sha256": "nim0DsBQztmyM+GimlZrjWBWoBh5kdSwSiW55p5OuZE=",
            "output_base64sha512": "nL8JtzyAHZN97BMWc6geu1MXM2Z/1Tavq61/Iv+U/xbJAM30MQ2T67hiaH771UBHA9YLCx6vWX8uVzb5PY0bPA==",
            "output_file_mode": null,
            "output_md5": "13816ffa554e436f980eac8bf3989384",
            "output_path": "./lambda_decider.zip",
            "output_sha": "75b7574ad507bb0c5b4270846af283ec1ce32fc7",
            "output_sha256": "9e29b40ec050ced9b233e1a29a566b8d6056a0187991d4b04a25b9e69e4eb991",
            "output_sha512": "9cbf09b73c801d937dec131673a81ebb531733667fd536afabad7f22ff94ff16c900cdf4310d93ebb862687efbd5404703d60b0b1eaf597f2e5736f93d8d1b3c",
            "output_size": 7386689,
            "source": [],
            "source_content": null,
            "source_content_filename": null,
            "source_dir": "./lambda_decider",
            "source_file": null,
            "type": "zip"
          },
          "sensitive_attributes": [],
          "identity_schema_version": 0
        }
      ]
    },
    {
      "mode": "data",
      "type": "aws_availability_zones",
      "name": "available",
      "provider": "provider[\"registry.terraform.io/hashicorp/aws\"]",
      "instances": [
        {
          "schema_version": 0,
          "attributes": {
            "all_availability_zones": null,
            "exclude_names": null,
            "exclude_zone_ids": null,
            "filter": null,
            "group_names": [
              "us-east-1-zg-1"
            ],
            "id": "us-east-1",
            "names": [
              "us-east-1a",
              "us-east-1b",
              "us-east-1c",
              "us-east-1d",
              "us-east-1e",
              "us-east-1f"
            ],
            "region": "us-east-1",
            "state": "available",
            "timeouts": null,
            "zone_ids": [
              "use1-az1",
              "use1-az2",
              "use1-az4",
              "use1-az6",
              "use1-az3",
              "use1-az5"
            ]
          },
          "sensitive_attributes": [],
          "identity_schema_version": 0
        }
      ]
    },
    {
      "mode": "data",
      "type": "aws_caller_identity",
      "name": "current",
      "provider": "provider[\"registry.terraform.io/hashicorp/aws\"]",
      "instances": [
        {
          "schema_version": 0,
          "attributes": {
            "account_id": "576127390344",
            "arn": "arn:aws:iam::576127390344:user/rruizesparza",
            "id": "576127390344",
            "user_id": "AIDAYMI66KKELH7JXOTVO"
          },
          "sensitive_attributes": [],
          "identity_schema_version": 0
        }
      ]
    },
    {
      "mode": "data",
      "type": "aws_partition",
      "name": "current",
      "provider": "provider[\"registry.terraform.io/hashicorp/aws\"]",
      "instances": [
        {
          "schema_version": 0,
          "attributes": {
            "dns_suffix": "amazonaws.com",
            "id": "aws",
            "partition": "aws",
            "reverse_dns_prefix": "com.amazonaws"
          },
          "sensitive_attributes": [],
          "identity_schema_version": 0
        }
      ]
    },
    {
      "mode": "data",
      "type": "aws_region",
      "name": "current",
      "provider": "provider[\"registry.terraform.io/hashicorp/aws\"]",
      "instances": [
        {
          "schema_version": 0,
          "attributes": {
            "description": "US East (N. Virginia)",
            "endpoint": "ec2.us-east-1.amazonaws.com",
            "id": "us-east-1",
            "name": "us-east-1",
            "region": "us-east-1"
          },
          "sensitive_attributes": [],
          "identity_schema_version": 0
        }
      ]
    },
    {
      "mode": "managed",
      "type": "aws_batch_compute_environment",
      "name": "kptn",
      "provider": "provider[\"registry.terraform.io/hashicorp/aws\"]",
      "instances": [
        {
          "index_key": "main",
          "schema_version": 1,
          "attributes": {
            "arn": "arn:aws:batch:us-east-1:576127390344:compute-environment/kptn-batch-ce-basic",
            "compute_resources": [
              {
                "allocation_strategy": "",
                "bid_percentage": 0,
                "desired_vcpus": 0,
                "ec2_configuration": [],
                "ec2_key_pair": "",
                "image_id": "",
                "instance_role": "",
                "instance_type": [],
                "launch_template": [],
                "max_vcpus": 32,
                "min_vcpus": 0,
                "placement_group": "",
                "security_group_ids": [
                  "sg-0d1f7ca0f02599e89"
                ],
                "spot_iam_fleet_role": "",
                "subnets": [
                  "subnet-046e75b830910f693",
                  "subnet-0a72a5a68b4bb6473"
                ],
                "tags": {},
                "type": "FARGATE"
              }
            ],
            "ecs_cluster_arn": "arn:aws:ecs:us-east-1:576127390344:cluster/AWSBatch-kptn-batch-ce-basic-7da21c1d-084e-3d7e-8811-7b3f91f3055d",
            "eks_configuration": [],
            "id": "kptn-batch-ce-basic",
            "name": "kptn-batch-ce-basic",
            "name_prefix": "",
            "region": "us-east-1",
            "service_role": "arn:aws:iam::576127390344:role/aws-service-role/batch.amazonaws.com/AWSServiceRoleForBatch",
            "state": "ENABLED",
            "status": "VALID",
            "status_reason": "ComputeEnvironment Healthy",
            "tags": {},
            "tags_all": {},
            "type": "MANAGED",
            "update_policy": []
          },
          "sensitive_attributes": [],
          "identity_schema_version": 0,
          "private": "eyJzY2hlbWFfdmVyc2lvbiI6IjEifQ==",
          "dependencies": [
            "aws_iam_role.batch_service",
            "aws_security_group.kptn",
            "aws_subnet.kptn",
            "aws_vpc.kptn",
            "data.aws_availability_zones.available"
          ]
        }
      ]
    },
    {
      "mode": "managed",
      "type": "aws_batch_job_definition",
      "name": "kptn",
      "provider": "provider[\"registry.terraform.io/hashicorp/aws\"]",
      "instances": [
        {
          "index_key": "main",
          "schema_version": 0,
          "attributes": {
            "arn": "arn:aws:batch:us-east-1:576127390344:job-definition/basic-batch-job:5",
            "arn_prefix": "arn:aws:batch:us-east-1:576127390344:job-definition/basic-batch-job",
            "container_properties": "{\"command\":[],\"environment\":[{\"name\":\"ARTIFACT_STORE\",\"value\":\"local\"},{\"name\":\"EXTERNAL_STORE\",\"value\":\"local\"}],\"executionRoleArn\":\"arn:aws:iam::576127390344:role/basic-task-execution-role20251125221214137400000005\",\"fargatePlatformConfiguration\":{\"platformVersion\":\"LATEST\"},\"image\":\"public.ecr.aws/amazonlinux/amazonlinux:latest\",\"jobRoleArn\":\"arn:aws:iam::576127390344:role/basic-task-role20251125221214130100000001\",\"mountPoints\":[],\"networkConfiguration\":{\"assignPublicIp\":\"DISABLED\"},\"resourceRequirements\":[{\"type\":\"VCPU\",\"value\":\"0.5\"},{\"type\":\"MEMORY\",\"value\":\"1024\"}],\"secrets\":[],\"ulimits\":[],\"volumes\":[]}",
            "deregister_on_new_revision": true,
            "ecs_properties": "",
            "eks_properties": [],
            "id": "arn:aws:batch:us-east-1:576127390344:job-definition/basic-batch-job:5",
            "name": "basic-batch-job",
            "node_properties": "",
            "parameters": {},
            "platform_capabilities": [
              "FARGATE"
            ],
            "propagate_tags": true,
            "region": "us-east-1",
            "retry_strategy": [],
            "revision": 5,
            "scheduling_priority": 0,
            "tags": {},
            "tags_all": {},
            "timeout": [],
            "type": "container"
          },
          "sensitive_attributes": [],
          "identity_schema_version": 0,
          "identity": {
            "arn": "arn:aws:batch:us-east-1:576127390344:job-definition/basic-batch-job:5"
          },
          "private": "bnVsbA==",
          "dependencies": [
            "aws_ecr_repository.kptn",
            "aws_iam_role.kptn_execution",
            "aws_iam_role.kptn_task",
            "data.aws_ecr_authorization_token.token",
            "docker_image.kptn",
            "docker_registry_image.kptn"
          ]
        }
      ]
    },
    {
      "mode": "managed",
      "type": "aws_batch_job_queue",
      "name": "kptn",
      "provider": "provider[\"registry.terraform.io/hashicorp/aws\"]",
      "instances": [
        {
          "index_key": "main",
          "schema_version": 2,
          "attributes": {
            "arn": "arn:aws:batch:us-east-1:576127390344:job-queue/basic-batch-queue",
            "compute_environment_order": [
              {
                "compute_environment": "arn:aws:batch:us-east-1:576127390344:compute-environment/kptn-batch-ce-basic",
                "order": 1
              }
            ],
            "id": "arn:aws:batch:us-east-1:576127390344:job-queue/basic-batch-queue",
            "job_state_time_limit_action": [],
            "name": "basic-batch-queue",
            "priority": 1,
            "region": "us-east-1",
            "scheduling_policy_arn": null,
            "state": "ENABLED",
            "tags": {},
            "tags_all": {},
            "timeouts": null
          },
          "sensitive_attributes": [],
          "identity_schema_version": 0,
          "identity": {
            "arn": "arn:aws:batch:us-east-1:576127390344:job-queue/basic-batch-queue"
          },
          "dependencies": [
            "aws_batch_compute_environment.kptn",
            "aws_iam_role.batch_service",
            "aws_security_group.kptn",
            "aws_subnet.kptn",
            "aws_vpc.kptn",
            "data.aws_availability_zones.available"
          ]
        }
      ]
    },
    {
      "mode": "managed",
      "type": "aws_cloudwatch_log_group",
      "name": "decider_lambda",
      "provider": "provider[\"registry.terraform.io/hashicorp/aws\"]",
      "instances": [
        {
          "index_key": 0,
          "schema_version": 0,
          "attributes": {
            "arn": "arn:aws:logs:us-east-1:576127390344:log-group:/aws/lambda/basic-decider",
            "id": "/aws/lambda/basic-decider",
            "kms_key_id": "",
            "log_group_class": "STANDARD",
            "name": "/aws/lambda/basic-decider",
            "name_prefix": "",
            "region": "us-east-1",
            "retention_in_days": 30,
            "skip_destroy": false,
            "tags": {},
            "tags_all": {}
          },
          "sensitive_attributes": [],
          "identity_schema_version": 0,
          "identity": {
            "account_id": "576127390344",
            "name": "/aws/lambda/basic-decider",
            "region": "us-east-1"
          },
          "private": "bnVsbA=="
        }
      ]
    },
    {
      "mode": "managed",
      "type": "aws_cloudwatch_log_group",
      "name": "ecs_task",
      "provider": "provider[\"registry.terraform.io/hashicorp/aws\"]",
      "instances": [
        {
          "index_key": "main",
          "schema_version": 0,
          "attributes": {
            "arn": "arn:aws:logs:us-east-1:576127390344:log-group:/aws/ecs/basic/basic",
            "id": "/aws/ecs/basic/basic",
            "kms_key_id": "",
            "log_group_class": "STANDARD",
            "name": "/aws/ecs/basic/basic",
            "name_prefix": "",
            "region": "us-east-1",
            "retention_in_days": 30,
            "skip_destroy": false,
            "tags": {},
            "tags_all": {}
          },
          "sensitive_attributes": [],
          "identity_schema_version": 0,
          "identity": {
            "account_id": "576127390344",
            "name": "/aws/ecs/basic/basic",
            "region": "us-east-1"
          },
          "private": "bnVsbA=="
        }
      ]
    },
    {
      "mode": "managed",
      "type": "aws_cloudwatch_log_group",
      "name": "step_function",
      "provider": "provider[\"registry.terraform.io/hashicorp/aws\"]",
      "instances": [
        {
          "index_key": "basic",
          "schema_version": 0,
          "attributes": {
            "arn": "arn:aws:logs:us-east-1:576127390344:log-group:/aws/vendedlogs/states/basic-basic",
            "id": "/aws/vendedlogs/states/basic-basic",
            "kms_key_id": "",
            "log_group_class": "STANDARD",
            "name": "/aws/vendedlogs/states/basic-basic",
            "name_prefix": "",
            "region": "us-east-1",
            "retention_in_days": 30,
            "skip_destroy": false,
            "tags": {},
            "tags_all": {}
          },
          "sensitive_attributes": [],
          "identity_schema_version": 0,
          "identity": {
            "account_id": "576127390344",
            "name": "/aws/vendedlogs/states/basic-basic",
            "region": "us-east-1"
          },
          "private": "bnVsbA=="
        },
        {
          "index_key": "basic2",
          "schema_version": 0,
          "attributes": {
            "arn": "arn:aws:logs:us-east-1:576127390344:log-group:/aws/vendedlogs/states/basic-basic2",
            "id": "/aws/vendedlogs/states/basic-basic2",
            "kms_key_id": "",
            "log_group_class": "STANDARD",
            "name": "/aws/vendedlogs/states/basic-basic2",
            "name_prefix": "",
            "region": "us-east-1",
            "retention_in_days": 30,
            "skip_destroy": false,
            "tags": {},
            "tags_all": {}
          },
          "sensitive_attributes": [],
          "identity_schema_version": 0,
          "identity": {
            "account_id": "576127390344",
            "name": "/aws/vendedlogs/states/basic-basic2",
            "region": "us-east-1"
          },
          "private": "bnVsbA=="
        }
      ]
    },
    {
      "mode": "managed",
      "type": "aws_dynamodb_table",
      "name": "kptn",
      "provider": "provider[\"registry.terraform.io/hashicorp/aws\"]",
      "instances": [
        {
          "schema_version": 1,
          "attributes": {
            "arn": "arn:aws:dynamodb:us-east-1:576127390344:table/basic-table",
            "attribute": [
              {
                "name": "PK",
                "type": "S"
              },
              {
                "name": "SK",
                "type": "S"
              }
            ],
            "billing_mode": "PAY_PER_REQUEST",
            "deletion_protection_enabled": false,
            "global_secondary_index": [],
            "global_table_witness": [],
            "hash_key": "PK",
            "id": "basic-table",
            "import_table": [],
            "local_secondary_index": [],
            "name": "basic-table",
            "on_demand_throughput": [],
            "point_in_time_recovery": [
              {
                "enabled": false,
                "recovery_period_in_days": 0
              }
            ],
            "range_key": "SK",
            "read_capacity": 0,
            "region": "us-east-1",
            "replica": [],
            "restore_date_time": null,
            "restore_source_name": null,
            "restore_source_table_arn": null,
            "restore_to_latest_time": null,
            "server_side_encryption": [],
            "stream_arn": "",
            "stream_enabled": false,
            "stream_label": "",
            "stream_view_type": "",
            "table_class": "STANDARD",
            "tags": {},
            "tags_all": {},
            "timeouts": null,
            "ttl": [
              {
                "attribute_name": "",
                "enabled": false
              }
            ],
            "warm_throughput": [],
            "write_capacity": 0
          },
          "sensitive_attributes": [],
          "identity_schema_version": 0,
          "private": "eyJlMmJmYjczMC1lY2FhLTExZTYtOGY4OC0zNDM2M2JjN2M0YzAiOnsiY3JlYXRlIjoxODAwMDAwMDAwMDAwLCJkZWxldGUiOjYwMDAwMDAwMDAwMCwidXBkYXRlIjozNjAwMDAwMDAwMDAwfSwic2NoZW1hX3ZlcnNpb24iOiIxIn0="
        }
      ]
    },
    {
      "mode": "managed",
      "type": "aws_ecr_repository",
      "name": "kptn",
      "provider": "provider[\"registry.terraform.io/hashicorp/aws\"]",
      "instances": [
        {
          "index_key": "main",
          "schema_version": 0,
          "attributes": {
            "arn": "arn:aws:ecr:us-east-1:576127390344:repository/basic",
            "encryption_configuration": [
              {
                "encryption_type": "AES256",
                "kms_key": ""
              }
            ],
            "force_delete": false,
            "id": "basic",
            "image_scanning_configuration": [
              {
                "scan_on_push": true
              }
            ],
            "image_tag_mutability": "MUTABLE",
            "image_tag_mutability_exclusion_filter": [],
            "name": "basic",
            "region": "us-east-1",
            "registry_id": "576127390344",
            "repository_url": "576127390344.dkr.ecr.us-east-1.amazonaws.com/basic",
            "tags": {},
            "tags_all": {},
            "timeouts": null
          },
          "sensitive_attributes": [],
          "identity_schema_version": 0,
          "identity": {
            "account_id": "576127390344",
            "name": "basic",
            "region": "us-east-1"
          },
          "private": "eyJlMmJmYjczMC1lY2FhLTExZTYtOGY4OC0zNDM2M2JjN2M0YzAiOnsiZGVsZXRlIjoxMjAwMDAwMDAwMDAwfX0="
        }
      ]
    },
    {
      "mode": "managed",
      "type": "aws_ecs_cluster",
      "name": "kptn",
      "provider": "provider[\"registry.terraform.io/hashicorp/aws\"]",
      "instances": [
        {
          "index_key": "main",
          "schema_version": 0,
          "attributes": {
            "arn": "arn:aws:ecs:us-east-1:576127390344:cluster/basic-cluster",
            "configuration": [],
            "id": "arn:aws:ecs:us-east-1:576127390344:cluster/basic-cluster",
            "name": "basic-cluster",
            "region": "us-east-1",
            "service_connect_defaults": [],
            "setting": [
              {
                "name": "containerInsights",
                "value": "enabled"
              }
            ],
            "tags": {},
            "tags_all": {}
          },
          "sensitive_attributes": [],
          "identity_schema_version": 0,
          "private": "bnVsbA=="
        }
      ]
    },
    {
      "mode": "managed",
      "type": "aws_ecs_task_definition",
      "name": "kptn",
      "provider": "provider[\"registry.terraform.io/hashicorp/aws\"]",
      "instances": [
        {
          "index_key": "main",
          "schema_version": 1,
          "attributes": {
            "arn": "arn:aws:ecs:us-east-1:576127390344:task-definition/basic-task:9",
            "arn_without_revision": "arn:aws:ecs:us-east-1:576127390344:task-definition/basic-task",
            "container_definitions": "[{\"command\":[],\"environment\":[{\"name\":\"ARTIFACT_STORE\",\"value\":\"local\"},{\"name\":\"EXTERNAL_STORE\",\"value\":\"local\"}],\"essential\":true,\"image\":\"public.ecr.aws/amazonlinux/amazonlinux:latest\",\"logConfiguration\":{\"logDriver\":\"awslogs\",\"options\":{\"awslogs-stream-prefix\":\"basic\",\"awslogs-group\":\"/aws/ecs/basic/basic\",\"awslogs-region\":\"us-east-1\"}},\"mountPoints\":[],\"name\":\"basic\",\"portMappings\":[],\"systemControls\":[],\"volumesFrom\":[]}]",
            "cpu": "512",
            "enable_fault_injection": false,
            "ephemeral_storage": [],
            "execution_role_arn": "arn:aws:iam::576127390344:role/basic-task-execution-role20251125221214137400000005",
            "family": "basic-task",
            "id": "basic-task",
            "ipc_mode": "",
            "memory": "1024",
            "network_mode": "awsvpc",
            "pid_mode": "",
            "placement_constraints": [],
            "proxy_configuration": [],
            "region": "us-east-1",
            "requires_compatibilities": [
              "FARGATE"
            ],
            "revision": 9,
            "runtime_platform": [],
            "skip_destroy": false,
            "tags": {},
            "tags_all": {},
            "task_role_arn": "arn:aws:iam::576127390344:role/basic-task-role20251125221214130100000001",
            "track_latest": false,
            "volume": []
          },
          "sensitive_attributes": [],
          "identity_schema_version": 0,
          "private": "eyJzY2hlbWFfdmVyc2lvbiI6IjEifQ==",
          "dependencies": [
            "aws_ecr_repository.kptn",
            "aws_efs_access_point.kptn",
            "aws_efs_file_system.kptn",
            "aws_iam_role.kptn_execution",
            "aws_iam_role.kptn_task",
            "data.aws_ecr_authorization_token.token",
            "docker_image.kptn",
            "docker_registry_image.kptn"
          ]
        }
      ]
    },
    {
      "mode": "managed",
      "type": "aws_iam_role",
      "name": "decider_lambda",
      "provider": "provider[\"registry.terraform.io/hashicorp/aws\"]",
      "instances": [
        {
          "index_key": 0,
          "schema_version": 0,
          "attributes": {
            "arn": "arn:aws:iam::576127390344:role/basic-decider-20251203153808363600000001",
            "assume_role_policy": "{\"Statement\":[{\"Action\":\"sts:AssumeRole\",\"Effect\":\"Allow\",\"Principal\":{\"Service\":\"lambda.amazonaws.com\"}}],\"Version\":\"2012-10-17\"}",
            "create_date": "2025-12-03T15:38:08Z",
            "description": "",
            "force_detach_policies": false,
            "id": "basic-decider-20251203153808363600000001",
            "inline_policy": [
              {
                "name": "basic-decider-policy",
                "policy": "{\"Version\":\"2012-10-17\",\"Statement\":[{\"Action\":[\"logs:CreateLogStream\",\"logs:PutLogEvents\"],\"Effect\":\"Allow\",\"Resource\":\"arn:aws:logs:us-east-1:576127390344:log-group:/aws/lambda/basic-decider:*\"},{\"Action\":[\"dynamodb:GetItem\",\"dynamodb:BatchGetItem\",\"dynamodb:Query\",\"dynamodb:Scan\",\"dynamodb:PutItem\",\"dynamodb:UpdateItem\",\"dynamodb:DeleteItem\",\"dynamodb:BatchWriteItem\",\"dynamodb:DescribeTable\"],\"Effect\":\"Allow\",\"Resource\":\"arn:aws:dynamodb:us-east-1:576127390344:table/basic-table\"}]}"
              }
            ],
            "managed_policy_arns": [],
            "max_session_duration": 3600,
            "name": "basic-decider-20251203153808363600000001",
            "name_prefix": "basic-decider-",
            "path": "/",
            "permissions_boundary": "",
            "tags": {},
            "tags_all": {},
            "unique_id": "AROAYMI66KKENYZ7INPCP"
          },
          "sensitive_attributes": [],
          "identity_schema_version": 0,
          "identity": {
            "account_id": "576127390344",
            "name": "basic-decider-20251203153808363600000001"
          },
          "private": "bnVsbA=="
        }
      ]
    },
    {
      "mode": "managed",
      "type": "aws_iam_role",
      "name": "kptn_execution",
      "provider": "provider[\"registry.terraform.io/hashicorp/aws\"]",
      "instances": [
        {
          "index_key": "main",
          "schema_version": 0,
          "attributes": {
            "arn": "arn:aws:iam::576127390344:role/basic-task-execution-role20251125221214137400000005",
            "assume_role_policy": "{\"Statement\":[{\"Action\":\"sts:AssumeRole\",\"Effect\":\"Allow\",\"Principal\":{\"Service\":\"ecs-tasks.amazonaws.com\"}}],\"Version\":\"2012-10-17\"}",
            "create_date": "2025-11-25T22:12:14Z",
            "description": "",
            "force_detach_policies": false,
            "id": "basic-task-execution-role20251125221214137400000005",
            "inline_policy": [],
            "managed_policy_arns": [
              "arn:aws:iam::aws:policy/service-role/AmazonECSTaskExecutionRolePolicy"
            ],
            "max_session_duration": 3600,
            "name": "basic-task-execution-role20251125221214137400000005",
            "name_prefix": "basic-task-execution-role",
            "path": "/",
            "permissions_boundary": "",
            "tags": {},
            "tags_all": {},
            "unique_id": "AROAYMI66KKEALKFVOR4M"
          },
          "sensitive_attributes": [],
          "identity_schema_version": 0,
          "identity": {
            "account_id": "576127390344",
            "name": "basic-task-execution-role20251125221214137400000005"
          },
          "private": "bnVsbA=="
        }
      ]
    },
    {
      "mode": "managed",
      "type": "aws_iam_role",
      "name": "kptn_task",
      "provider": "provider[\"registry.terraform.io/hashicorp/aws\"]",
      "instances": [
        {
          "index_key": "main",
          "schema_version": 0,
          "attributes": {
            "arn": "arn:aws:iam::576127390344:role/basic-task-role20251125221214130100000001",
            "assume_role_policy": "{\"Statement\":[{\"Action\":\"sts:AssumeRole\",\"Effect\":\"Allow\",\"Principal\":{\"Service\":\"ecs-tasks.amazonaws.com\"}}],\"Version\":\"2012-10-17\"}",
            "create_date": "2025-11-25T22:12:14Z",
            "description": "",
            "force_detach_policies": false,
            "id": "basic-task-role20251125221214130100000001",
            "inline_policy": [
              {
                "name": "basic-task-role-dynamodb",
                "policy": "{\"Version\":\"2012-10-17\",\"Statement\":[{\"Action\":[\"dynamodb:GetItem\",\"dynamodb:PutItem\",\"dynamodb:UpdateItem\",\"dynamodb:DeleteItem\",\"dynamodb:Query\",\"dynamodb:Scan\",\"dynamodb:BatchGetItem\",\"dynamodb:BatchWriteItem\"],\"Effect\":\"Allow\",\"Resource\":\"arn:aws:dynamodb:us-east-1:576127390344:table/basic-table\"}]}"
              }
            ],
            "managed_policy_arns": [],
            "max_session_duration": 3600,
            "name": "basic-task-role20251125221214130100000001",
            "name_prefix": "basic-task-role",
            "path": "/",
            "permissions_boundary": "",
            "tags": {},
            "tags_all": {},
            "unique_id": "AROAYMI66KKED2U2CUHN4"
          },
          "sensitive_attributes": [],
          "identity_schema_version": 0,
          "identity": {
            "account_id": "576127390344",
            "name": "basic-task-role20251125221214130100000001"
          },
          "private": "bnVsbA=="
        }
      ]
    },
    {
      "mode": "managed",
      "type": "aws_iam_role",
      "name": "step_function",
      "provider": "provider[\"registry.terraform.io/hashicorp/aws\"]",
      "instances": [
        {
          "index_key": "basic",
          "schema_version": 0,
          "attributes": {
            "arn": "arn:aws:iam::576127390344:role/basic-basic-sfn-20251125221214133200000004",
            "assume_role_policy": "{\"Statement\":[{\"Action\":\"sts:AssumeRole\",\"Effect\":\"Allow\",\"Principal\":{\"Service\":\"states.amazonaws.com\"}}],\"Version\":\"2012-10-17\"}",
            "create_date": "2025-11-25T22:12:14Z",
            "description": "",
            "force_detach_policies": false,
            "id": "basic-basic-sfn-20251125221214133200000004",
            "inline_policy": [
              {
                "name": "basic-basic-sfn-policy",
                "policy": "{\"Version\":\"2012-10-17\",\"Statement\":[{\"Action\":[\"ecs:RunTask\",\"ecs:DescribeTasks\",\"ecs:StopTask\"],\"Effect\":\"Allow\",\"Resource\":[\"*\"]},{\"Action\":[\"ecs:TagResource\"],\"Effect\":\"Allow\",\"Resource\":\"arn:aws:ecs:us-east-1:576127390344:task/basic-cluster/*\"},{\"Action\":[\"iam:PassRole\"],\"Effect\":\"Allow\",\"Resource\":[\"arn:aws:iam::576127390344:role/basic-task-execution-role20251125221214137400000005\",\"arn:aws:iam::576127390344:role/basic-task-role20251125221214130100000001\"]},{\"Action\":[\"logs:CreateLogDelivery\",\"logs:GetLogDelivery\",\"logs:UpdateLogDelivery\",\"logs:DeleteLogDelivery\",\"logs:ListLogDeliveries\",\"logs:PutResourcePolicy\",\"logs:DescribeResourcePolicies\",\"logs:DescribeLogGroups\"],\"Effect\":\"Allow\",\"Resource\":\"*\"},{\"Action\":[\"logs:CreateLogStream\",\"logs:PutLogEvents\"],\"Effect\":\"Allow\",\"Resource\":\"arn:aws:logs:us-east-1:576127390344:log-group:/aws/vendedlogs/states/basic-basic:*\"},{\"Action\":[\"events:PutTargets\",\"events:PutRule\",\"events:DescribeRule\",\"events:PutPermission\",\"events:PutEvents\",\"events:TagResource\"],\"Effect\":\"Allow\",\"Resource\":\"*\"},{\"Action\":[\"lambda:InvokeFunction\"],\"Effect\":\"Allow\",\"Resource\":\"arn:aws:lambda:us-east-1:576127390344:function:basic-decider\"},{\"Action\":[\"batch:SubmitJob\"],\"Effect\":\"Allow\",\"Resource\":[\"arn:aws:batch:us-east-1:576127390344:job-queue/basic-batch-queue\",\"arn:aws:batch:us-east-1:576127390344:job-definition/basic-batch-job:5\"]},{\"Action\":[\"batch:TagResource\"],\"Effect\":\"Allow\",\"Resource\":[\"arn:aws:batch:us-east-1:576127390344:job-queue/basic-batch-queue\",\"arn:aws:batch:us-east-1:576127390344:job-definition/basic-batch-job:5\"]},{\"Action\":[\"batch:DescribeJobs\"],\"Effect\":\"Allow\",\"Resource\":\"*\"}]}"
              }
            ],
            "managed_policy_arns": [],
            "max_session_duration": 3600,
            "name": "basic-basic-sfn-20251125221214133200000004",
            "name_prefix": "basic-basic-sfn-",
            "path": "/",
            "permissions_boundary": "",
            "tags": {},
            "tags_all": {},
            "unique_id": "AROAYMI66KKEHMYLT4KII"
          },
          "sensitive_attributes": [],
          "identity_schema_version": 0,
          "identity": {
            "account_id": "576127390344",
            "name": "basic-basic-sfn-20251125221214133200000004"
          },
          "private": "bnVsbA=="
        },
        {
          "index_key": "basic2",
          "schema_version": 0,
          "attributes": {
            "arn": "arn:aws:iam::576127390344:role/basic-basic2-sfn-20251125221214132800000002",
            "assume_role_policy": "{\"Statement\":[{\"Action\":\"sts:AssumeRole\",\"Effect\":\"Allow\",\"Principal\":{\"Service\":\"states.amazonaws.com\"}}],\"Version\":\"2012-10-17\"}",
            "create_date": "2025-11-25T22:12:14Z",
            "description": "",
            "force_detach_policies": false,
            "id": "basic-basic2-sfn-20251125221214132800000002",
            "inline_policy": [
              {
                "name": "basic-basic2-sfn-policy",
                "policy": "{\"Version\":\"2012-10-17\",\"Statement\":[{\"Action\":[\"ecs:RunTask\",\"ecs:DescribeTasks\",\"ecs:StopTask\"],\"Effect\":\"Allow\",\"Resource\":[\"*\"]},{\"Action\":[\"ecs:TagResource\"],\"Effect\":\"Allow\",\"Resource\":\"arn:aws:ecs:us-east-1:576127390344:task/basic-cluster/*\"},{\"Action\":[\"iam:PassRole\"],\"Effect\":\"Allow\",\"Resource\":[\"arn:aws:iam::576127390344:role/basic-task-execution-role20251125221214137400000005\",\"arn:aws:iam::576127390344:role/basic-task-role20251125221214130100000001\"]},{\"Action\":[\"logs:CreateLogDelivery\",\"logs:GetLogDelivery\",\"logs:UpdateLogDelivery\",\"logs:DeleteLogDelivery\",\"logs:ListLogDeliveries\",\"logs:PutResourcePolicy\",\"logs:DescribeResourcePolicies\",\"logs:DescribeLogGroups\"],\"Effect\":\"Allow\",\"Resource\":\"*\"},{\"Action\":[\"logs:CreateLogStream\",\"logs:PutLogEvents\"],\"Effect\":\"Allow\",\"Resource\":\"arn:aws:logs:us-east-1:576127390344:log-group:/aws/vendedlogs/states/basic-basic2:*\"},{\"Action\":[\"events:PutTargets\",\"events:PutRule\",\"events:DescribeRule\",\"events:PutPermission\",\"events:PutEvents\",\"events:TagResource\"],\"Effect\":\"Allow\",\"Resource\":\"*\"},{\"Action\":[\"lambda:InvokeFunction\"],\"Effect\":\"Allow\",\"Resource\":\"arn:aws:lambda:us-east-1:576127390344:function:basic-decider\"},{\"Action\":[\"batch:SubmitJob\"],\"Effect\":\"Allow\",\"Resource\":[\"arn:aws:batch:us-east-1:576127390344:job-queue/basic-batch-queue\",\"arn:aws:batch:us-east-1:576127390344:job-definition/basic-batch-job:5\"]},{\"Action\":[\"batch:TagResource\"],\"Effect\":\"Allow\",\"Resource\":[\"arn:aws:batch:us-east-1:576127390344:job-queue/basic-batch-queue\",\"arn:aws:batch:us-east-1:576127390344:job-definition/basic-batch-job:5\"]},{\"Action\":[\"batch:DescribeJobs\"],\"Effect\":\"Allow\",\"Resource\":\"*\"}]}"
              }
            ],
            "managed_policy_arns": [],
            "max_session_duration": 3600,
            "name": "basic-basic2-sfn-20251125221214132800000002",
            "name_prefix": "basic-basic2-sfn-",
            "path": "/",
            "permissions_boundary": "",
            "tags": {},
            "tags_all": {},
            "unique_id": "AROAYMI66KKEDASCNDTFT"
          },
          "sensitive_attributes": [],
          "identity_schema_version": 0,
          "identity": {
            "account_id": "576127390344",
            "name": "basic-basic2-sfn-20251125221214132800000002"
          },
          "private": "bnVsbA=="
        }
      ]
    },
    {
      "mode": "managed",
      "type": "aws_iam_role_policy",
      "name": "decider_lambda",
      "provider": "provider[\"registry.terraform.io/hashicorp/aws\"]",
      "instances": [
        {
          "index_key": 0,
          "schema_version": 0,
          "attributes": {
            "id": "basic-decider-20251203153808363600000001:basic-decider-policy",
            "name": "basic-decider-policy",
            "name_prefix": "",
            "policy": "{\"Version\":\"2012-10-17\",\"Statement\":[{\"Action\":[\"logs:CreateLogStream\",\"logs:PutLogEvents\"],\"Effect\":\"Allow\",\"Resource\":\"arn:aws:logs:us-east-1:576127390344:log-group:/aws/lambda/basic-decider:*\"},{\"Action\":[\"dynamodb:GetItem\",\"dynamodb:BatchGetItem\",\"dynamodb:Query\",\"dynamodb:Scan\",\"dynamodb:PutItem\",\"dynamodb:UpdateItem\",\"dynamodb:DeleteItem\",\"dynamodb:BatchWriteItem\",\"dynamodb:DescribeTable\"],\"Effect\":\"Allow\",\"Resource\":\"arn:aws:dynamodb:us-east-1:576127390344:table/basic-table\"}]}",
            "role": "basic-decider-20251203153808363600000001"
          },
          "sensitive_attributes": [],
          "identity_schema_version": 0,
          "identity": {
            "account_id": "576127390344",
            "name": "basic-decider-policy",
            "role": "basic-decider-20251203153808363600000001"
          },
          "private": "bnVsbA==",
          "dependencies": [
            "aws_cloudwatch_log_group.decider_lambda",
            "aws_dynamodb_table.kptn",
            "aws_iam_role.decider_lambda"
          ]
        }
      ]
    },
    {
      "mode": "managed",
      "type": "aws_iam_role_policy",
      "name": "kptn_task_dynamodb",
      "provider": "provider[\"registry.terraform.io/hashicorp/aws\"]",
      "instances": [
        {
          "index_key": "main",
          "schema_version": 0,
          "attributes": {
            "id": "basic-task-role20251125221214130100000001:basic-task-role-dynamodb",
            "name": "basic-task-role-dynamodb",
            "name_prefix": "",
            "policy": "{\"Version\":\"2012-10-17\",\"Statement\":[{\"Action\":[\"dynamodb:GetItem\",\"dynamodb:PutItem\",\"dynamodb:UpdateItem\",\"dynamodb:DeleteItem\",\"dynamodb:Query\",\"dynamodb:Scan\",\"dynamodb:BatchGetItem\",\"dynamodb:BatchWriteItem\"],\"Effect\":\"Allow\",\"Resource\":\"arn:aws:dynamodb:us-east-1:576127390344:table/basic-table\"}]}",
            "role": "basic-task-role20251125221214130100000001"
          },
          "sensitive_attributes": [],
          "identity_schema_version": 0,
          "identity": {
            "account_id": "576127390344",
            "name": "basic-task-role-dynamodb",
            "role": "basic-task-role20251125221214130100000001"
          },
          "private": "bnVsbA==",
          "dependencies": [
            "aws_dynamodb_table.kptn",
            "aws_iam_role.kptn_task"
          ]
        }
      ]
    },
    {
      "mode": "managed",
      "type": "aws_iam_role_policy",
      "name": "step_function",
      "provider": "provider[\"registry.terraform.io/hashicorp/aws\"]",
      "instances": [
        {
          "index_key": "basic",
          "schema_version": 0,
          "attributes": {
            "id": "basic-basic-sfn-20251125221214133200000004:basic-basic-sfn-policy",
            "name": "basic-basic-sfn-policy",
            "name_prefix": "",
            "policy": "{\"Version\":\"2012-10-17\",\"Statement\":[{\"Action\":[\"ecs:RunTask\",\"ecs:DescribeTasks\",\"ecs:StopTask\"],\"Effect\":\"Allow\",\"Resource\":[\"*\"]},{\"Action\":[\"ecs:TagResource\"],\"Effect\":\"Allow\",\"Resource\":\"arn:aws:ecs:us-east-1:576127390344:task/basic-cluster/*\"},{\"Action\":[\"iam:PassRole\"],\"Effect\":\"Allow\",\"Resource\":[\"arn:aws:iam::576127390344:role/basic-task-execution-role20251125221214137400000005\",\"arn:aws:iam::576127390344:role/basic-task-role20251125221214130100000001\"]},{\"Action\":[\"logs:CreateLogDelivery\",\"logs:GetLogDelivery\",\"logs:UpdateLogDelivery\",\"logs:DeleteLogDelivery\",\"logs:ListLogDeliveries\",\"logs:PutResourcePolicy\",\"logs:DescribeResourcePolicies\",\"logs:DescribeLogGroups\"],\"Effect\":\"Allow\",\"Resource\":\"*\"},{\"Action\":[\"logs:CreateLogStream\",\"logs:PutLogEvents\"],\"Effect\":\"Allow\",\"Resource\":\"arn:aws:logs:us-east-1:576127390344:log-group:/aws/vendedlogs/states/basic-basic:*\"},{\"Action\":[\"events:PutTargets\",\"events:PutRule\",\"events:DescribeRule\",\"events:PutPermission\",\"events:PutEvents\",\"events:TagResource\"],\"Effect\":\"Allow\",\"Resource\":\"*\"},{\"Action\":[\"lambda:InvokeFunction\"],\"Effect\":\"Allow\",\"Resource\":\"arn:aws:lambda:us-east-1:576127390344:function:basic-decider\"},{\"Action\":[\"batch:SubmitJob\"],\"Effect\":\"Allow\",\"Resource\":[\"arn:aws:batch:us-east-1:576127390344:job-queue/basic-batch-queue\",\"arn:aws:batch:us-east-1:576127390344:job-definition/basic-batch-job:5\"]},{\"Action\":[\"batch:TagResource\"],\"Effect\":\"Allow\",\"Resource\":[\"arn:aws:batch:us-east-1:576127390344:job-queue/basic-batch-queue\",\"arn:aws:batch:us-east-1:576127390344:job-definition/basic-batch-job:5\"]},{\"Action\":[\"batch:DescribeJobs\"],\"Effect\":\"Allow\",\"Resource\":\"*\"}]}",
            "role": "basic-basic-sfn-20251125221214133200000004"
          },
          "sensitive_attributes": [],
          "identity_schema_version": 0,
          "identity": {
            "account_id": "576127390344",
            "name": "basic-basic-sfn-policy",
            "role": "basic-basic-sfn-20251125221214133200000004"
          },
          "private": "bnVsbA==",
          "dependencies": [
            "aws_batch_compute_environment.kptn",
            "aws_batch_job_definition.kptn",
            "aws_batch_job_queue.kptn",
            "aws_cloudwatch_log_group.decider_lambda",
            "aws_cloudwatch_log_group.step_function",
            "aws_dynamodb_table.kptn",
            "aws_ecr_repository.kptn",
            "aws_ecs_cluster.kptn",
            "aws_iam_role.batch_service",
            "aws_iam_role.decider_lambda",
            "aws_iam_role.kptn_execution",
            "aws_iam_role.kptn_task",
            "aws_iam_role.step_function",
            "aws_iam_role_policy.decider_lambda",
            "aws_lambda_function.decider",
            "aws_security_group.kptn",
            "aws_subnet.kptn",
            "aws_vpc.kptn",
            "data.archive_file.decider_lambda",
            "data.aws_availability_zones.available",
            "data.aws_caller_identity.current",
            "data.aws_ecr_authorization_token.token",
            "data.aws_partition.current",
            "data.aws_region.current",
            "docker_image.kptn",
            "docker_registry_image.kptn"
          ]
        },
        {
          "index_key": "basic2",
          "schema_version": 0,
          "attributes": {
            "id": "basic-basic2-sfn-20251125221214132800000002:basic-basic2-sfn-policy",
            "name": "basic-basic2-sfn-policy",
            "name_prefix": "",
            "policy": "{\"Version\":\"2012-10-17\",\"Statement\":[{\"Action\":[\"ecs:RunTask\",\"ecs:DescribeTasks\",\"ecs:StopTask\"],\"Effect\":\"Allow\",\"Resource\":[\"*\"]},{\"Action\":[\"ecs:TagResource\"],\"Effect\":\"Allow\",\"Resource\":\"arn:aws:ecs:us-east-1:576127390344:task/basic-cluster/*\"},{\"Action\":[\"iam:PassRole\"],\"Effect\":\"Allow\",\"Resource\":[\"arn:aws:iam::576127390344:role/basic-task-execution-role20251125221214137400000005\",\"arn:aws:iam::576127390344:role/basic-task-role20251125221214130100000001\"]},{\"Action\":[\"logs:CreateLogDelivery\",\"logs:GetLogDelivery\",\"logs:UpdateLogDelivery\",\"logs:DeleteLogDelivery\",\"logs:ListLogDeliveries\",\"logs:PutResourcePolicy\",\"logs:DescribeResourcePolicies\",\"logs:DescribeLogGroups\"],\"Effect\":\"Allow\",\"Resource\":\"*\"},{\"Action\":[\"logs:CreateLogStream\",\"logs:PutLogEvents\"],\"Effect\":\"Allow\",\"Resource\":\"arn:aws:logs:us-east-1:576127390344:log-group:/aws/vendedlogs/states/basic-basic2:*\"},{\"Action\":[\"events:PutTargets\",\"events:PutRule\",\"events:DescribeRule\",\"events:PutPermission\",\"events:PutEvents\",\"events:TagResource\"],\"Effect\":\"Allow\",\"Resource\":\"*\"},{\"Action\":[\"lambda:InvokeFunction\"],\"Effect\":\"Allow\",\"Resource\":\"arn:aws:lambda:us-east-1:576127390344:function:basic-decider\"},{\"Action\":[\"batch:SubmitJob\"],\"Effect\":\"Allow\",\"Resource\":[\"arn:aws:batch:us-east-1:576127390344:job-queue/basic-batch-queue\",\"arn:aws:batch:us-east-1:576127390344:job-definition/basic-batch-job:5\"]},{\"Action\":[\"batch:TagResource\"],\"Effect\":\"Allow\",\"Resource\":[\"arn:aws:batch:us-east-1:576127390344:job-queue/basic-batch-queue\",\"arn:aws:batch:us-east-1:576127390344:job-definition/basic-batch-job:5\"]},{\"Action\":[\"batch:DescribeJobs\"],\"Effect\":\"Allow\",\"Resource\":\"*\"}]}",
            "role": "basic-basic2-sfn-20251125221214132800000002"
          },
          "sensitive_attributes": [],
          "identity_schema_version": 0,
          "identity": {
            "account_id": "576127390344",
            "name": "basic-basic2-sfn-policy",
            "role": "basic-basic2-sfn-20251125221214132800000002"
          },
          "private": "bnVsbA==",
          "dependencies": [
            "aws_batch_compute_environment.kptn",
            "aws_batch_job_definition.kptn",
            "aws_batch_job_queue.kptn",
            "aws_cloudwatch_log_group.decider_lambda",
            "aws_cloudwatch_log_group.step_function",
            "aws_dynamodb_table.kptn",
            "aws_ecr_repository.kptn",
            "aws_ecs_cluster.kptn",
            "aws_iam_role.batch_service",
            "aws_iam_role.decider_lambda",
            "aws_iam_role.kptn_execution",
            "aws_iam_role.kptn_task",
            "aws_iam_role.step_function",
            "aws_iam_role_policy.decider_lambda",
            "aws_lambda_function.decider",
            "aws_security_group.kptn",
            "aws_subnet.kptn",
            "aws_vpc.kptn",
            "data.archive_file.decider_lambda",
            "data.aws_availability_zones.available",
            "data.aws_caller_identity.current",
            "data.aws_ecr_authorization_token.token",
            "data.aws_partition.current",
            "data.aws_region.current",
            "docker_image.kptn",
            "docker_registry_image.kptn"
          ]
        }
      ]
    },
    {
      "mode": "managed",
      "type": "aws_iam_role_policy_attachment",
      "name": "kptn_execution_managed",
      "provider": "provider[\"registry.terraform.io/hashicorp/aws\"]",
      "instances": [
        {
          "index_key": "0",
          "schema_version": 0,
          "attributes": {
            "id": "basic-task-execution-role20251125221214137400000005/arn:aws:iam::aws:policy/service-role/AmazonECSTaskExecutionRolePolicy",
            "policy_arn": "arn:aws:iam::aws:policy/service-role/AmazonECSTaskExecutionRolePolicy",
            "role": "basic-task-execution-role20251125221214137400000005"
          },
          "sensitive_attributes": [],
          "identity_schema_version": 0,
          "identity": {
            "account_id": "576127390344",
            "policy_arn": "arn:aws:iam::aws:policy/service-role/AmazonECSTaskExecutionRolePolicy",
            "role": "basic-task-execution-role20251125221214137400000005"
          },
          "private": "bnVsbA==",
          "dependencies": [
            "aws_iam_role.kptn_execution"
          ]
        }
      ]
    },
    {
      "mode": "managed",
      "type": "aws_lambda_function",
      "name": "decider",
      "provider": "provider[\"registry.terraform.io/hashicorp/aws\"]",
      "instances": [
        {
          "index_key": 0,
          "schema_version": 0,
          "attributes": {
            "architectures": [
              "x86_64"
            ],
            "arn": "arn:aws:lambda:us-east-1:576127390344:function:basic-decider",
            "code_sha256": "nim0DsBQztmyM+GimlZrjWBWoBh5kdSwSiW55p5OuZE=",
            "code_signing_config_arn": "",
            "dead_letter_config": [],
            "description": "",
            "environment": [
              {
                "variables": {
                  "ARTIFACT_STORE": "local",
                  "DYNAMODB_TABLE_NAME": "basic-table",
                  "EXTERNAL_STORE": "local"
                }
              }
            ],
            "ephemeral_storage": [
              {
                "size": 512
              }
            ],
            "file_system_config": [],
            "filename": "./lambda_decider.zip",
            "function_name": "basic-decider",
            "handler": "lambda_function.lambda_handler",
            "id": "basic-decider",
            "image_config": [],
            "image_uri": "",
            "invoke_arn": "arn:aws:apigateway:us-east-1:lambda:path/2015-03-31/functions/arn:aws:lambda:us-east-1:576127390344:function:basic-decider/invocations",
            "kms_key_arn": "",
            "last_modified": "2025-12-03T15:41:45.966+0000",
            "layers": [],
            "logging_config": [
              {
                "application_log_level": "",
                "log_format": "Text",
                "log_group": "/aws/lambda/basic-decider",
                "system_log_level": ""
              }
            ],
            "memory_size": 512,
            "package_type": "Zip",
            "publish": false,
            "qualified_arn": "arn:aws:lambda:us-east-1:576127390344:function:basic-decider:$LATEST",
            "qualified_invoke_arn": "arn:aws:apigateway:us-east-1:lambda:path/2015-03-31/functions/arn:aws:lambda:us-east-1:576127390344:function:basic-decider:$LATEST/invocations",
            "region": "us-east-1",
            "replace_security_groups_on_destroy": null,
            "replacement_security_group_ids": null,
            "reserved_concurrent_executions": -1,
            "role": "arn:aws:iam::576127390344:role/basic-decider-20251203153808363600000001",
            "runtime": "python3.11",
            "s3_bucket": null,
            "s3_key": null,
            "s3_object_version": null,
            "signing_job_arn": "",
            "signing_profile_version_arn": "",
            "skip_destroy": false,
            "snap_start": [],
            "source_code_hash": "nim0DsBQztmyM+GimlZrjWBWoBh5kdSwSiW55p5OuZE=",
            "source_code_size": 7386689,
            "source_kms_key_arn": "",
            "tags": {},
            "tags_all": {},
            "timeout": 30,
            "timeouts": null,
            "tracing_config": [
              {
                "mode": "PassThrough"
              }
            ],
            "version": "$LATEST",
            "vpc_config": []
          },
          "sensitive_attributes": [],
          "identity_schema_version": 0,
          "identity": {
            "account_id": "576127390344",
            "function_name": "basic-decider",
            "region": "us-east-1"
          },
          "private": "eyJlMmJmYjczMC1lY2FhLTExZTYtOGY4OC0zNDM2M2JjN2M0YzAiOnsiY3JlYXRlIjo2MDAwMDAwMDAwMDAsImRlbGV0ZSI6NjAwMDAwMDAwMDAwLCJ1cGRhdGUiOjYwMDAwMDAwMDAwMH19",
          "dependencies": [
            "aws_cloudwatch_log_group.decider_lambda",
            "aws_dynamodb_table.kptn",
            "aws_iam_role.decider_lambda",
            "aws_iam_role_policy.decider_lambda",
            "data.archive_file.decider_lambda"
          ]
        }
      ]
    },
    {
      "mode": "managed",
      "type": "aws_security_group",
      "name": "kptn",
      "provider": "provider[\"registry.terraform.io/hashicorp/aws\"]",
      "instances": [
        {
          "index_key": "main",
          "schema_version": 1,
          "attributes": {
            "arn": "arn:aws:ec2:us-east-1:576127390344:security-group/sg-0d1f7ca0f02599e89",
            "description": "kptn Step Functions tasks",
            "egress": [
              {
                "cidr_blocks": [
                  "0.0.0.0/0"
                ],
                "description": "",
                "from_port": 0,
                "ipv6_cidr_blocks": [],
                "prefix_list_ids": [],
                "protocol": "-1",
                "security_groups": [],
                "self": false,
                "to_port": 0
              }
            ],
            "id": "sg-0d1f7ca0f02599e89",
            "ingress": [
              {
                "cidr_blocks": [
                  "0.0.0.0/0"
                ],
                "description": "",
                "from_port": 0,
                "ipv6_cidr_blocks": [],
                "prefix_list_ids": [],
                "protocol": "-1",
                "security_groups": [],
                "self": false,
                "to_port": 0
              }
            ],
            "name": "basic-tasks-20251125221226453300000007",
            "name_prefix": "basic-tasks-",
            "owner_id": "576127390344",
            "region": "us-east-1",
            "revoke_rules_on_delete": false,
            "tags": {
              "Name": "basic-tasks-sg"
            },
            "tags_all": {
              "Name": "basic-tasks-sg"
            },
            "timeouts": null,
            "vpc_id": "vpc-0e89922e27e683f3c"
          },
          "sensitive_attributes": [],
          "identity_schema_version": 0,
          "identity": {
            "account_id": "576127390344",
            "id": "sg-0d1f7ca0f02599e89",
            "region": "us-east-1"
          },
          "private": "eyJlMmJmYjczMC1lY2FhLTExZTYtOGY4OC0zNDM2M2JjN2M0YzAiOnsiY3JlYXRlIjo2MDAwMDAwMDAwMDAsImRlbGV0ZSI6OTAwMDAwMDAwMDAwfSwic2NoZW1hX3ZlcnNpb24iOiIxIn0=",
          "dependencies": [
            "aws_vpc.kptn"
          ]
        }
      ]
    },
    {
      "mode": "managed",
      "type": "aws_security_group",
      "name": "vpc_endpoints",
      "provider": "provider[\"registry.terraform.io/hashicorp/aws\"]",
      "instances": [
        {
          "index_key": "main",
          "schema_version": 1,
          "attributes": {
            "arn": "arn:aws:ec2:us-east-1:576127390344:security-group/sg-03afbf53798a01c67",
            "description": "Security group for VPC endpoints",
            "egress": [
              {
                "cidr_blocks": [
                  "0.0.0.0/0"
                ],
                "description": "Allow all outbound",
                "from_port": 0,
                "ipv6_cidr_blocks": [],
                "prefix_list_ids": [],
                "protocol": "-1",
                "security_groups": [],
                "self": false,
                "to_port": 0
              }
            ],
            "id": "sg-03afbf53798a01c67",
            "ingress": [
              {
                "cidr_blocks": [
                  "10.0.0.0/16"
                ],
                "description": "Allow HTTPS from VPC",
                "from_port": 443,
                "ipv6_cidr_blocks": [],
                "prefix_list_ids": [],
                "protocol": "tcp",
                "security_groups": [],
                "self": false,
                "to_port": 443
              }
            ],
            "name": "basic-vpc-endpoints-2025112522122646130000000a",
            "name_prefix": "basic-vpc-endpoints-",
            "owner_id": "576127390344",
            "region": "us-east-1",
            "revoke_rules_on_delete": false,
            "tags": {
              "Name": "basic-vpc-endpoints-sg"
            },
            "tags_all": {
              "Name": "basic-vpc-endpoints-sg"
            },
            "timeouts": null,
            "vpc_id": "vpc-0e89922e27e683f3c"
          },
          "sensitive_attributes": [],
          "identity_schema_version": 0,
          "identity": {
            "account_id": "576127390344",
            "id": "sg-03afbf53798a01c67",
            "region": "us-east-1"
          },
          "private": "eyJlMmJmYjczMC1lY2FhLTExZTYtOGY4OC0zNDM2M2JjN2M0YzAiOnsiY3JlYXRlIjo2MDAwMDAwMDAwMDAsImRlbGV0ZSI6OTAwMDAwMDAwMDAwfSwic2NoZW1hX3ZlcnNpb24iOiIxIn0=",
          "dependencies": [
            "aws_vpc.kptn"
          ]
        }
      ]
    },
    {
      "mode": "managed",
      "type": "aws_security_group_rule",
      "name": "kptn_egress",
      "provider": "provider[\"registry.terraform.io/hashicorp/aws\"]",
      "instances": [
        {
          "index_key": "0",
          "schema_version": 2,
          "attributes": {
            "cidr_blocks": [
              "0.0.0.0/0"
            ],
            "description": null,
            "from_port": 0,
            "id": "sgrule-1037909304",
            "ipv6_cidr_blocks": null,
            "prefix_list_ids": null,
            "protocol": "-1",
            "region": "us-east-1",
            "security_group_id": "sg-0d1f7ca0f02599e89",
            "security_group_rule_id": "sgr-08ffe4ca0d6696199",
            "self": false,
            "source_security_group_id": null,
            "timeouts": null,
            "to_port": 0,
            "type": "egress"
          },
          "sensitive_attributes": [],
          "identity_schema_version": 0,
          "private": "eyJlMmJmYjczMC1lY2FhLTExZTYtOGY4OC0zNDM2M2JjN2M0YzAiOnsiY3JlYXRlIjozMDAwMDAwMDAwMDB9LCJzY2hlbWFfdmVyc2lvbiI6IjIifQ==",
          "dependencies": [
            "aws_security_group.kptn",
            "aws_vpc.kptn"
          ]
        }
      ]
    },
    {
      "mode": "managed",
      "type": "aws_security_group_rule",
      "name": "kptn_ingress",
      "provider": "provider[\"registry.terraform.io/hashicorp/aws\"]",
      "instances": [
        {
          "index_key": "0",
          "schema_version": 2,
          "attributes": {
            "cidr_blocks": [
              "0.0.0.0/0"
            ],
            "description": null,
            "from_port": 0,
            "id": "sgrule-2856142583",
            "ipv6_cidr_blocks": null,
            "prefix_list_ids": null,
            "protocol": "-1",
            "region": "us-east-1",
            "security_group_id": "sg-0d1f7ca0f02599e89",
            "security_group_rule_id": "sgr-08ffe4ca0d6696199",
            "self": false,
            "source_security_group_id": null,
            "timeouts": null,
            "to_port": 0,
            "type": "ingress"
          },
          "sensitive_attributes": [],
          "identity_schema_version": 0,
          "private": "eyJlMmJmYjczMC1lY2FhLTExZTYtOGY4OC0zNDM2M2JjN2M0YzAiOnsiY3JlYXRlIjozMDAwMDAwMDAwMDB9LCJzY2hlbWFfdmVyc2lvbiI6IjIifQ==",
          "dependencies": [
            "aws_security_group.kptn",
            "aws_vpc.kptn"
          ]
        }
      ]
    },
    {
      "mode": "managed",
      "type": "aws_sfn_state_machine",
      "name": "this",
      "provider": "provider[\"registry.terraform.io/hashicorp/aws\"]",
      "instances": [
        {
          "index_key": "basic",
          "schema_version": 0,
          "attributes": {
            "arn": "arn:aws:states:us-east-1:576127390344:stateMachine:basic-basic",
            "creation_date": "2025-11-25T22:14:13Z",
            "definition": "{\n  \"Comment\": \"kptn generated state machine for basic\",\n  \"StartAt\": \"Lane0Parallel\",\n  \"States\": {\n    \"Lane0Parallel\": {\n      \"Type\": \"Parallel\",\n      \"Branches\": [\n        {\n          \"StartAt\": \"a_Decide\",\n          \"States\": {\n            \"a_Decide\": {\n              \"Type\": \"Task\",\n              \"Resource\": \"arn:aws:states:::lambda:invoke\",\n              \"Parameters\": {\n                \"FunctionName\": \"arn:aws:lambda:us-east-1:576127390344:function:basic-decider\",\n                \"Payload\": {\n                  \"state.$\": \"$\",\n                  \"task_name\": \"a\",\n                  \"task_list.$\": \"$.tasks\",\n                  \"ignore_cache.$\": \"$.force\",\n                  \"execution_mode\": \"ecs\",\n                  \"TASKS_CONFIG_PATH\": \"kptn.yaml\",\n                  \"PIPELINE_NAME\": \"basic\"\n                }\n              },\n              \"ResultSelector\": {\n                \"Payload.$\": \"$.Payload\"\n              },\n              \"ResultPath\": \"$.last_decision\",\n              \"OutputPath\": \"$\",\n              \"Next\": \"a_Choice\"\n            },\n            \"a_Choice\": {\n              \"Type\": \"Choice\",\n              \"Default\": \"a_Skip\",\n              \"Choices\": [\n                {\n                  \"And\": [\n                    {\n                      \"Variable\": \"$.last_decision.Payload.should_run\",\n                      \"BooleanEquals\": true\n                    },\n                    {\n                      \"Or\": [\n                        {\n                          \"Variable\": \"$.last_decision.Payload.execution_mode\",\n                          \"StringEquals\": \"ecs\"\n                        },\n                        {\n                          \"Not\": {\n                            \"Variable\": \"$.last_decision.Payload.execution_mode\",\n                            \"IsPresent\": true\n                          }\n                        }\n                      ]\n                    }\n                  ],\n                  \"Next\": \"a_RunEcs\"\n                }\n              ]\n            },\n            \"a_Skip\": {\n              \"Type\": \"Pass\",\n              \"End\": true\n            },\n            \"a_RunEcs\": {\n              \"Type\": \"Task\",\n              \"Resource\": \"arn:aws:states:::ecs:runTask.sync\",\n              \"Parameters\": {\n                \"Cluster\": \"arn:aws:ecs:us-east-1:576127390344:cluster/basic-cluster\",\n                \"TaskDefinition\": \"arn:aws:ecs:us-east-1:576127390344:task-definition/basic-task:9\",\n                \"LaunchType\": \"FARGATE\",\n                \"NetworkConfiguration\": {\n                  \"AwsvpcConfiguration\": {\n                    \"AssignPublicIp\": \"DISABLED\",\n                    \"Subnets\": [\"subnet-046e75b830910f693\",\"subnet-0a72a5a68b4bb6473\"],\n                    \"SecurityGroups\": [\"sg-0d1f7ca0f02599e89\"]\n                  }\n                },\n                \"Overrides\": {\n                  \"ContainerOverrides\": [\n                    {\n                      \"Name\": \"basic\",\n                      \"Environment\": [\n                        {\n                          \"Name\": \"KAPTEN_PIPELINE\",\n                          \"Value\": \"basic\"\n                        },\n                        {\n                          \"Name\": \"KAPTEN_TASK\",\n                          \"Value\": \"a\"\n                        },\n                        {\n                          \"Name\": \"DYNAMODB_TABLE_NAME\",\n                          \"Value\": \"basic-table\"\n                        },\n                        {\n                          \"Name\": \"KAPTEN_DECISION_REASON\",\n                          \"Value.$\": \"States.Format('{}', $.last_decision.Payload.reason)\"\n                        }\n                      ]\n                    }\n                  ]\n                },\n                \"EnableExecuteCommand\": true,\n                \"Tags\": [\n                  {\n                    \"Key\": \"KaptenPipeline\",\n                    \"Value\": \"basic\"\n                  },\n                  {\n                    \"Key\": \"KaptenTask\",\n                    \"Value\": \"a\"\n                  }\n                ]\n              },\n              \"ResultPath\": null,\n              \"End\": true\n            }\n          }\n        },\n        {\n          \"StartAt\": \"c_Decide\",\n          \"States\": {\n            \"c_Decide\": {\n              \"Type\": \"Task\",\n              \"Resource\": \"arn:aws:states:::lambda:invoke\",\n              \"Parameters\": {\n                \"FunctionName\": \"arn:aws:lambda:us-east-1:576127390344:function:basic-decider\",\n                \"Payload\": {\n                  \"state.$\": \"$\",\n                  \"task_name\": \"c\",\n                  \"task_list.$\": \"$.tasks\",\n                  \"ignore_cache.$\": \"$.force\",\n                  \"execution_mode\": \"ecs\",\n                  \"TASKS_CONFIG_PATH\": \"kptn.yaml\",\n                  \"PIPELINE_NAME\": \"basic\"\n                }\n              },\n              \"ResultSelector\": {\n                \"Payload.$\": \"$.Payload\"\n              },\n              \"ResultPath\": \"$.last_decision\",\n              \"OutputPath\": \"$\",\n              \"Next\": \"c_Choice\"\n            },\n            \"c_Choice\": {\n              \"Type\": \"Choice\",\n              \"Default\": \"c_Skip\",\n              \"Choices\": [\n                {\n                  \"And\": [\n                    {\n                      \"Variable\": \"$.last_decision.Payload.should_run\",\n                      \"BooleanEquals\": true\n                    },\n                    {\n                      \"Or\": [\n                        {\n                          \"Variable\": \"$.last_decision.Payload.execution_mode\",\n                          \"StringEquals\": \"ecs\"\n                        },\n                        {\n                          \"Not\": {\n                            \"Variable\": \"$.last_decision.Payload.execution_mode\",\n                            \"IsPresent\": true\n                          }\n                        }\n                      ]\n                    }\n                  ],\n                  \"Next\": \"c_RunEcs\"\n                }\n              ]\n            },\n            \"c_Skip\": {\n              \"Type\": \"Pass\",\n              \"End\": true\n            },\n            \"c_RunEcs\": {\n              \"Type\": \"Task\",\n              \"Resource\": \"arn:aws:states:::ecs:runTask.sync\",\n              \"Parameters\": {\n                \"Cluster\": \"arn:aws:ecs:us-east-1:576127390344:cluster/basic-cluster\",\n                \"TaskDefinition\": \"arn:aws:ecs:us-east-1:576127390344:task-definition/basic-task:9\",\n                \"LaunchType\": \"FARGATE\",\n                \"NetworkConfiguration\": {\n                  \"AwsvpcConfiguration\": {\n                    \"AssignPublicIp\": \"DISABLED\",\n                    \"Subnets\": [\"subnet-046e75b830910f693\",\"subnet-0a72a5a68b4bb6473\"],\n                    \"SecurityGroups\": [\"sg-0d1f7ca0f02599e89\"]\n                  }\n                },\n                \"Overrides\": {\n                  \"ContainerOverrides\": [\n                    {\n                      \"Name\": \"basic\",\n                      \"Environment\": [\n                        {\n                          \"Name\": \"KAPTEN_PIPELINE\",\n                          \"Value\": \"basic\"\n                        },\n                        {\n                          \"Name\": \"KAPTEN_TASK\",\n                          \"Value\": \"c\"\n                        },\n                        {\n                          \"Name\": \"DYNAMODB_TABLE_NAME\",\n                          \"Value\": \"basic-table\"\n                        },\n                        {\n                          \"Name\": \"KAPTEN_DECISION_REASON\",\n                          \"Value.$\": \"States.Format('{}', $.last_decision.Payload.reason)\"\n                        }\n                      ]\n                    }\n                  ]\n                },\n                \"EnableExecuteCommand\": true,\n                \"Tags\": [\n                  {\n                    \"Key\": \"KaptenPipeline\",\n                    \"Value\": \"basic\"\n                  },\n                  {\n                    \"Key\": \"KaptenTask\",\n                    \"Value\": \"c\"\n                  }\n                ]\n              },\n              \"ResultPath\": null,\n              \"End\": true\n            }\n          }\n        },\n        {\n          \"StartAt\": \"list_items_Decide\",\n          \"States\": {\n            \"list_items_Decide\": {\n              \"Type\": \"Task\",\n              \"Resource\": \"arn:aws:states:::lambda:invoke\",\n              \"Parameters\": {\n                \"FunctionName\": \"arn:aws:lambda:us-east-1:576127390344:function:basic-decider\",\n                \"Payload\": {\n                  \"state.$\": \"$\",\n                  \"task_name\": \"list_items\",\n                  \"task_list.$\": \"$.tasks\",\n                  \"ignore_cache.$\": \"$.force\",\n                  \"execution_mode\": \"ecs\",\n                  \"TASKS_CONFIG_PATH\": \"kptn.yaml\",\n                  \"PIPELINE_NAME\": \"basic\"\n                }\n              },\n              \"ResultSelector\": {\n                \"Payload.$\": \"$.Payload\"\n              },\n              \"ResultPath\": \"$.last_decision\",\n              \"OutputPath\": \"$\",\n              \"Next\": \"list_items_Choice\"\n            },\n            \"list_items_Choice\": {\n              \"Type\": \"Choice\",\n              \"Default\": \"list_items_Skip\",\n              \"Choices\": [\n                {\n                  \"And\": [\n                    {\n                      \"Variable\": \"$.last_decision.Payload.should_run\",\n                      \"BooleanEquals\": true\n                    },\n                    {\n                      \"Or\": [\n                        {\n                          \"Variable\": \"$.last_decision.Payload.execution_mode\",\n                          \"StringEquals\": \"ecs\"\n                        },\n                        {\n                          \"Not\": {\n                            \"Variable\": \"$.last_decision.Payload.execution_mode\",\n                            \"IsPresent\": true\n                          }\n                        }\n                      ]\n                    }\n                  ],\n                  \"Next\": \"list_items_RunEcs\"\n                }\n              ]\n            },\n            \"list_items_Skip\": {\n              \"Type\": \"Pass\",\n              \"End\": true\n            },\n            \"list_items_RunEcs\": {\n              \"Type\": \"Task\",\n              \"Resource\": \"arn:aws:states:::ecs:runTask.sync\",\n              \"Parameters\": {\n                \"Cluster\": \"arn:aws:ecs:us-east-1:576127390344:cluster/basic-cluster\",\n                \"TaskDefinition\": \"arn:aws:ecs:us-east-1:576127390344:task-definition/basic-task:9\",\n                \"LaunchType\": \"FARGATE\",\n                \"NetworkConfiguration\": {\n                  \"AwsvpcConfiguration\": {\n                    \"AssignPublicIp\": \"DISABLED\",\n                    \"Subnets\": [\"subnet-046e75b830910f693\",\"subnet-0a72a5a68b4bb6473\"],\n                    \"SecurityGroups\": [\"sg-0d1f7ca0f02599e89\"]\n                  }\n                },\n                \"Overrides\": {\n                  \"ContainerOverrides\": [\n                    {\n                      \"Name\": \"basic\",\n                      \"Environment\": [\n                        {\n                          \"Name\": \"KAPTEN_PIPELINE\",\n                          \"Value\": \"basic\"\n                        },\n                        {\n                          \"Name\": \"KAPTEN_TASK\",\n                          \"Value\": \"list_items\"\n                        },\n                        {\n                          \"Name\": \"DYNAMODB_TABLE_NAME\",\n                          \"Value\": \"basic-table\"\n                        },\n                        {\n                          \"Name\": \"KAPTEN_DECISION_REASON\",\n                          \"Value.$\": \"States.Format('{}', $.last_decision.Payload.reason)\"\n                        }\n                      ]\n                    }\n                  ]\n                },\n                \"EnableExecuteCommand\": true,\n                \"Tags\": [\n                  {\n                    \"Key\": \"KaptenPipeline\",\n                    \"Value\": \"basic\"\n                  },\n                  {\n                    \"Key\": \"KaptenTask\",\n                    \"Value\": \"list_items\"\n                  }\n                ]\n              },\n              \"ResultPath\": null,\n              \"End\": true\n            }\n          }\n        }\n      ],\n      \"ResultPath\": \"$.Lane2Parallel\",\n      \"Next\": \"Lane1Parallel\"\n    },\n    \"Lane1Parallel\": {\n      \"Type\": \"Parallel\",\n      \"Branches\": [\n        {\n          \"StartAt\": \"b_Decide\",\n          \"States\": {\n            \"b_Decide\": {\n              \"Type\": \"Task\",\n              \"Resource\": \"arn:aws:states:::lambda:invoke\",\n              \"Parameters\": {\n                \"FunctionName\": \"arn:aws:lambda:us-east-1:576127390344:function:basic-decider\",\n                \"Payload\": {\n                  \"state.$\": \"$\",\n                  \"task_name\": \"b\",\n                  \"task_list.$\": \"$.tasks\",\n                  \"ignore_cache.$\": \"$.force\",\n                  \"execution_mode\": \"ecs\",\n                  \"TASKS_CONFIG_PATH\": \"kptn.yaml\",\n                  \"PIPELINE_NAME\": \"basic\"\n                }\n              },\n              \"ResultSelector\": {\n                \"Payload.$\": \"$.Payload\"\n              },\n              \"ResultPath\": \"$.last_decision\",\n              \"OutputPath\": \"$\",\n              \"Next\": \"b_Choice\"\n            },\n            \"b_Choice\": {\n              \"Type\": \"Choice\",\n              \"Default\": \"b_Skip\",\n              \"Choices\": [\n                {\n                  \"And\": [\n                    {\n                      \"Variable\": \"$.last_decision.Payload.should_run\",\n                      \"BooleanEquals\": true\n                    },\n                    {\n                      \"Or\": [\n                        {\n                          \"Variable\": \"$.last_decision.Payload.execution_mode\",\n                          \"StringEquals\": \"ecs\"\n                        },\n                        {\n                          \"Not\": {\n                            \"Variable\": \"$.last_decision.Payload.execution_mode\",\n                            \"IsPresent\": true\n                          }\n                        }\n                      ]\n                    }\n                  ],\n                  \"Next\": \"b_RunEcs\"\n                }\n              ]\n            },\n            \"b_Skip\": {\n              \"Type\": \"Pass\",\n              \"End\": true\n            },\n            \"b_RunEcs\": {\n              \"Type\": \"Task\",\n              \"Resource\": \"arn:aws:states:::ecs:runTask.sync\",\n              \"Parameters\": {\n                \"Cluster\": \"arn:aws:ecs:us-east-1:576127390344:cluster/basic-cluster\",\n                \"TaskDefinition\": \"arn:aws:ecs:us-east-1:576127390344:task-definition/basic-task:9\",\n                \"LaunchType\": \"FARGATE\",\n                \"NetworkConfiguration\": {\n                  \"AwsvpcConfiguration\": {\n                    \"AssignPublicIp\": \"DISABLED\",\n                    \"Subnets\": [\"subnet-046e75b830910f693\",\"subnet-0a72a5a68b4bb6473\"],\n                    \"SecurityGroups\": [\"sg-0d1f7ca0f02599e89\"]\n                  }\n                },\n                \"Overrides\": {\n                  \"ContainerOverrides\": [\n                    {\n                      \"Name\": \"basic\",\n                      \"Environment\": [\n                        {\n                          \"Name\": \"KAPTEN_PIPELINE\",\n                          \"Value\": \"basic\"\n                        },\n                        {\n                          \"Name\": \"KAPTEN_TASK\",\n                          \"Value\": \"b\"\n                        },\n                        {\n                          \"Name\": \"DYNAMODB_TABLE_NAME\",\n                          \"Value\": \"basic-table\"\n                        },\n                        {\n                          \"Name\": \"KAPTEN_DECISION_REASON\",\n                          \"Value.$\": \"States.Format('{}', $.last_decision.Payload.reason)\"\n                        }\n                      ]\n                    }\n                  ]\n                },\n                \"EnableExecuteCommand\": true,\n                \"Tags\": [\n                  {\n                    \"Key\": \"KaptenPipeline\",\n                    \"Value\": \"basic\"\n                  },\n                  {\n                    \"Key\": \"KaptenTask\",\n                    \"Value\": \"b\"\n                  }\n                ]\n              },\n              \"ResultPath\": null,\n              \"End\": true\n            }\n          }\n        },\n        {\n          \"StartAt\": \"process_item_Decide\",\n          \"States\": {\n            \"process_item_Decide\": {\n              \"Type\": \"Task\",\n              \"Resource\": \"arn:aws:states:::lambda:invoke\",\n              \"Parameters\": {\n                \"FunctionName\": \"arn:aws:lambda:us-east-1:576127390344:function:basic-decider\",\n                \"Payload\": {\n                  \"state.$\": \"$\",\n                  \"task_name\": \"process_item\",\n                  \"task_list.$\": \"$.tasks\",\n                  \"ignore_cache.$\": \"$.force\",\n                  \"execution_mode\": \"batch_array\",\n                  \"TASKS_CONFIG_PATH\": \"kptn.yaml\",\n                  \"PIPELINE_NAME\": \"basic\"\n                }\n              },\n              \"ResultSelector\": {\n                \"Payload.$\": \"$.Payload\"\n              },\n              \"ResultPath\": \"$.last_decision\",\n              \"OutputPath\": \"$\",\n              \"Next\": \"process_item_Choice\"\n            },\n            \"process_item_Choice\": {\n              \"Type\": \"Choice\",\n              \"Default\": \"process_item_Skip\",\n              \"Choices\": [\n                {\n                  \"And\": [\n                    {\n                      \"Variable\": \"$.last_decision.Payload.should_run\",\n                      \"BooleanEquals\": true\n                    },\n                    {\n                      \"Variable\": \"$.last_decision.Payload.execution_mode\",\n                      \"StringEquals\": \"batch_array\"\n                    },\n                    {\n                      \"Variable\": \"$.last_decision.Payload.array_size\",\n                      \"NumericGreaterThan\": 0\n                    }\n                  ],\n                  \"Next\": \"process_item_RunBatch\"\n                }\n              ]\n            },\n            \"process_item_Skip\": {\n              \"Type\": \"Pass\",\n              \"End\": true\n            },\n            \"process_item_RunBatch\": {\n              \"Type\": \"Task\",\n              \"Resource\": \"arn:aws:states:::batch:submitJob.sync\",\n              \"Parameters\": {\n                \"JobName.$\": \"States.Format('basic-process_item-{}', $$.Execution.Name)\",\n                \"JobQueue\": \"arn:aws:batch:us-east-1:576127390344:job-queue/basic-batch-queue\",\n                \"JobDefinition\": \"arn:aws:batch:us-east-1:576127390344:job-definition/basic-batch-job:5\",\n                \"ArrayProperties\": {\n                  \"Size.$\": \"$.last_decision.Payload.array_size\"\n                },\n                \"ContainerOverrides\": {\n                  \"Environment\": [\n                    {\n                      \"Name\": \"KAPTEN_PIPELINE\",\n                      \"Value\": \"basic\"\n                    },\n                    {\n                      \"Name\": \"KAPTEN_TASK\",\n                      \"Value\": \"process_item\"\n                    },\n                    {\n                      \"Name\": \"DYNAMODB_TABLE_NAME\",\n                      \"Value\": \"basic-table\"\n                    },\n                    {\n                      \"Name\": \"ARRAY_SIZE\",\n                      \"Value.$\": \"States.Format('{}', $.last_decision.Payload.array_size)\"\n                    },\n                    {\n                      \"Name\": \"KAPTEN_DECISION_REASON\",\n                      \"Value.$\": \"States.Format('{}', $.last_decision.Payload.reason)\"\n                    }\n                  ]\n                },\n                \"Tags\": {\n                  \"KaptenPipeline\": \"basic\",\n                  \"KaptenTask\": \"process_item\"\n                }\n              },\n              \"ResultPath\": null,\n              \"End\": true\n            }\n          }\n        }\n      ],\n      \"ResultPath\": \"$.Lane2Parallel\",\n      \"Next\": \"d_Decide\"\n    },\n    \"d_Decide\": {\n      \"Type\": \"Task\",\n      \"Resource\": \"arn:aws:states:::lambda:invoke\",\n      \"Parameters\": {\n        \"FunctionName\": \"arn:aws:lambda:us-east-1:576127390344:function:basic-decider\",\n        \"Payload\": {\n          \"state.$\": \"$\",\n          \"task_name\": \"d\",\n          \"task_list.$\": \"$.tasks\",\n          \"ignore_cache.$\": \"$.force\",\n          \"execution_mode\": \"ecs\",\n          \"TASKS_CONFIG_PATH\": \"kptn.yaml\",\n          \"PIPELINE_NAME\": \"basic\"\n        }\n      },\n      \"ResultSelector\": {\n        \"Payload.$\": \"$.Payload\"\n      },\n      \"ResultPath\": \"$.last_decision\",\n      \"OutputPath\": \"$\",\n      \"Next\": \"d_Choice\"\n    },\n    \"d_Choice\": {\n      \"Type\": \"Choice\",\n      \"Default\": \"d_Skip\",\n      \"Choices\": [\n        {\n          \"And\": [\n            {\n              \"Variable\": \"$.last_decision.Payload.should_run\",\n              \"BooleanEquals\": true\n            },\n            {\n              \"Or\": [\n                {\n                  \"Variable\": \"$.last_decision.Payload.execution_mode\",\n                  \"StringEquals\": \"ecs\"\n                },\n                {\n                  \"Not\": {\n                    \"Variable\": \"$.last_decision.Payload.execution_mode\",\n                    \"IsPresent\": true\n                  }\n                }\n              ]\n            }\n          ],\n          \"Next\": \"d_RunEcs\"\n        }\n      ]\n    },\n    \"d_Skip\": {\n      \"Type\": \"Pass\",\n      \"End\": true\n    },\n    \"d_RunEcs\": {\n      \"Type\": \"Task\",\n      \"Resource\": \"arn:aws:states:::ecs:runTask.sync\",\n      \"Parameters\": {\n        \"Cluster\": \"arn:aws:ecs:us-east-1:576127390344:cluster/basic-cluster\",\n        \"TaskDefinition\": \"arn:aws:ecs:us-east-1:576127390344:task-definition/basic-task:9\",\n        \"LaunchType\": \"FARGATE\",\n        \"NetworkConfiguration\": {\n          \"AwsvpcConfiguration\": {\n            \"AssignPublicIp\": \"DISABLED\",\n            \"Subnets\": [\"subnet-046e75b830910f693\",\"subnet-0a72a5a68b4bb6473\"],\n            \"SecurityGroups\": [\"sg-0d1f7ca0f02599e89\"]\n          }\n        },\n        \"Overrides\": {\n          \"ContainerOverrides\": [\n            {\n              \"Name\": \"basic\",\n              \"Environment\": [\n                {\n                  \"Name\": \"KAPTEN_PIPELINE\",\n                  \"Value\": \"basic\"\n                },\n                {\n                  \"Name\": \"KAPTEN_TASK\",\n                  \"Value\": \"d\"\n                },\n                {\n                  \"Name\": \"DYNAMODB_TABLE_NAME\",\n                  \"Value\": \"basic-table\"\n                },\n                {\n                  \"Name\": \"KAPTEN_DECISION_REASON\",\n                  \"Value.$\": \"States.Format('{}', $.last_decision.Payload.reason)\"\n                }\n              ]\n            }\n          ]\n        },\n        \"EnableExecuteCommand\": true,\n        \"Tags\": [\n          {\n            \"Key\": \"KaptenPipeline\",\n            \"Value\": \"basic\"\n          },\n          {\n            \"Key\": \"KaptenTask\",\n            \"Value\": \"d\"\n          }\n        ]\n      },\n      \"ResultPath\": null,\n      \"End\": true\n    }\n  }\n}\n",
            "description": "",
            "encryption_configuration": [
              {
                "kms_data_key_reuse_period_seconds": 0,
                "kms_key_id": "",
                "type": "AWS_OWNED_KEY"
              }
            ],
            "id": "arn:aws:states:us-east-1:576127390344:stateMachine:basic-basic",
            "logging_configuration": [
              {
                "include_execution_data": true,
                "level": "ALL",
                "log_destination": "arn:aws:logs:us-east-1:576127390344:log-group:/aws/vendedlogs/states/basic-basic:*"
              }
            ],
            "name": "basic-basic",
            "name_prefix": "",
            "publish": false,
            "region": "us-east-1",
            "revision_id": "d7d086d9-6e3a-4b63-ac2e-a42031bfe12c",
            "role_arn": "arn:aws:iam::576127390344:role/basic-basic-sfn-20251125221214133200000004",
            "state_machine_version_arn": "",
            "status": "ACTIVE",
            "tags": {},
            "tags_all": {},
            "timeouts": null,
            "tracing_configuration": [
              {
                "enabled": false
              }
            ],
            "type": "STANDARD",
            "version_description": null
          },
          "sensitive_attributes": [],
          "identity_schema_version": 0,
          "identity": {
            "arn": "arn:aws:states:us-east-1:576127390344:stateMachine:basic-basic"
          },
          "private": "eyJlMmJmYjczMC1lY2FhLTExZTYtOGY4OC0zNDM2M2JjN2M0YzAiOnsiY3JlYXRlIjozMDAwMDAwMDAwMDAsImRlbGV0ZSI6MzAwMDAwMDAwMDAwLCJ1cGRhdGUiOjYwMDAwMDAwMDAwfX0=",
          "dependencies": [
            "aws_batch_compute_environment.kptn",
            "aws_batch_job_definition.kptn",
            "aws_batch_job_queue.kptn",
            "aws_cloudwatch_log_group.decider_lambda",
            "aws_cloudwatch_log_group.step_function",
            "aws_dynamodb_table.kptn",
            "aws_ecr_repository.kptn",
            "aws_ecs_cluster.kptn",
            "aws_ecs_task_definition.kptn",
            "aws_efs_access_point.kptn",
            "aws_efs_file_system.kptn",
            "aws_iam_role.batch_service",
            "aws_iam_role.decider_lambda",
            "aws_iam_role.kptn_execution",
            "aws_iam_role.kptn_task",
            "aws_iam_role.step_function",
            "aws_iam_role_policy.decider_lambda",
            "aws_lambda_function.decider",
            "aws_security_group.kptn",
            "aws_subnet.kptn",
            "aws_vpc.kptn",
            "data.archive_file.decider_lambda",
            "data.aws_availability_zones.available",
            "data.aws_ecr_authorization_token.token",
            "docker_image.kptn",
            "docker_registry_image.kptn"
          ]
        },
        {
          "index_key": "basic2",
          "schema_version": 0,
          "attributes": {
            "arn": "arn:aws:states:us-east-1:576127390344:stateMachine:basic-basic2",
            "creation_date": "2025-11-25T22:14:22Z",
            "definition": "{\n  \"Comment\": \"kptn generated state machine for basic2\",\n  \"StartAt\": \"a_Decide\",\n  \"States\": {\n    \"a_Decide\": {\n      \"Type\": \"Task\",\n      \"Resource\": \"arn:aws:states:::lambda:invoke\",\n      \"Parameters\": {\n        \"FunctionName\": \"arn:aws:lambda:us-east-1:576127390344:function:basic-decider\",\n        \"Payload\": {\n          \"state.$\": \"$\",\n          \"task_name\": \"a\",\n          \"task_list.$\": \"$.tasks\",\n          \"ignore_cache.$\": \"$.force\",\n          \"execution_mode\": \"ecs\",\n          \"TASKS_CONFIG_PATH\": \"kptn.yaml\",\n          \"PIPELINE_NAME\": \"basic2\"\n        }\n      },\n      \"ResultSelector\": {\n        \"Payload.$\": \"$.Payload\"\n      },\n      \"ResultPath\": \"$.last_decision\",\n      \"OutputPath\": \"$\",\n      \"Next\": \"a_Choice\"\n    },\n    \"a_Choice\": {\n      \"Type\": \"Choice\",\n      \"Default\": \"a_Skip\",\n      \"Choices\": [\n        {\n          \"And\": [\n            {\n              \"Variable\": \"$.last_decision.Payload.should_run\",\n              \"BooleanEquals\": true\n            },\n            {\n              \"Or\": [\n                {\n                  \"Variable\": \"$.last_decision.Payload.execution_mode\",\n                  \"StringEquals\": \"ecs\"\n                },\n                {\n                  \"Not\": {\n                    \"Variable\": \"$.last_decision.Payload.execution_mode\",\n                    \"IsPresent\": true\n                  }\n                }\n              ]\n            }\n          ],\n          \"Next\": \"a_RunEcs\"\n        }\n      ]\n    },\n    \"a_Skip\": {\n      \"Type\": \"Pass\",\n      \"Next\": \"b_Decide\"\n    },\n    \"a_RunEcs\": {\n      \"Type\": \"Task\",\n      \"Resource\": \"arn:aws:states:::ecs:runTask.sync\",\n      \"Parameters\": {\n        \"Cluster\": \"arn:aws:ecs:us-east-1:576127390344:cluster/basic-cluster\",\n        \"TaskDefinition\": \"arn:aws:ecs:us-east-1:576127390344:task-definition/basic-task:9\",\n        \"LaunchType\": \"FARGATE\",\n        \"NetworkConfiguration\": {\n          \"AwsvpcConfiguration\": {\n            \"AssignPublicIp\": \"DISABLED\",\n            \"Subnets\": [\"subnet-046e75b830910f693\",\"subnet-0a72a5a68b4bb6473\"],\n            \"SecurityGroups\": [\"sg-0d1f7ca0f02599e89\"]\n          }\n        },\n        \"Overrides\": {\n          \"ContainerOverrides\": [\n            {\n              \"Name\": \"basic\",\n              \"Environment\": [\n                {\n                  \"Name\": \"KAPTEN_PIPELINE\",\n                  \"Value\": \"basic2\"\n                },\n                {\n                  \"Name\": \"KAPTEN_TASK\",\n                  \"Value\": \"a\"\n                },\n                {\n                  \"Name\": \"DYNAMODB_TABLE_NAME\",\n                  \"Value\": \"basic-table\"\n                },\n                {\n                  \"Name\": \"KAPTEN_DECISION_REASON\",\n                  \"Value.$\": \"States.Format('{}', $.last_decision.Payload.reason)\"\n                }\n              ]\n            }\n          ]\n        },\n        \"EnableExecuteCommand\": true,\n        \"Tags\": [\n          {\n            \"Key\": \"KaptenPipeline\",\n            \"Value\": \"basic2\"\n          },\n          {\n            \"Key\": \"KaptenTask\",\n            \"Value\": \"a\"\n          }\n        ]\n      },\n      \"ResultPath\": null,\n      \"Next\": \"b_Decide\"\n    },\n    \"b_Decide\": {\n      \"Type\": \"Task\",\n      \"Resource\": \"arn:aws:states:::lambda:invoke\",\n      \"Parameters\": {\n        \"FunctionName\": \"arn:aws:lambda:us-east-1:576127390344:function:basic-decider\",\n        \"Payload\": {\n          \"state.$\": \"$\",\n          \"task_name\": \"b\",\n          \"task_list.$\": \"$.tasks\",\n          \"ignore_cache.$\": \"$.force\",\n          \"execution_mode\": \"ecs\",\n          \"TASKS_CONFIG_PATH\": \"kptn.yaml\",\n          \"PIPELINE_NAME\": \"basic2\"\n        }\n      },\n      \"ResultSelector\": {\n        \"Payload.$\": \"$.Payload\"\n      },\n      \"ResultPath\": \"$.last_decision\",\n      \"OutputPath\": \"$\",\n      \"Next\": \"b_Choice\"\n    },\n    \"b_Choice\": {\n      \"Type\": \"Choice\",\n      \"Default\": \"b_Skip\",\n      \"Choices\": [\n        {\n          \"And\": [\n            {\n              \"Variable\": \"$.last_decision.Payload.should_run\",\n              \"BooleanEquals\": true\n            },\n            {\n              \"Or\": [\n                {\n                  \"Variable\": \"$.last_decision.Payload.execution_mode\",\n                  \"StringEquals\": \"ecs\"\n                },\n                {\n                  \"Not\": {\n                    \"Variable\": \"$.last_decision.Payload.execution_mode\",\n                    \"IsPresent\": true\n                  }\n                }\n              ]\n            }\n          ],\n          \"Next\": \"b_RunEcs\"\n        }\n      ]\n    },\n    \"b_Skip\": {\n      \"Type\": \"Pass\",\n      \"End\": true\n    },\n    \"b_RunEcs\": {\n      \"Type\": \"Task\",\n      \"Resource\": \"arn:aws:states:::ecs:runTask.sync\",\n      \"Parameters\": {\n        \"Cluster\": \"arn:aws:ecs:us-east-1:576127390344:cluster/basic-cluster\",\n        \"TaskDefinition\": \"arn:aws:ecs:us-east-1:576127390344:task-definition/basic-task:9\",\n        \"LaunchType\": \"FARGATE\",\n        \"NetworkConfiguration\": {\n          \"AwsvpcConfiguration\": {\n            \"AssignPublicIp\": \"DISABLED\",\n            \"Subnets\": [\"subnet-046e75b830910f693\",\"subnet-0a72a5a68b4bb6473\"],\n            \"SecurityGroups\": [\"sg-0d1f7ca0f02599e89\"]\n          }\n        },\n        \"Overrides\": {\n          \"ContainerOverrides\": [\n            {\n              \"Name\": \"basic\",\n              \"Environment\": [\n                {\n                  \"Name\": \"KAPTEN_PIPELINE\",\n                  \"Value\": \"basic2\"\n                },\n                {\n                  \"Name\": \"KAPTEN_TASK\",\n                  \"Value\": \"b\"\n                },\n                {\n                  \"Name\": \"DYNAMODB_TABLE_NAME\",\n                  \"Value\": \"basic-table\"\n                },\n                {\n                  \"Name\": \"KAPTEN_DECISION_REASON\",\n                  \"Value.$\": \"States.Format('{}', $.last_decision.Payload.reason)\"\n                }\n              ]\n            }\n          ]\n        },\n        \"EnableExecuteCommand\": true,\n        \"Tags\": [\n          {\n            \"Key\": \"KaptenPipeline\",\n            \"Value\": \"basic2\"\n          },\n          {\n            \"Key\": \"KaptenTask\",\n            \"Value\": \"b\"\n          }\n        ]\n      },\n      \"ResultPath\": null,\n      \"End\": true\n    }\n  }\n}\n",
            "description": "",
            "encryption_configuration": [
              {
                "kms_data_key_reuse_period_seconds": 0,
                "kms_key_id": "",
                "type": "AWS_OWNED_KEY"
              }
            ],
            "id": "arn:aws:states:us-east-1:576127390344:stateMachine:basic-basic2",
            "logging_configuration": [
              {
                "include_execution_data": true,
                "level": "ALL",
                "log_destination": "arn:aws:logs:us-east-1:576127390344:log-group:/aws/vendedlogs/states/basic-basic2:*"
              }
            ],
            "name": "basic-basic2",
            "name_prefix": "",
            "publish": false,
            "region": "us-east-1",
            "revision_id": "1f3a0294-fbe2-4a20-a123-dcf4a674163d",
            "role_arn": "arn:aws:iam::576127390344:role/basic-basic2-sfn-20251125221214132800000002",
            "state_machine_version_arn": "",
            "status": "ACTIVE",
            "tags": {},
            "tags_all": {},
            "timeouts": null,
            "tracing_configuration": [
              {
                "enabled": false
              }
            ],
            "type": "STANDARD",
            "version_description": null
          },
          "sensitive_attributes": [],
          "identity_schema_version": 0,
          "identity": {
            "arn": "arn:aws:states:us-east-1:576127390344:stateMachine:basic-basic2"
          },
          "private": "eyJlMmJmYjczMC1lY2FhLTExZTYtOGY4OC0zNDM2M2JjN2M0YzAiOnsiY3JlYXRlIjozMDAwMDAwMDAwMDAsImRlbGV0ZSI6MzAwMDAwMDAwMDAwLCJ1cGRhdGUiOjYwMDAwMDAwMDAwfX0=",
          "dependencies": [
            "aws_batch_compute_environment.kptn",
            "aws_batch_job_definition.kptn",
            "aws_batch_job_queue.kptn",
            "aws_cloudwatch_log_group.decider_lambda",
            "aws_cloudwatch_log_group.step_function",
            "aws_dynamodb_table.kptn",
            "aws_ecr_repository.kptn",
            "aws_ecs_cluster.kptn",
            "aws_ecs_task_definition.kptn",
            "aws_efs_access_point.kptn",
            "aws_efs_file_system.kptn",
            "aws_iam_role.batch_service",
            "aws_iam_role.decider_lambda",
            "aws_iam_role.kptn_execution",
            "aws_iam_role.kptn_task",
            "aws_iam_role.step_function",
            "aws_iam_role_policy.decider_lambda",
            "aws_lambda_function.decider",
            "aws_security_group.kptn",
            "aws_subnet.kptn",
            "aws_vpc.kptn",
            "data.archive_file.decider_lambda",
            "data.aws_availability_zones.available",
            "data.aws_ecr_authorization_token.token",
            "docker_image.kptn",
            "docker_registry_image.kptn"
          ]
        }
      ]
    },
    {
      "mode": "managed",
      "type": "aws_ssm_parameter",
      "name": "kptn_stack_info",
      "provider": "provider[\"registry.terraform.io/hashicorp/aws\"]",
      "instances": [
        {
          "schema_version": 0,
          "attributes": {
            "allowed_pattern": "",
            "arn": "arn:aws:ssm:us-east-1:576127390344:parameter/kptn/stack/basic/info",
            "data_type": "text",
            "description": "",
            "has_value_wo": false,
            "id": "/kptn/stack/basic/info",
            "insecure_value": null,
            "key_id": "",
            "name": "/kptn/stack/basic/info",
            "overwrite": null,
            "region": "us-east-1",
            "tags": {},
            "tags_all": {},
            "tier": "Standard",
            "type": "String",
            "value": "{\"assign_public_ip\":false,\"batch_job_definition_arn\":\"arn:aws:batch:us-east-1:576127390344:job-definition/basic-batch-job:5\",\"batch_job_queue_arn\":\"arn:aws:batch:us-east-1:576127390344:job-queue/basic-batch-queue\",\"batch_service_role_arn\":null,\"cluster_arn\":\"arn:aws:ecs:us-east-1:576127390344:cluster/basic-cluster\",\"decider_lambda_arn\":\"arn:aws:lambda:us-east-1:576127390344:function:basic-decider\",\"dynamodb_table_arn\":\"arn:aws:dynamodb:us-east-1:576127390344:table/basic-table\",\"dynamodb_table_name\":\"basic-table\",\"ecs_launch_type\":\"FARGATE\",\"pipeline_name\":\"basic\",\"security_group_ids\":[\"sg-0d1f7ca0f02599e89\"],\"state_machine_arn\":\"arn:aws:states:us-east-1:576127390344:stateMachine:basic-basic\",\"state_machine_arns\":{\"basic\":\"arn:aws:states:us-east-1:576127390344:stateMachine:basic-basic\",\"basic2\":\"arn:aws:states:us-east-1:576127390344:stateMachine:basic-basic2\"},\"subnet_ids\":[\"subnet-046e75b830910f693\",\"subnet-0a72a5a68b4bb6473\"],\"task_definition_arn\":\"arn:aws:ecs:us-east-1:576127390344:task-definition/basic-task:9\",\"task_definition_container_name\":\"basic\",\"task_execution_role_arn\":\"arn:aws:iam::576127390344:role/basic-task-execution-role20251125221214137400000005\",\"task_role_arn\":\"arn:aws:iam::576127390344:role/basic-task-role20251125221214130100000001\"}",
            "value_wo": null,
            "value_wo_version": null,
            "version": 1
          },
          "sensitive_attributes": [
            [
              {
                "type": "get_attr",
                "value": "value"
              }
            ],
            [
              {
                "type": "get_attr",
                "value": "value_wo"
              }
            ]
          ],
          "identity_schema_version": 0,
          "identity": {
            "account_id": "576127390344",
            "name": "/kptn/stack/basic/info",
            "region": "us-east-1"
          },
          "private": "bnVsbA==",
          "dependencies": [
            "aws_batch_compute_environment.kptn",
            "aws_batch_job_definition.kptn",
            "aws_batch_job_queue.kptn",
            "aws_cloudwatch_log_group.decider_lambda",
            "aws_cloudwatch_log_group.step_function",
            "aws_dynamodb_table.kptn",
            "aws_ecr_repository.kptn",
            "aws_ecs_cluster.kptn",
            "aws_ecs_task_definition.kptn",
            "aws_efs_access_point.kptn",
            "aws_efs_file_system.kptn",
            "aws_iam_role.batch_service",
            "aws_iam_role.decider_lambda",
            "aws_iam_role.kptn_execution",
            "aws_iam_role.kptn_task",
            "aws_iam_role.step_function",
            "aws_iam_role_policy.decider_lambda",
            "aws_lambda_function.decider",
            "aws_security_group.kptn",
            "aws_sfn_state_machine.this",
            "aws_subnet.kptn",
            "aws_vpc.kptn",
            "data.archive_file.decider_lambda",
            "data.aws_availability_zones.available",
            "data.aws_ecr_authorization_token.token",
            "docker_image.kptn",
            "docker_registry_image.kptn"
          ]
        }
      ]
    },
    {
      "mode": "managed",
      "type": "aws_subnet",
      "name": "kptn",
      "provider": "provider[\"registry.terraform.io/hashicorp/aws\"]",
      "instances": [
        {
          "index_key": "0",
          "schema_version": 1,
          "attributes": {
            "arn": "arn:aws:ec2:us-east-1:576127390344:subnet/subnet-0a72a5a68b4bb6473",
            "assign_ipv6_address_on_creation": false,
            "availability_zone": "us-east-1a",
            "availability_zone_id": "use1-az1",
            "cidr_block": "10.0.1.0/24",
            "customer_owned_ipv4_pool": "",
            "enable_dns64": false,
            "enable_lni_at_device_index": 0,
            "enable_resource_name_dns_a_record_on_launch": false,
            "enable_resource_name_dns_aaaa_record_on_launch": false,
            "id": "subnet-0a72a5a68b4bb6473",
            "ipv6_cidr_block": "",
            "ipv6_cidr_block_association_id": "",
            "ipv6_native": false,
            "map_customer_owned_ip_on_launch": false,
            "map_public_ip_on_launch": true,
            "outpost_arn": "",
            "owner_id": "576127390344",
            "private_dns_hostname_type_on_launch": "ip-name",
            "region": "us-east-1",
            "tags": {
              "Name": "basic-subnet-01"
            },
            "tags_all": {
              "Name": "basic-subnet-01"
            },
            "timeouts": null,
            "vpc_id": "vpc-0e89922e27e683f3c"
          },
          "sensitive_attributes": [],
          "identity_schema_version": 0,
          "identity": {
            "account_id": "576127390344",
            "id": "subnet-0a72a5a68b4bb6473",
            "region": "us-east-1"
          },
          "private": "eyJlMmJmYjczMC1lY2FhLTExZTYtOGY4OC0zNDM2M2JjN2M0YzAiOnsiY3JlYXRlIjo2MDAwMDAwMDAwMDAsImRlbGV0ZSI6MTIwMDAwMDAwMDAwMH0sInNjaGVtYV92ZXJzaW9uIjoiMSJ9",
          "dependencies": [
            "aws_vpc.kptn",
            "data.aws_availability_zones.available"
          ]
        },
        {
          "index_key": "1",
          "schema_version": 1,
          "attributes": {
            "arn": "arn:aws:ec2:us-east-1:576127390344:subnet/subnet-046e75b830910f693",
            "assign_ipv6_address_on_creation": false,
            "availability_zone": "us-east-1b",
            "availability_zone_id": "use1-az2",
            "cidr_block": "10.0.2.0/24",
            "customer_owned_ipv4_pool": "",
            "enable_dns64": false,
            "enable_lni_at_device_index": 0,
            "enable_resource_name_dns_a_record_on_launch": false,
            "enable_resource_name_dns_aaaa_record_on_launch": false,
            "id": "subnet-046e75b830910f693",
            "ipv6_cidr_block": "",
            "ipv6_cidr_block_association_id": "",
            "ipv6_native": false,
            "map_customer_owned_ip_on_launch": false,
            "map_public_ip_on_launch": true,
            "outpost_arn": "",
            "owner_id": "576127390344",
            "private_dns_hostname_type_on_launch": "ip-name",
            "region": "us-east-1",
            "tags": {
              "Name": "basic-subnet-02"
            },
            "tags_all": {
              "Name": "basic-subnet-02"
            },
            "timeouts": null,
            "vpc_id": "vpc-0e89922e27e683f3c"
          },
          "sensitive_attributes": [],
          "identity_schema_version": 0,
          "identity": {
            "account_id": "576127390344",
            "id": "subnet-046e75b830910f693",
            "region": "us-east-1"
          },
          "private": "eyJlMmJmYjczMC1lY2FhLTExZTYtOGY4OC0zNDM2M2JjN2M0YzAiOnsiY3JlYXRlIjo2MDAwMDAwMDAwMDAsImRlbGV0ZSI6MTIwMDAwMDAwMDAwMH0sInNjaGVtYV92ZXJzaW9uIjoiMSJ9",
          "dependencies": [
            "aws_vpc.kptn",
            "data.aws_availability_zones.available"
          ]
        }
      ]
    },
    {
      "mode": "managed",
      "type": "aws_vpc",
      "name": "kptn",
      "provider": "provider[\"registry.terraform.io/hashicorp/aws\"]",
      "instances": [
        {
          "index_key": "main",
          "schema_version": 1,
          "attributes": {
            "arn": "arn:aws:ec2:us-east-1:576127390344:vpc/vpc-0e89922e27e683f3c",
            "assign_generated_ipv6_cidr_block": false,
            "cidr_block": "10.0.0.0/16",
            "default_network_acl_id": "acl-068e9aa0828e8e714",
            "default_route_table_id": "rtb-0ffc7341714ae595d",
            "default_security_group_id": "sg-0137b1c87fb483a2c",
            "dhcp_options_id": "dopt-0c1b9c11d18db5888",
            "enable_dns_hostnames": true,
            "enable_dns_support": true,
            "enable_network_address_usage_metrics": false,
            "id": "vpc-0e89922e27e683f3c",
            "instance_tenancy": "default",
            "ipv4_ipam_pool_id": null,
            "ipv4_netmask_length": null,
            "ipv6_association_id": "",
            "ipv6_cidr_block": "",
            "ipv6_cidr_block_network_border_group": "",
            "ipv6_ipam_pool_id": "",
            "ipv6_netmask_length": 0,
            "main_route_table_id": "rtb-0ffc7341714ae595d",
            "owner_id": "576127390344",
            "region": "us-east-1",
            "tags": {
              "Name": "basic-vpc"
            },
            "tags_all": {
              "Name": "basic-vpc"
            }
          },
          "sensitive_attributes": [],
          "identity_schema_version": 0,
          "identity": {
            "account_id": "576127390344",
            "id": "vpc-0e89922e27e683f3c",
            "region": "us-east-1"
          },
          "private": "eyJzY2hlbWFfdmVyc2lvbiI6IjEifQ=="
        }
      ]
    },
    {
      "mode": "managed",
      "type": "aws_vpc_endpoint",
      "name": "dynamodb",
      "provider": "provider[\"registry.terraform.io/hashicorp/aws\"]",
      "instances": [
        {
          "index_key": "main",
          "schema_version": 0,
          "attributes": {
            "arn": "arn:aws:ec2:us-east-1:576127390344:vpc-endpoint/vpce-0dd487e0587e85db1",
            "auto_accept": null,
            "cidr_blocks": [
              "35.71.70.0/24",
              "3.218.182.0/24",
              "3.218.180.0/23",
              "35.71.68.0/23",
              "52.94.0.0/22",
              "52.119.224.0/20"
            ],
            "dns_entry": [],
            "dns_options": [
              {
                "dns_record_ip_type": "service-defined",
                "private_dns_only_for_inbound_resolver_endpoint": false
              }
            ],
            "id": "vpce-0dd487e0587e85db1",
            "ip_address_type": "ipv4",
            "network_interface_ids": [],
            "owner_id": "576127390344",
            "policy": "{\"Statement\":[{\"Action\":\"*\",\"Effect\":\"Allow\",\"Principal\":\"*\",\"Resource\":\"*\"}],\"Version\":\"2008-10-17\"}",
            "prefix_list_id": "pl-02cd2c6b",
            "private_dns_enabled": false,
            "region": "us-east-1",
            "requester_managed": false,
            "resource_configuration_arn": "",
            "route_table_ids": [
              "rtb-0ffc7341714ae595d"
            ],
            "security_group_ids": [],
            "service_name": "com.amazonaws.us-east-1.dynamodb",
            "service_network_arn": "",
            "service_region": "us-east-1",
            "state": "available",
            "subnet_configuration": [],
            "subnet_ids": [],
            "tags": {
              "Name": "basic-dynamodb-endpoint"
            },
            "tags_all": {
              "Name": "basic-dynamodb-endpoint"
            },
            "timeouts": null,
            "vpc_endpoint_type": "Gateway",
            "vpc_id": "vpc-0e89922e27e683f3c"
          },
          "sensitive_attributes": [],
          "identity_schema_version": 0,
          "identity": {
            "account_id": "576127390344",
            "id": "vpce-0dd487e0587e85db1",
            "region": "us-east-1"
          },
          "private": "eyJlMmJmYjczMC1lY2FhLTExZTYtOGY4OC0zNDM2M2JjN2M0YzAiOnsiY3JlYXRlIjo2MDAwMDAwMDAwMDAsImRlbGV0ZSI6NjAwMDAwMDAwMDAwLCJ1cGRhdGUiOjYwMDAwMDAwMDAwMH19",
          "dependencies": [
            "aws_vpc.kptn"
          ]
        }
      ]
    },
    {
      "mode": "managed",
      "type": "aws_vpc_endpoint",
      "name": "ecr_api",
      "provider": "provider[\"registry.terraform.io/hashicorp/aws\"]",
      "instances": [
        {
          "index_key": "main",
          "schema_version": 0,
          "attributes": {
            "arn": "arn:aws:ec2:us-east-1:576127390344:vpc-endpoint/vpce-06755b07bf203f7a5",
            "auto_accept": null,
            "cidr_blocks": [],
            "dns_entry": [
              {
                "dns_name": "vpce-06755b07bf203f7a5-7osfqwl8.api.ecr.us-east-1.vpce.amazonaws.com",
                "hosted_zone_id": "Z7HUB22UULQXV"
              },
              {
                "dns_name": "vpce-06755b07bf203f7a5-7osfqwl8-us-east-1b.api.ecr.us-east-1.vpce.amazonaws.com",
                "hosted_zone_id": "Z7HUB22UULQXV"
              },
              {
                "dns_name": "vpce-06755b07bf203f7a5-7osfqwl8-us-east-1a.api.ecr.us-east-1.vpce.amazonaws.com",
                "hosted_zone_id": "Z7HUB22UULQXV"
              },
              {
                "dns_name": "api.ecr.us-east-1.amazonaws.com",
                "hosted_zone_id": "Z088858732XJ1D0QO7E8U"
              },
              {
                "dns_name": "ecr.us-east-1.api.aws",
                "hosted_zone_id": "Z08225711BLMWN3EDAS9N"
              }
            ],
            "dns_options": [
              {
                "dns_record_ip_type": "ipv4",
                "private_dns_only_for_inbound_resolver_endpoint": false
              }
            ],
            "id": "vpce-06755b07bf203f7a5",
            "ip_address_type": "ipv4",
            "network_interface_ids": [
              "eni-0953ca254d7e4be23",
              "eni-0effe9999afd447f6"
            ],
            "owner_id": "576127390344",
            "policy": "{\"Statement\":[{\"Action\":\"*\",\"Effect\":\"Allow\",\"Principal\":\"*\",\"Resource\":\"*\"}]}",
            "prefix_list_id": null,
            "private_dns_enabled": true,
            "region": "us-east-1",
            "requester_managed": false,
            "resource_configuration_arn": "",
            "route_table_ids": [],
            "security_group_ids": [
              "sg-03afbf53798a01c67"
            ],
            "service_name": "com.amazonaws.us-east-1.ecr.api",
            "service_network_arn": "",
            "service_region": "us-east-1",
            "state": "available",
            "subnet_configuration": [
              {
                "ipv4": "10.0.1.224",
                "ipv6": "",
                "subnet_id": "subnet-0a72a5a68b4bb6473"
              },
              {
                "ipv4": "10.0.2.151",
                "ipv6": "",
                "subnet_id": "subnet-046e75b830910f693"
              }
            ],
            "subnet_ids": [
              "subnet-046e75b830910f693",
              "subnet-0a72a5a68b4bb6473"
            ],
            "tags": {
              "Name": "basic-ecr-api-endpoint"
            },
            "tags_all": {
              "Name": "basic-ecr-api-endpoint"
            },
            "timeouts": null,
            "vpc_endpoint_type": "Interface",
            "vpc_id": "vpc-0e89922e27e683f3c"
          },
          "sensitive_attributes": [],
          "identity_schema_version": 0,
          "identity": {
            "account_id": "576127390344",
            "id": "vpce-06755b07bf203f7a5",
            "region": "us-east-1"
          },
          "private": "eyJlMmJmYjczMC1lY2FhLTExZTYtOGY4OC0zNDM2M2JjN2M0YzAiOnsiY3JlYXRlIjo2MDAwMDAwMDAwMDAsImRlbGV0ZSI6NjAwMDAwMDAwMDAwLCJ1cGRhdGUiOjYwMDAwMDAwMDAwMH19",
          "dependencies": [
            "aws_security_group.vpc_endpoints",
            "aws_subnet.kptn",
            "aws_vpc.kptn",
            "data.aws_availability_zones.available"
          ]
        }
      ]
    },
    {
      "mode": "managed",
      "type": "aws_vpc_endpoint",
      "name": "ecr_dkr",
      "provider": "provider[\"registry.terraform.io/hashicorp/aws\"]",
      "instances": [
        {
          "index_key": "main",
          "schema_version": 0,
          "attributes": {
            "arn": "arn:aws:ec2:us-east-1:576127390344:vpc-endpoint/vpce-06dd8647275a0741a",
            "auto_accept": null,
            "cidr_blocks": [],
            "dns_entry": [
              {
                "dns_name": "vpce-06dd8647275a0741a-w4etbfg5.dkr.ecr.us-east-1.vpce.amazonaws.com",
                "hosted_zone_id": "Z7HUB22UULQXV"
              },
              {
                "dns_name": "vpce-06dd8647275a0741a-w4etbfg5-us-east-1a.dkr.ecr.us-east-1.vpce.amazonaws.com",
                "hosted_zone_id": "Z7HUB22UULQXV"
              },
              {
                "dns_name": "vpce-06dd8647275a0741a-w4etbfg5-us-east-1b.dkr.ecr.us-east-1.vpce.amazonaws.com",
                "hosted_zone_id": "Z7HUB22UULQXV"
              },
              {
                "dns_name": "dkr.ecr.us-east-1.amazonaws.com",
                "hosted_zone_id": "Z04077901XGY1BCZFMFRB"
              },
              {
                "dns_name": "*.dkr.ecr.us-east-1.amazonaws.com",
                "hosted_zone_id": "Z04077901XGY1BCZFMFRB"
              },
              {
                "dns_name": "dkr-ecr.us-east-1.on.aws",
                "hosted_zone_id": "Z08207503KI5A11YN8ZCF"
              },
              {
                "dns_name": "*.dkr-ecr.us-east-1.on.aws",
                "hosted_zone_id": "Z08207503KI5A11YN8ZCF"
              }
            ],
            "dns_options": [
              {
                "dns_record_ip_type": "ipv4",
                "private_dns_only_for_inbound_resolver_endpoint": false
              }
            ],
            "id": "vpce-06dd8647275a0741a",
            "ip_address_type": "ipv4",
            "network_interface_ids": [
              "eni-022eddd6ff1f54b63",
              "eni-071cd23a722301fd9"
            ],
            "owner_id": "576127390344",
            "policy": "{\"Statement\":[{\"Action\":\"*\",\"Effect\":\"Allow\",\"Principal\":\"*\",\"Resource\":\"*\"}]}",
            "prefix_list_id": null,
            "private_dns_enabled": true,
            "region": "us-east-1",
            "requester_managed": false,
            "resource_configuration_arn": "",
            "route_table_ids": [],
            "security_group_ids": [
              "sg-03afbf53798a01c67"
            ],
            "service_name": "com.amazonaws.us-east-1.ecr.dkr",
            "service_network_arn": "",
            "service_region": "us-east-1",
            "state": "available",
            "subnet_configuration": [
              {
                "ipv4": "10.0.1.191",
                "ipv6": "",
                "subnet_id": "subnet-0a72a5a68b4bb6473"
              },
              {
                "ipv4": "10.0.2.110",
                "ipv6": "",
                "subnet_id": "subnet-046e75b830910f693"
              }
            ],
            "subnet_ids": [
              "subnet-046e75b830910f693",
              "subnet-0a72a5a68b4bb6473"
            ],
            "tags": {
              "Name": "basic-ecr-dkr-endpoint"
            },
            "tags_all": {
              "Name": "basic-ecr-dkr-endpoint"
            },
            "timeouts": null,
            "vpc_endpoint_type": "Interface",
            "vpc_id": "vpc-0e89922e27e683f3c"
          },
          "sensitive_attributes": [],
          "identity_schema_version": 0,
          "identity": {
            "account_id": "576127390344",
            "id": "vpce-06dd8647275a0741a",
            "region": "us-east-1"
          },
          "private": "eyJlMmJmYjczMC1lY2FhLTExZTYtOGY4OC0zNDM2M2JjN2M0YzAiOnsiY3JlYXRlIjo2MDAwMDAwMDAwMDAsImRlbGV0ZSI6NjAwMDAwMDAwMDAwLCJ1cGRhdGUiOjYwMDAwMDAwMDAwMH19",
          "dependencies": [
            "aws_security_group.vpc_endpoints",
            "aws_subnet.kptn",
            "aws_vpc.kptn",
            "data.aws_availability_zones.available"
          ]
        }
      ]
    },
    {
      "mode": "managed",
      "type": "aws_vpc_endpoint",
      "name": "logs",
      "provider": "provider[\"registry.terraform.io/hashicorp/aws\"]",
      "instances": [
        {
          "index_key": "main",
          "schema_version": 0,
          "attributes": {
            "arn": "arn:aws:ec2:us-east-1:576127390344:vpc-endpoint/vpce-0b51cd443ec2c78d3",
            "auto_accept": null,
            "cidr_blocks": [],
            "dns_entry": [
              {
                "dns_name": "vpce-0b51cd443ec2c78d3-ge73vdzo.logs.us-east-1.vpce.amazonaws.com",
                "hosted_zone_id": "Z7HUB22UULQXV"
              },
              {
                "dns_name": "vpce-0b51cd443ec2c78d3-ge73vdzo-us-east-1a.logs.us-east-1.vpce.amazonaws.com",
                "hosted_zone_id": "Z7HUB22UULQXV"
              },
              {
                "dns_name": "vpce-0b51cd443ec2c78d3-ge73vdzo-us-east-1b.logs.us-east-1.vpce.amazonaws.com",
                "hosted_zone_id": "Z7HUB22UULQXV"
              },
              {
                "dns_name": "logs.us-east-1.amazonaws.com",
                "hosted_zone_id": "Z04078621L8TL28TBOKZ8"
              },
              {
                "dns_name": "streaming-logs.us-east-1.amazonaws.com",
                "hosted_zone_id": "Z04541703JWSRIP9TJEYX"
              },
              {
                "dns_name": "streaming-logs.us-east-1.api.aws",
                "hosted_zone_id": "Z04527551FQDY1GA14PAN"
              },
              {
                "dns_name": "logs.us-east-1.api.aws",
                "hosted_zone_id": "Z04078161PU6WJGGRDHL4"
              }
            ],
            "dns_options": [
              {
                "dns_record_ip_type": "ipv4",
                "private_dns_only_for_inbound_resolver_endpoint": false
              }
            ],
            "id": "vpce-0b51cd443ec2c78d3",
            "ip_address_type": "ipv4",
            "network_interface_ids": [
              "eni-025d4b7f6fa81f40e",
              "eni-077a2c86d19e0ef1c"
            ],
            "owner_id": "576127390344",
            "policy": "{\"Statement\":[{\"Action\":\"*\",\"Effect\":\"Allow\",\"Principal\":\"*\",\"Resource\":\"*\"}]}",
            "prefix_list_id": null,
            "private_dns_enabled": true,
            "region": "us-east-1",
            "requester_managed": false,
            "resource_configuration_arn": "",
            "route_table_ids": [],
            "security_group_ids": [
              "sg-03afbf53798a01c67"
            ],
            "service_name": "com.amazonaws.us-east-1.logs",
            "service_network_arn": "",
            "service_region": "us-east-1",
            "state": "available",
            "subnet_configuration": [
              {
                "ipv4": "10.0.1.248",
                "ipv6": "",
                "subnet_id": "subnet-0a72a5a68b4bb6473"
              },
              {
                "ipv4": "10.0.2.160",
                "ipv6": "",
                "subnet_id": "subnet-046e75b830910f693"
              }
            ],
            "subnet_ids": [
              "subnet-046e75b830910f693",
              "subnet-0a72a5a68b4bb6473"
            ],
            "tags": {
              "Name": "basic-logs-endpoint"
            },
            "tags_all": {
              "Name": "basic-logs-endpoint"
            },
            "timeouts": null,
            "vpc_endpoint_type": "Interface",
            "vpc_id": "vpc-0e89922e27e683f3c"
          },
          "sensitive_attributes": [],
          "identity_schema_version": 0,
          "identity": {
            "account_id": "576127390344",
            "id": "vpce-0b51cd443ec2c78d3",
            "region": "us-east-1"
          },
          "private": "eyJlMmJmYjczMC1lY2FhLTExZTYtOGY4OC0zNDM2M2JjN2M0YzAiOnsiY3JlYXRlIjo2MDAwMDAwMDAwMDAsImRlbGV0ZSI6NjAwMDAwMDAwMDAwLCJ1cGRhdGUiOjYwMDAwMDAwMDAwMH19",
          "dependencies": [
            "aws_security_group.vpc_endpoints",
            "aws_subnet.kptn",
            "aws_vpc.kptn",
            "data.aws_availability_zones.available"
          ]
        }
      ]
    },
    {
      "mode": "managed",
      "type": "aws_vpc_endpoint",
      "name": "s3",
      "provider": "provider[\"registry.terraform.io/hashicorp/aws\"]",
      "instances": [
        {
          "index_key": "main",
          "schema_version": 0,
          "attributes": {
            "arn": "arn:aws:ec2:us-east-1:576127390344:vpc-endpoint/vpce-04235e49229e6ea31",
            "auto_accept": null,
            "cidr_blocks": [
              "16.15.176.0/20",
              "16.182.0.0/16",
              "18.34.0.0/19",
              "52.216.0.0/15",
              "54.231.0.0/16",
              "3.5.0.0/19",
              "18.34.232.0/21",
              "16.15.192.0/18"
            ],
            "dns_entry": [],
            "dns_options": [
              {
                "dns_record_ip_type": "service-defined",
                "private_dns_only_for_inbound_resolver_endpoint": false
              }
            ],
            "id": "vpce-04235e49229e6ea31",
            "ip_address_type": "ipv4",
            "network_interface_ids": [],
            "owner_id": "576127390344",
            "policy": "{\"Statement\":[{\"Action\":\"*\",\"Effect\":\"Allow\",\"Principal\":\"*\",\"Resource\":\"*\"}],\"Version\":\"2008-10-17\"}",
            "prefix_list_id": "pl-63a5400a",
            "private_dns_enabled": false,
            "region": "us-east-1",
            "requester_managed": false,
            "resource_configuration_arn": "",
            "route_table_ids": [
              "rtb-0ffc7341714ae595d"
            ],
            "security_group_ids": [],
            "service_name": "com.amazonaws.us-east-1.s3",
            "service_network_arn": "",
            "service_region": "us-east-1",
            "state": "available",
            "subnet_configuration": [],
            "subnet_ids": [],
            "tags": {
              "Name": "basic-s3-endpoint"
            },
            "tags_all": {
              "Name": "basic-s3-endpoint"
            },
            "timeouts": null,
            "vpc_endpoint_type": "Gateway",
            "vpc_id": "vpc-0e89922e27e683f3c"
          },
          "sensitive_attributes": [],
          "identity_schema_version": 0,
          "identity": {
            "account_id": "576127390344",
            "id": "vpce-04235e49229e6ea31",
            "region": "us-east-1"
          },
          "private": "eyJlMmJmYjczMC1lY2FhLTExZTYtOGY4OC0zNDM2M2JjN2M0YzAiOnsiY3JlYXRlIjo2MDAwMDAwMDAwMDAsImRlbGV0ZSI6NjAwMDAwMDAwMDAwLCJ1cGRhdGUiOjYwMDAwMDAwMDAwMH19",
          "dependencies": [
            "aws_vpc.kptn"
          ]
        }
      ]
    }
  ],
  "check_results": [
    {
      "object_kind": "resource",
      "config_addr": "aws_batch_compute_environment.kptn",
      "status": "pass",
      "objects": [
        {
          "object_addr": "aws_batch_compute_environment.kptn[\"main\"]",
          "status": "pass"
        }
      ]
    },
    {
      "object_kind": "var",
      "config_addr": "var.batch_compute_resources_type",
      "status": "pass",
      "objects": [
        {
          "object_addr": "var.batch_compute_resources_type",
          "status": "pass"
        }
      ]
    },
    {
      "object_kind": "resource",
      "config_addr": "aws_batch_job_definition.kptn",
      "status": "pass",
      "objects": [
        {
          "object_addr": "aws_batch_job_definition.kptn[\"main\"]",
          "status": "pass"
        }
      ]
    }
  ]
}
