version = 1
revision = 3
requires-python = ">=3.13"

[[package]]
name = "alubia"
source = { editable = "." }
dependencies = [
    { name = "attrs" },
    { name = "rpds-py" },
]

[package.dev-dependencies]
test = [
    { name = "pytest" },
]

[package.metadata]
requires-dist = [
    { name = "attrs", specifier = ">=25.4.0" },
    { name = "rpds-py", specifier = ">=0.29.0" },
]

[package.metadata.requires-dev]
test = [{ name = "pytest" }]

[[package]]
name = "attrs"
version = "25.4.0"
source = { registry = "https://pypi.org/simple" }
sdist = { url = "https://files.pythonhosted.org/packages/6b/5c/685e6633917e101e5dcb62b9dd76946cbb57c26e133bae9e0cd36033c0a9/attrs-25.4.0.tar.gz", hash = "sha256:16d5969b87f0859ef33a48b35d55ac1be6e42ae49d5e853b597db70c35c57e11", size = 934251, upload-time = "2025-10-06T13:54:44.725Z" }
wheels = [
    { url = "https://files.pythonhosted.org/packages/3a/2a/7cc015f5b9f5db42b7d48157e23356022889fc354a2813c15934b7cb5c0e/attrs-25.4.0-py3-none-any.whl", hash = "sha256:adcf7e2a1fb3b36ac48d97835bb6d8ade15b8dcce26aba8bf1d14847b57a3373", size = 67615, upload-time = "2025-10-06T13:54:43.17Z" },
]

[[package]]
name = "colorama"
version = "0.4.6"
source = { registry = "https://pypi.org/simple" }
sdist = { url = "https://files.pythonhosted.org/packages/d8/53/6f443c9a4a8358a93a6792e2acffb9d9d5cb0a5cfd8802644b7b1c9a02e4/colorama-0.4.6.tar.gz", hash = "sha256:08695f5cb7ed6e0531a20572697297273c47b8cae5a63ffc6d6ed5c201be6e44", size = 27697, upload-time = "2022-10-25T02:36:22.414Z" }
wheels = [
    { url = "https://files.pythonhosted.org/packages/d1/d6/3965ed04c63042e047cb6a3e6ed1a63a35087b6a609aa3a15ed8ac56c221/colorama-0.4.6-py2.py3-none-any.whl", hash = "sha256:4f1d9991f5acc0ca119f9d443620b77f9d6b33703e51011c16baf57afb285fc6", size = 25335, upload-time = "2022-10-25T02:36:20.889Z" },
]

[[package]]
name = "iniconfig"
version = "2.3.0"
source = { registry = "https://pypi.org/simple" }
sdist = { url = "https://files.pythonhosted.org/packages/72/34/14ca021ce8e5dfedc35312d08ba8bf51fdd999c576889fc2c24cb97f4f10/iniconfig-2.3.0.tar.gz", hash = "sha256:c76315c77db068650d49c5b56314774a7804df16fee4402c1f19d6d15d8c4730", size = 20503, upload-time = "2025-10-18T21:55:43.219Z" }
wheels = [
    { url = "https://files.pythonhosted.org/packages/cb/b1/3846dd7f199d53cb17f49cba7e651e9ce294d8497c8c150530ed11865bb8/iniconfig-2.3.0-py3-none-any.whl", hash = "sha256:f631c04d2c48c52b84d0d0549c99ff3859c98df65b3101406327ecc7d53fbf12", size = 7484, upload-time = "2025-10-18T21:55:41.639Z" },
]

[[package]]
name = "packaging"
version = "25.0"
source = { registry = "https://pypi.org/simple" }
sdist = { url = "https://files.pythonhosted.org/packages/a1/d4/1fc4078c65507b51b96ca8f8c3ba19e6a61c8253c72794544580a7b6c24d/packaging-25.0.tar.gz", hash = "sha256:d443872c98d677bf60f6a1f2f8c1cb748e8fe762d2bf9d3148b5599295b0fc4f", size = 165727, upload-time = "2025-04-19T11:48:59.673Z" }
wheels = [
    { url = "https://files.pythonhosted.org/packages/20/12/38679034af332785aac8774540895e234f4d07f7545804097de4b666afd8/packaging-25.0-py3-none-any.whl", hash = "sha256:29572ef2b1f17581046b3a2227d5c611fb25ec70ca1ba8554b24b0e69331a484", size = 66469, upload-time = "2025-04-19T11:48:57.875Z" },
]

[[package]]
name = "pluggy"
version = "1.6.0"
source = { registry = "https://pypi.org/simple" }
sdist = { url = "https://files.pythonhosted.org/packages/f9/e2/3e91f31a7d2b083fe6ef3fa267035b518369d9511ffab804f839851d2779/pluggy-1.6.0.tar.gz", hash = "sha256:7dcc130b76258d33b90f61b658791dede3486c3e6bfb003ee5c9bfb396dd22f3", size = 69412, upload-time = "2025-05-15T12:30:07.975Z" }
wheels = [
    { url = "https://files.pythonhosted.org/packages/54/20/4d324d65cc6d9205fabedc306948156824eb9f0ee1633355a8f7ec5c66bf/pluggy-1.6.0-py3-none-any.whl", hash = "sha256:e920276dd6813095e9377c0bc5566d94c932c33b27a3e3945d8389c374dd4746", size = 20538, upload-time = "2025-05-15T12:30:06.134Z" },
]

[[package]]
name = "pygments"
version = "2.19.2"
source = { registry = "https://pypi.org/simple" }
sdist = { url = "https://files.pythonhosted.org/packages/b0/77/a5b8c569bf593b0140bde72ea885a803b82086995367bf2037de0159d924/pygments-2.19.2.tar.gz", hash = "sha256:636cb2477cec7f8952536970bc533bc43743542f70392ae026374600add5b887", size = 4968631, upload-time = "2025-06-21T13:39:12.283Z" }
wheels = [
    { url = "https://files.pythonhosted.org/packages/c7/21/705964c7812476f378728bdf590ca4b771ec72385c533964653c68e86bdc/pygments-2.19.2-py3-none-any.whl", hash = "sha256:86540386c03d588bb81d44bc3928634ff26449851e99741617ecb9037ee5ec0b", size = 1225217, upload-time = "2025-06-21T13:39:07.939Z" },
]

[[package]]
name = "pytest"
version = "9.0.1"
source = { registry = "https://pypi.org/simple" }
dependencies = [
    { name = "colorama", marker = "sys_platform == 'win32'" },
    { name = "iniconfig" },
    { name = "packaging" },
    { name = "pluggy" },
    { name = "pygments" },
]
sdist = { url = "https://files.pythonhosted.org/packages/07/56/f013048ac4bc4c1d9be45afd4ab209ea62822fb1598f40687e6bf45dcea4/pytest-9.0.1.tar.gz", hash = "sha256:3e9c069ea73583e255c3b21cf46b8d3c56f6e3a1a8f6da94ccb0fcf57b9d73c8", size = 1564125, upload-time = "2025-11-12T13:05:09.333Z" }
wheels = [
    { url = "https://files.pythonhosted.org/packages/0b/8b/6300fb80f858cda1c51ffa17075df5d846757081d11ab4aa35cef9e6258b/pytest-9.0.1-py3-none-any.whl", hash = "sha256:67be0030d194df2dfa7b556f2e56fb3c3315bd5c8822c6951162b92b32ce7dad", size = 373668, upload-time = "2025-11-12T13:05:07.379Z" },
]

[[package]]
name = "rpds-py"
version = "0.29.0"
source = { registry = "https://pypi.org/simple" }
sdist = { url = "https://files.pythonhosted.org/packages/98/33/23b3b3419b6a3e0f559c7c0d2ca8fc1b9448382b25245033788785921332/rpds_py-0.29.0.tar.gz", hash = "sha256:fe55fe686908f50154d1dc599232016e50c243b438c3b7432f24e2895b0e5359", size = 69359, upload-time = "2025-11-16T14:50:39.532Z" }
wheels = [
    { url = "https://files.pythonhosted.org/packages/fd/d9/c5de60d9d371bbb186c3e9bf75f4fc5665e11117a25a06a6b2e0afb7380e/rpds_py-0.29.0-cp313-cp313-macosx_10_12_x86_64.whl", hash = "sha256:1585648d0760b88292eecab5181f5651111a69d90eff35d6b78aa32998886a61", size = 375710, upload-time = "2025-11-16T14:48:41.063Z" },
    { url = "https://files.pythonhosted.org/packages/b3/b3/0860cdd012291dc21272895ce107f1e98e335509ba986dd83d72658b82b9/rpds_py-0.29.0-cp313-cp313-macosx_11_0_arm64.whl", hash = "sha256:521807963971a23996ddaf764c682b3e46459b3c58ccd79fefbe16718db43154", size = 360582, upload-time = "2025-11-16T14:48:42.423Z" },
    { url = "https://files.pythonhosted.org/packages/92/8a/a18c2f4a61b3407e56175f6aab6deacdf9d360191a3d6f38566e1eaf7266/rpds_py-0.29.0-cp313-cp313-manylinux_2_17_aarch64.manylinux2014_aarch64.whl", hash = "sha256:0a8896986efaa243ab713c69e6491a4138410f0fe36f2f4c71e18bd5501e8014", size = 391172, upload-time = "2025-11-16T14:48:43.75Z" },
    { url = "https://files.pythonhosted.org/packages/fd/49/e93354258508c50abc15cdcd5fcf7ac4117f67bb6233ad7859f75e7372a0/rpds_py-0.29.0-cp313-cp313-manylinux_2_17_armv7l.manylinux2014_armv7l.whl", hash = "sha256:1d24564a700ef41480a984c5ebed62b74e6ce5860429b98b1fede76049e953e6", size = 409586, upload-time = "2025-11-16T14:48:45.498Z" },
    { url = "https://files.pythonhosted.org/packages/5a/8d/a27860dae1c19a6bdc901f90c81f0d581df1943355802961a57cdb5b6cd1/rpds_py-0.29.0-cp313-cp313-manylinux_2_17_ppc64le.manylinux2014_ppc64le.whl", hash = "sha256:e6596b93c010d386ae46c9fba9bfc9fc5965fa8228edeac51576299182c2e31c", size = 516339, upload-time = "2025-11-16T14:48:47.308Z" },
    { url = "https://files.pythonhosted.org/packages/fc/ad/a75e603161e79b7110c647163d130872b271c6b28712c803c65d492100f7/rpds_py-0.29.0-cp313-cp313-manylinux_2_17_s390x.manylinux2014_s390x.whl", hash = "sha256:5cc58aac218826d054c7da7f95821eba94125d88be673ff44267bb89d12a5866", size = 416201, upload-time = "2025-11-16T14:48:48.615Z" },
    { url = "https://files.pythonhosted.org/packages/b9/42/555b4ee17508beafac135c8b450816ace5a96194ce97fefc49d58e5652ea/rpds_py-0.29.0-cp313-cp313-manylinux_2_17_x86_64.manylinux2014_x86_64.whl", hash = "sha256:de73e40ebc04dd5d9556f50180395322193a78ec247e637e741c1b954810f295", size = 395095, upload-time = "2025-11-16T14:48:50.027Z" },
    { url = "https://files.pythonhosted.org/packages/cd/f0/c90b671b9031e800ec45112be42ea9f027f94f9ac25faaac8770596a16a1/rpds_py-0.29.0-cp313-cp313-manylinux_2_31_riscv64.whl", hash = "sha256:295ce5ac7f0cf69a651ea75c8f76d02a31f98e5698e82a50a5f4d4982fbbae3b", size = 410077, upload-time = "2025-11-16T14:48:51.515Z" },
    { url = "https://files.pythonhosted.org/packages/3d/80/9af8b640b81fe21e6f718e9dec36c0b5f670332747243130a5490f292245/rpds_py-0.29.0-cp313-cp313-manylinux_2_5_i686.manylinux1_i686.whl", hash = "sha256:1ea59b23ea931d494459c8338056fe7d93458c0bf3ecc061cd03916505369d55", size = 424548, upload-time = "2025-11-16T14:48:53.237Z" },
    { url = "https://files.pythonhosted.org/packages/e4/0b/b5647446e991736e6a495ef510e6710df91e880575a586e763baeb0aa770/rpds_py-0.29.0-cp313-cp313-musllinux_1_2_aarch64.whl", hash = "sha256:f49d41559cebd608042fdcf54ba597a4a7555b49ad5c1c0c03e0af82692661cd", size = 573661, upload-time = "2025-11-16T14:48:54.769Z" },
    { url = "https://files.pythonhosted.org/packages/f7/b3/1b1c9576839ff583d1428efbf59f9ee70498d8ce6c0b328ac02f1e470879/rpds_py-0.29.0-cp313-cp313-musllinux_1_2_i686.whl", hash = "sha256:05a2bd42768ea988294ca328206efbcc66e220d2d9b7836ee5712c07ad6340ea", size = 600937, upload-time = "2025-11-16T14:48:56.247Z" },
    { url = "https://files.pythonhosted.org/packages/6c/7b/b6cfca2f9fee4c4494ce54f7fb1b9f578867495a9aa9fc0d44f5f735c8e0/rpds_py-0.29.0-cp313-cp313-musllinux_1_2_x86_64.whl", hash = "sha256:33ca7bdfedd83339ca55da3a5e1527ee5870d4b8369456b5777b197756f3ca22", size = 564496, upload-time = "2025-11-16T14:48:57.691Z" },
    { url = "https://files.pythonhosted.org/packages/b9/fb/ba29ec7f0f06eb801bac5a23057a9ff7670623b5e8013bd59bec4aa09de8/rpds_py-0.29.0-cp313-cp313-win32.whl", hash = "sha256:20c51ae86a0bb9accc9ad4e6cdeec58d5ebb7f1b09dd4466331fc65e1766aae7", size = 223126, upload-time = "2025-11-16T14:48:59.058Z" },
    { url = "https://files.pythonhosted.org/packages/3c/6b/0229d3bed4ddaa409e6d90b0ae967ed4380e4bdd0dad6e59b92c17d42457/rpds_py-0.29.0-cp313-cp313-win_amd64.whl", hash = "sha256:6410e66f02803600edb0b1889541f4b5cc298a5ccda0ad789cc50ef23b54813e", size = 239771, upload-time = "2025-11-16T14:49:00.872Z" },
    { url = "https://files.pythonhosted.org/packages/e4/38/d2868f058b164f8efd89754d85d7b1c08b454f5c07ac2e6cc2e9bd4bd05b/rpds_py-0.29.0-cp313-cp313-win_arm64.whl", hash = "sha256:56838e1cd9174dc23c5691ee29f1d1be9eab357f27efef6bded1328b23e1ced2", size = 229994, upload-time = "2025-11-16T14:49:02.673Z" },
    { url = "https://files.pythonhosted.org/packages/52/91/5de91c5ec7d41759beec9b251630824dbb8e32d20c3756da1a9a9d309709/rpds_py-0.29.0-cp313-cp313t-macosx_10_12_x86_64.whl", hash = "sha256:37d94eadf764d16b9a04307f2ab1d7af6dc28774bbe0535c9323101e14877b4c", size = 365886, upload-time = "2025-11-16T14:49:04.133Z" },
    { url = "https://files.pythonhosted.org/packages/85/7c/415d8c1b016d5f47ecec5145d9d6d21002d39dce8761b30f6c88810b455a/rpds_py-0.29.0-cp313-cp313t-macosx_11_0_arm64.whl", hash = "sha256:d472cf73efe5726a067dce63eebe8215b14beabea7c12606fd9994267b3cfe2b", size = 355262, upload-time = "2025-11-16T14:49:05.543Z" },
    { url = "https://files.pythonhosted.org/packages/3d/14/bf83e2daa4f980e4dc848aed9299792a8b84af95e12541d9e7562f84a6ef/rpds_py-0.29.0-cp313-cp313t-manylinux_2_17_aarch64.manylinux2014_aarch64.whl", hash = "sha256:72fdfd5ff8992e4636621826371e3ac5f3e3b8323e9d0e48378e9c13c3dac9d0", size = 384826, upload-time = "2025-11-16T14:49:07.301Z" },
    { url = "https://files.pythonhosted.org/packages/33/b8/53330c50a810ae22b4fbba5e6cf961b68b9d72d9bd6780a7c0a79b070857/rpds_py-0.29.0-cp313-cp313t-manylinux_2_17_armv7l.manylinux2014_armv7l.whl", hash = "sha256:2549d833abdf8275c901313b9e8ff8fba57e50f6a495035a2a4e30621a2f7cc4", size = 394234, upload-time = "2025-11-16T14:49:08.782Z" },
    { url = "https://files.pythonhosted.org/packages/cc/32/01e2e9645cef0e584f518cfde4567563e57db2257244632b603f61b40e50/rpds_py-0.29.0-cp313-cp313t-manylinux_2_17_ppc64le.manylinux2014_ppc64le.whl", hash = "sha256:4448dad428f28a6a767c3e3b80cde3446a22a0efbddaa2360f4bb4dc836d0688", size = 520008, upload-time = "2025-11-16T14:49:10.253Z" },
    { url = "https://files.pythonhosted.org/packages/98/c3/0d1b95a81affae2b10f950782e33a1fd2edd6ce2a479966cac98c9a66f57/rpds_py-0.29.0-cp313-cp313t-manylinux_2_17_s390x.manylinux2014_s390x.whl", hash = "sha256:115f48170fd4296a33938d8c11f697f5f26e0472e43d28f35624764173a60e4d", size = 409569, upload-time = "2025-11-16T14:49:12.478Z" },
    { url = "https://files.pythonhosted.org/packages/fa/60/aa3b8678f3f009f675b99174fa2754302a7fbfe749162e8043d111de2d88/rpds_py-0.29.0-cp313-cp313t-manylinux_2_17_x86_64.manylinux2014_x86_64.whl", hash = "sha256:8e5bb73ffc029820f4348e9b66b3027493ae00bca6629129cd433fd7a76308ee", size = 385188, upload-time = "2025-11-16T14:49:13.88Z" },
    { url = "https://files.pythonhosted.org/packages/92/02/5546c1c8aa89c18d40c1fcffdcc957ba730dee53fb7c3ca3a46f114761d2/rpds_py-0.29.0-cp313-cp313t-manylinux_2_31_riscv64.whl", hash = "sha256:b1581fcde18fcdf42ea2403a16a6b646f8eb1e58d7f90a0ce693da441f76942e", size = 398587, upload-time = "2025-11-16T14:49:15.339Z" },
    { url = "https://files.pythonhosted.org/packages/6c/e0/ad6eeaf47e236eba052fa34c4073078b9e092bd44da6bbb35aaae9580669/rpds_py-0.29.0-cp313-cp313t-manylinux_2_5_i686.manylinux1_i686.whl", hash = "sha256:16e9da2bda9eb17ea318b4c335ec9ac1818e88922cbe03a5743ea0da9ecf74fb", size = 416641, upload-time = "2025-11-16T14:49:16.832Z" },
    { url = "https://files.pythonhosted.org/packages/1a/93/0acedfd50ad9cdd3879c615a6dc8c5f1ce78d2fdf8b87727468bb5bb4077/rpds_py-0.29.0-cp313-cp313t-musllinux_1_2_aarch64.whl", hash = "sha256:28fd300326dd21198f311534bdb6d7e989dd09b3418b3a91d54a0f384c700967", size = 566683, upload-time = "2025-11-16T14:49:18.342Z" },
    { url = "https://files.pythonhosted.org/packages/62/53/8c64e0f340a9e801459fc6456821abc15b3582cb5dc3932d48705a9d9ac7/rpds_py-0.29.0-cp313-cp313t-musllinux_1_2_i686.whl", hash = "sha256:2aba991e041d031c7939e1358f583ae405a7bf04804ca806b97a5c0e0af1ea5e", size = 592730, upload-time = "2025-11-16T14:49:19.767Z" },
    { url = "https://files.pythonhosted.org/packages/85/ef/3109b6584f8c4b0d2490747c916df833c127ecfa82be04d9a40a376f2090/rpds_py-0.29.0-cp313-cp313t-musllinux_1_2_x86_64.whl", hash = "sha256:7f437026dbbc3f08c99cc41a5b2570c6e1a1ddbe48ab19a9b814254128d4ea7a", size = 557361, upload-time = "2025-11-16T14:49:21.574Z" },
    { url = "https://files.pythonhosted.org/packages/ff/3b/61586475e82d57f01da2c16edb9115a618afe00ce86fe1b58936880b15af/rpds_py-0.29.0-cp313-cp313t-win32.whl", hash = "sha256:6e97846e9800a5d0fe7be4d008f0c93d0feeb2700da7b1f7528dabafb31dfadb", size = 211227, upload-time = "2025-11-16T14:49:23.03Z" },
    { url = "https://files.pythonhosted.org/packages/3b/3a/12dc43f13594a54ea0c9d7e9d43002116557330e3ad45bc56097ddf266e2/rpds_py-0.29.0-cp313-cp313t-win_amd64.whl", hash = "sha256:f49196aec7c4b406495f60e6f947ad71f317a765f956d74bbd83996b9edc0352", size = 225248, upload-time = "2025-11-16T14:49:24.841Z" },
    { url = "https://files.pythonhosted.org/packages/89/b1/0b1474e7899371d9540d3bbb2a499a3427ae1fc39c998563fe9035a1073b/rpds_py-0.29.0-cp314-cp314-macosx_10_12_x86_64.whl", hash = "sha256:394d27e4453d3b4d82bb85665dc1fcf4b0badc30fc84282defed71643b50e1a1", size = 363731, upload-time = "2025-11-16T14:49:26.683Z" },
    { url = "https://files.pythonhosted.org/packages/28/12/3b7cf2068d0a334ed1d7b385a9c3c8509f4c2bcba3d4648ea71369de0881/rpds_py-0.29.0-cp314-cp314-macosx_11_0_arm64.whl", hash = "sha256:55d827b2ae95425d3be9bc9a5838b6c29d664924f98146557f7715e331d06df8", size = 354343, upload-time = "2025-11-16T14:49:28.24Z" },
    { url = "https://files.pythonhosted.org/packages/eb/73/5afcf8924bc02a749416eda64e17ac9c9b28f825f4737385295a0e99b0c1/rpds_py-0.29.0-cp314-cp314-manylinux_2_17_aarch64.manylinux2014_aarch64.whl", hash = "sha256:fc31a07ed352e5462d3ee1b22e89285f4ce97d5266f6d1169da1142e78045626", size = 385406, upload-time = "2025-11-16T14:49:29.943Z" },
    { url = "https://files.pythonhosted.org/packages/c8/37/5db736730662508535221737a21563591b6f43c77f2e388951c42f143242/rpds_py-0.29.0-cp314-cp314-manylinux_2_17_armv7l.manylinux2014_armv7l.whl", hash = "sha256:c4695dd224212f6105db7ea62197144230b808d6b2bba52238906a2762f1d1e7", size = 396162, upload-time = "2025-11-16T14:49:31.833Z" },
    { url = "https://files.pythonhosted.org/packages/70/0d/491c1017d14f62ce7bac07c32768d209a50ec567d76d9f383b4cfad19b80/rpds_py-0.29.0-cp314-cp314-manylinux_2_17_ppc64le.manylinux2014_ppc64le.whl", hash = "sha256:fcae1770b401167f8b9e1e3f566562e6966ffa9ce63639916248a9e25fa8a244", size = 517719, upload-time = "2025-11-16T14:49:33.804Z" },
    { url = "https://files.pythonhosted.org/packages/d7/25/b11132afcb17cd5d82db173f0c8dab270ffdfaba43e5ce7a591837ae9649/rpds_py-0.29.0-cp314-cp314-manylinux_2_17_s390x.manylinux2014_s390x.whl", hash = "sha256:90f30d15f45048448b8da21c41703b31c61119c06c216a1bf8c245812a0f0c17", size = 409498, upload-time = "2025-11-16T14:49:35.222Z" },
    { url = "https://files.pythonhosted.org/packages/0f/7d/e6543cedfb2e6403a1845710a5ab0e0ccf8fc288e0b5af9a70bfe2c12053/rpds_py-0.29.0-cp314-cp314-manylinux_2_17_x86_64.manylinux2014_x86_64.whl", hash = "sha256:44a91e0ab77bdc0004b43261a4b8cd6d6b451e8d443754cfda830002b5745b32", size = 382743, upload-time = "2025-11-16T14:49:36.704Z" },
    { url = "https://files.pythonhosted.org/packages/75/11/a4ebc9f654293ae9fefb83b2b6be7f3253e85ea42a5db2f77d50ad19aaeb/rpds_py-0.29.0-cp314-cp314-manylinux_2_31_riscv64.whl", hash = "sha256:4aa195e5804d32c682e453b34474f411ca108e4291c6a0f824ebdc30a91c973c", size = 400317, upload-time = "2025-11-16T14:49:39.132Z" },
    { url = "https://files.pythonhosted.org/packages/52/18/97677a60a81c7f0e5f64e51fb3f8271c5c8fcabf3a2df18e97af53d7c2bf/rpds_py-0.29.0-cp314-cp314-manylinux_2_5_i686.manylinux1_i686.whl", hash = "sha256:7971bdb7bf4ee0f7e6f67fa4c7fbc6019d9850cc977d126904392d363f6f8318", size = 416979, upload-time = "2025-11-16T14:49:40.575Z" },
    { url = "https://files.pythonhosted.org/packages/f0/69/28ab391a9968f6c746b2a2db181eaa4d16afaa859fedc9c2f682d19f7e18/rpds_py-0.29.0-cp314-cp314-musllinux_1_2_aarch64.whl", hash = "sha256:8ae33ad9ce580c7a47452c3b3f7d8a9095ef6208e0a0c7e4e2384f9fc5bf8212", size = 567288, upload-time = "2025-11-16T14:49:42.24Z" },
    { url = "https://files.pythonhosted.org/packages/3b/d3/0c7afdcdb830eee94f5611b64e71354ffe6ac8df82d00c2faf2bfffd1d4e/rpds_py-0.29.0-cp314-cp314-musllinux_1_2_i686.whl", hash = "sha256:c661132ab2fb4eeede2ef69670fd60da5235209874d001a98f1542f31f2a8a94", size = 593157, upload-time = "2025-11-16T14:49:43.782Z" },
    { url = "https://files.pythonhosted.org/packages/e2/ac/a0fcbc2feed4241cf26d32268c195eb88ddd4bd862adfc9d4b25edfba535/rpds_py-0.29.0-cp314-cp314-musllinux_1_2_x86_64.whl", hash = "sha256:bb78b3a0d31ac1bde132c67015a809948db751cb4e92cdb3f0b242e430b6ed0d", size = 554741, upload-time = "2025-11-16T14:49:45.557Z" },
    { url = "https://files.pythonhosted.org/packages/0f/f1/fcc24137c470df8588674a677f33719d5800ec053aaacd1de8a5d5d84d9e/rpds_py-0.29.0-cp314-cp314-win32.whl", hash = "sha256:f475f103488312e9bd4000bc890a95955a07b2d0b6e8884aef4be56132adbbf1", size = 215508, upload-time = "2025-11-16T14:49:47.562Z" },
    { url = "https://files.pythonhosted.org/packages/7b/c7/1d169b2045512eac019918fc1021ea07c30e84a4343f9f344e3e0aa8c788/rpds_py-0.29.0-cp314-cp314-win_amd64.whl", hash = "sha256:b9cf2359a4fca87cfb6801fae83a76aedf66ee1254a7a151f1341632acf67f1b", size = 228125, upload-time = "2025-11-16T14:49:49.064Z" },
    { url = "https://files.pythonhosted.org/packages/be/36/0cec88aaba70ec4a6e381c444b0d916738497d27f0c30406e3d9fcbd3bc2/rpds_py-0.29.0-cp314-cp314-win_arm64.whl", hash = "sha256:9ba8028597e824854f0f1733d8b964e914ae3003b22a10c2c664cb6927e0feb9", size = 221992, upload-time = "2025-11-16T14:49:50.777Z" },
    { url = "https://files.pythonhosted.org/packages/b1/fa/a2e524631717c9c0eb5d90d30f648cfba6b731047821c994acacb618406c/rpds_py-0.29.0-cp314-cp314t-macosx_10_12_x86_64.whl", hash = "sha256:e71136fd0612556b35c575dc2726ae04a1669e6a6c378f2240312cf5d1a2ab10", size = 366425, upload-time = "2025-11-16T14:49:52.691Z" },
    { url = "https://files.pythonhosted.org/packages/a2/a4/6d43ebe0746ff694a30233f63f454aed1677bd50ab7a59ff6b2bb5ac61f2/rpds_py-0.29.0-cp314-cp314t-macosx_11_0_arm64.whl", hash = "sha256:76fe96632d53f3bf0ea31ede2f53bbe3540cc2736d4aec3b3801b0458499ef3a", size = 355282, upload-time = "2025-11-16T14:49:54.292Z" },
    { url = "https://files.pythonhosted.org/packages/fa/a7/52fd8270e0320b09eaf295766ae81dd175f65394687906709b3e75c71d06/rpds_py-0.29.0-cp314-cp314t-manylinux_2_17_aarch64.manylinux2014_aarch64.whl", hash = "sha256:9459a33f077130dbb2c7c3cea72ee9932271fb3126404ba2a2661e4fe9eb7b79", size = 384968, upload-time = "2025-11-16T14:49:55.857Z" },
    { url = "https://files.pythonhosted.org/packages/f4/7d/e6bc526b7a14e1ef80579a52c1d4ad39260a058a51d66c6039035d14db9d/rpds_py-0.29.0-cp314-cp314t-manylinux_2_17_armv7l.manylinux2014_armv7l.whl", hash = "sha256:5c9546cfdd5d45e562cc0444b6dddc191e625c62e866bf567a2c69487c7ad28a", size = 394714, upload-time = "2025-11-16T14:49:57.343Z" },
    { url = "https://files.pythonhosted.org/packages/c0/3f/f0ade3954e7db95c791e7eaf978aa7e08a756d2046e8bdd04d08146ed188/rpds_py-0.29.0-cp314-cp314t-manylinux_2_17_ppc64le.manylinux2014_ppc64le.whl", hash = "sha256:12597d11d97b8f7e376c88929a6e17acb980e234547c92992f9f7c058f1a7310", size = 520136, upload-time = "2025-11-16T14:49:59.162Z" },
    { url = "https://files.pythonhosted.org/packages/87/b3/07122ead1b97009715ab9d4082be6d9bd9546099b2b03fae37c3116f72be/rpds_py-0.29.0-cp314-cp314t-manylinux_2_17_s390x.manylinux2014_s390x.whl", hash = "sha256:28de03cf48b8a9e6ec10318f2197b83946ed91e2891f651a109611be4106ac4b", size = 409250, upload-time = "2025-11-16T14:50:00.698Z" },
    { url = "https://files.pythonhosted.org/packages/c9/c6/dcbee61fd1dc892aedcb1b489ba661313101aa82ec84b1a015d4c63ebfda/rpds_py-0.29.0-cp314-cp314t-manylinux_2_17_x86_64.manylinux2014_x86_64.whl", hash = "sha256:fd7951c964069039acc9d67a8ff1f0a7f34845ae180ca542b17dc1456b1f1808", size = 384940, upload-time = "2025-11-16T14:50:02.312Z" },
    { url = "https://files.pythonhosted.org/packages/47/11/914ecb6f3574cf9bf8b38aced4063e0f787d6e1eb30b181a7efbc6c1da9a/rpds_py-0.29.0-cp314-cp314t-manylinux_2_31_riscv64.whl", hash = "sha256:c07d107b7316088f1ac0177a7661ca0c6670d443f6fe72e836069025e6266761", size = 399392, upload-time = "2025-11-16T14:50:03.829Z" },
    { url = "https://files.pythonhosted.org/packages/f5/fd/2f4bd9433f58f816434bb934313584caa47dbc6f03ce5484df8ac8980561/rpds_py-0.29.0-cp314-cp314t-manylinux_2_5_i686.manylinux1_i686.whl", hash = "sha256:1de2345af363d25696969befc0c1688a6cb5e8b1d32b515ef84fc245c6cddba3", size = 416796, upload-time = "2025-11-16T14:50:05.558Z" },
    { url = "https://files.pythonhosted.org/packages/79/a5/449f0281af33efa29d5c71014399d74842342ae908d8cd38260320167692/rpds_py-0.29.0-cp314-cp314t-musllinux_1_2_aarch64.whl", hash = "sha256:00e56b12d2199ca96068057e1ae7f9998ab6e99cda82431afafd32f3ec98cca9", size = 566843, upload-time = "2025-11-16T14:50:07.243Z" },
    { url = "https://files.pythonhosted.org/packages/ab/32/0a6a1ccee2e37fcb1b7ba9afde762b77182dbb57937352a729c6cd3cf2bb/rpds_py-0.29.0-cp314-cp314t-musllinux_1_2_i686.whl", hash = "sha256:3919a3bbecee589300ed25000b6944174e07cd20db70552159207b3f4bbb45b8", size = 593956, upload-time = "2025-11-16T14:50:09.029Z" },
    { url = "https://files.pythonhosted.org/packages/4a/3d/eb820f95dce4306f07a495ede02fb61bef36ea201d9137d4fcd5ab94ec1e/rpds_py-0.29.0-cp314-cp314t-musllinux_1_2_x86_64.whl", hash = "sha256:e7fa2ccc312bbd91e43aa5e0869e46bc03278a3dddb8d58833150a18b0f0283a", size = 557288, upload-time = "2025-11-16T14:50:10.73Z" },
    { url = "https://files.pythonhosted.org/packages/e9/f8/b8ff786f40470462a252918e0836e0db903c28e88e3eec66bc4a7856ee5d/rpds_py-0.29.0-cp314-cp314t-win32.whl", hash = "sha256:97c817863ffc397f1e6a6e9d2d89fe5408c0a9922dac0329672fb0f35c867ea5", size = 211382, upload-time = "2025-11-16T14:50:12.827Z" },
    { url = "https://files.pythonhosted.org/packages/c9/7f/1a65ae870bc9d0576aebb0c501ea5dccf1ae2178fe2821042150ebd2e707/rpds_py-0.29.0-cp314-cp314t-win_amd64.whl", hash = "sha256:2023473f444752f0f82a58dfcbee040d0a1b3d1b3c2ec40e884bd25db6d117d2", size = 225919, upload-time = "2025-11-16T14:50:14.734Z" },
]
