{
  "requires": true,
  "lockfileVersion": 1,
  "dependencies": {
    "adf-builder": {
      "version": "3.3.0",
      "resolved": "https://registry.npmjs.org/adf-builder/-/adf-builder-3.3.0.tgz",
      "integrity": "sha512-zl5Sk2HtJk/E+gBnD0g51w5wIEEujaAbzsBhSsteO8Fnef7v+7pvas0FeQuLCAgOxrwy945HWAB1gQ4yjPI3/g=="
    },
    "marked": {
      "version": "0.8.2",
      "resolved": "https://registry.npmjs.org/marked/-/marked-0.8.2.tgz",
      "integrity": "sha512-EGwzEeCcLniFX51DhTpmTom+dSA/MG/OBUDjnWtHbEnjAH180VzUeAw+oE4+Zv+CoYBWyRlYOTR0N8SO9R1PVw=="
    },
    "md-to-adf": {
      "version": "0.6.4",
      "resolved": "https://registry.npmjs.org/md-to-adf/-/md-to-adf-0.6.4.tgz",
      "integrity": "sha512-MynWm2w+adyzeaCJGXoOjgHAAhql0I9jR2Bq55hM7GQ05u6cGX7jThdWN6dgVSGnBmuAGmZGy2rDGBP+hJRckA==",
      "requires": {
        "adf-builder": "^3.3.0",
        "marked": "^0.8.2"
      }
    }
  }
}
