{
  "lockfileVersion": 1,
  "configVersion": 1,
  "workspaces": {
    "": {
      "dependencies": {
        "@opencode-ai/plugin": "1.0.119",
      },
    },
  },
  "packages": {
    "@opencode-ai/plugin": ["@opencode-ai/plugin@1.0.119", "", { "dependencies": { "@opencode-ai/sdk": "1.0.119", "zod": "4.1.8" } }, "sha512-9EKaakOrtAiAr0hnQFekduze+ofWCvDK/U49H2z55MJjV2j28KRdUYqQ4KSZic1cnpLTP1A9KZC8iM48jv0f6w=="],

    "@opencode-ai/sdk": ["@opencode-ai/sdk@1.0.119", "", {}, "sha512-6QamTWRHZZcPOJ2uKca5kG2YB5mtySctnFYQ4wPI7xZOGDhkzEcMYBlFmLhCkcp7qTNuk3YLdEnsgNEts9/XsQ=="],

    "zod": ["zod@4.1.8", "", {}, "sha512-5R1P+WwQqmmMIEACyzSvo4JXHY5WiAFHRMg+zBZKgKS+Q1viRa0C1hmUKtHltoIFKtIdki3pRxkmpP74jnNYHQ=="],
  }
}
