version = 1
requires-python = "==3.12.*"

[[package]]
name = "annotated-types"
version = "0.7.0"
source = { registry = "http://pypi.local.xmov.ai/xmov/release/+simple/" }
sdist = { url = "http://pypi.local.xmov.ai/root/pypi/+f/aff/07c09a53a08bc/annotated_types-0.7.0.tar.gz", hash = "sha256:aff07c09a53a08bc8cfccb9c85b05f1aa9a2a6f23728d790723543408344ce89" }
wheels = [
    { url = "http://pypi.local.xmov.ai/root/pypi/+f/1f0/2e8b43a8fbbc3/annotated_types-0.7.0-py3-none-any.whl", hash = "sha256:1f02e8b43a8fbbc3f3e0d4f0f4bfc8131bcb4eebe8849b8e5c773f3a1c582a53" },
]

[[package]]
name = "asgiref"
version = "3.8.1"
source = { registry = "http://pypi.local.xmov.ai/xmov/release/+simple/" }
sdist = { url = "http://pypi.local.xmov.ai/root/pypi/+f/c34/3bd80a0bec947/asgiref-3.8.1.tar.gz", hash = "sha256:c343bd80a0bec947a9860adb4c432ffa7db769836c64238fc34bdc3fec84d590" }
wheels = [
    { url = "http://pypi.local.xmov.ai/root/pypi/+f/3e1/e3ecc849832fe/asgiref-3.8.1-py3-none-any.whl", hash = "sha256:3e1e3ecc849832fe52ccf2cb6686b7a55f82bb1d6aee72a58826471390335e47" },
]

[[package]]
name = "asr-api"
version = "0.1.0"
source = { virtual = "." }
dependencies = [
    { name = "channels", extra = ["daphne"] },
    { name = "channels-redis" },
    { name = "daphne" },
    { name = "django" },
    { name = "django-jsonform" },
    { name = "django-ninja-chao-fix" },
    { name = "django-pydantic-field" },
    { name = "django-redis" },
    { name = "minio-xmov" },
    { name = "mysql-connector-python" },
    { name = "twisted", extra = ["http2", "tls"] },
    { name = "websockets" },
]

[package.metadata]
requires-dist = [
    { name = "channels", extras = ["daphne"], specifier = "==4.2.0" },
    { name = "channels-redis", specifier = "==4.2.1" },
    { name = "daphne", specifier = "==4.1.2" },
    { name = "django", specifier = "==5.1.3" },
    { name = "django-jsonform", specifier = "==2.23.1" },
    { name = "django-ninja-chao-fix", specifier = "==1.3.0" },
    { name = "django-pydantic-field", specifier = "==0.3.10" },
    { name = "django-redis", specifier = "==5.4.0" },
    { name = "minio-xmov", specifier = "==7.1.17" },
    { name = "mysql-connector-python", specifier = "==9.1.0" },
    { name = "twisted", extras = ["http2", "tls"], specifier = "==24.10.0" },
    { name = "websockets", specifier = "==14.1" },
]

[[package]]
name = "attrs"
version = "24.2.0"
source = { registry = "http://pypi.local.xmov.ai/xmov/release/+simple/" }
sdist = { url = "http://pypi.local.xmov.ai/root/pypi/+f/5cf/b1b9148b5b086/attrs-24.2.0.tar.gz", hash = "sha256:5cfb1b9148b5b086569baec03f20d7b6bf3bcacc9a42bebf87ffaaca362f6346" }
wheels = [
    { url = "http://pypi.local.xmov.ai/root/pypi/+f/819/21eb96de3191c/attrs-24.2.0-py3-none-any.whl", hash = "sha256:81921eb96de3191c8258c199618104dd27ac608d9366f5e35d011eae1867ede2" },
]

[[package]]
name = "autobahn"
version = "24.4.2"
source = { registry = "http://pypi.local.xmov.ai/xmov/release/+simple/" }
dependencies = [
    { name = "cryptography" },
    { name = "hyperlink" },
    { name = "setuptools" },
    { name = "txaio" },
]
sdist = { url = "http://pypi.local.xmov.ai/root/pypi/+f/a2d/71ef1b0cf780b/autobahn-24.4.2.tar.gz", hash = "sha256:a2d71ef1b0cf780b6d11f8b205fd2c7749765e65795f2ea7d823796642ee92c9" }
wheels = [
    { url = "http://pypi.local.xmov.ai/root/pypi/+f/c56/a2abe7ac78abb/autobahn-24.4.2-py2.py3-none-any.whl", hash = "sha256:c56a2abe7ac78abbfb778c02892d673a4de58fd004d088cd7ab297db25918e81" },
]

[[package]]
name = "automat"
version = "24.8.1"
source = { registry = "http://pypi.local.xmov.ai/xmov/release/+simple/" }
sdist = { url = "http://pypi.local.xmov.ai/root/pypi/+f/b34/227cf63f6325b/automat-24.8.1.tar.gz", hash = "sha256:b34227cf63f6325b8ad2399ede780675083e439b20c323d376373d8ee6306d88" }
wheels = [
    { url = "http://pypi.local.xmov.ai/root/pypi/+f/bf0/29a7bc3da1e2c/Automat-24.8.1-py3-none-any.whl", hash = "sha256:bf029a7bc3da1e2c24da2343e7598affaa9f10bf0ab63ff808566ce90551e02a" },
]

[[package]]
name = "certifi"
version = "2024.8.30"
source = { registry = "https://mirrors.huaweicloud.com/repository/pypi/simple" }
sdist = { url = "https://mirrors.huaweicloud.com/repository/pypi/packages/b0/ee/9b19140fe824b367c04c5e1b369942dd754c4c5462d5674002f75c4dedc1/certifi-2024.8.30.tar.gz", hash = "sha256:bec941d2aa8195e248a60b31ff9f0558284cf01a52591ceda73ea9afffd69fd9" }
wheels = [
    { url = "https://mirrors.huaweicloud.com/repository/pypi/packages/12/90/3c9ff0512038035f59d279fddeb79f5f1eccd8859f06d6163c58798b9487/certifi-2024.8.30-py3-none-any.whl", hash = "sha256:922820b53db7a7257ffbda3f597266d435245903d80737e34f8a45ff3e3230d8" },
]

[[package]]
name = "cffi"
version = "1.17.1"
source = { registry = "https://mirrors.huaweicloud.com/repository/pypi/simple" }
dependencies = [
    { name = "pycparser" },
]
sdist = { url = "https://mirrors.huaweicloud.com/repository/pypi/packages/fc/97/c783634659c2920c3fc70419e3af40972dbaf758daa229a7d6ea6135c90d/cffi-1.17.1.tar.gz", hash = "sha256:1c39c6016c32bc48dd54561950ebd6836e1670f2ae46128f67cf49e789c52824" }
wheels = [
    { url = "https://mirrors.huaweicloud.com/repository/pypi/packages/5a/84/e94227139ee5fb4d600a7a4927f322e1d4aea6fdc50bd3fca8493caba23f/cffi-1.17.1-cp312-cp312-macosx_10_9_x86_64.whl", hash = "sha256:805b4371bf7197c329fcb3ead37e710d1bca9da5d583f5073b799d5c5bd1eee4" },
    { url = "https://mirrors.huaweicloud.com/repository/pypi/packages/da/ee/fb72c2b48656111c4ef27f0f91da355e130a923473bf5ee75c5643d00cca/cffi-1.17.1-cp312-cp312-macosx_11_0_arm64.whl", hash = "sha256:733e99bc2df47476e3848417c5a4540522f234dfd4ef3ab7fafdf555b082ec0c" },
    { url = "https://mirrors.huaweicloud.com/repository/pypi/packages/cc/b6/db007700f67d151abadf508cbfd6a1884f57eab90b1bb985c4c8c02b0f28/cffi-1.17.1-cp312-cp312-manylinux_2_12_i686.manylinux2010_i686.manylinux_2_17_i686.manylinux2014_i686.whl", hash = "sha256:1257bdabf294dceb59f5e70c64a3e2f462c30c7ad68092d01bbbfb1c16b1ba36" },
    { url = "https://mirrors.huaweicloud.com/repository/pypi/packages/1a/df/f8d151540d8c200eb1c6fba8cd0dfd40904f1b0682ea705c36e6c2e97ab3/cffi-1.17.1-cp312-cp312-manylinux_2_17_aarch64.manylinux2014_aarch64.whl", hash = "sha256:da95af8214998d77a98cc14e3a3bd00aa191526343078b530ceb0bd710fb48a5" },
    { url = "https://mirrors.huaweicloud.com/repository/pypi/packages/28/c0/b31116332a547fd2677ae5b78a2ef662dfc8023d67f41b2a83f7c2aa78b1/cffi-1.17.1-cp312-cp312-manylinux_2_17_ppc64le.manylinux2014_ppc64le.whl", hash = "sha256:d63afe322132c194cf832bfec0dc69a99fb9bb6bbd550f161a49e9e855cc78ff" },
    { url = "https://mirrors.huaweicloud.com/repository/pypi/packages/91/2b/9a1ddfa5c7f13cab007a2c9cc295b70fbbda7cb10a286aa6810338e60ea1/cffi-1.17.1-cp312-cp312-manylinux_2_17_s390x.manylinux2014_s390x.whl", hash = "sha256:f79fc4fc25f1c8698ff97788206bb3c2598949bfe0fef03d299eb1b5356ada99" },
    { url = "https://mirrors.huaweicloud.com/repository/pypi/packages/b2/d5/da47df7004cb17e4955df6a43d14b3b4ae77737dff8bf7f8f333196717bf/cffi-1.17.1-cp312-cp312-manylinux_2_17_x86_64.manylinux2014_x86_64.whl", hash = "sha256:b62ce867176a75d03a665bad002af8e6d54644fad99a3c70905c543130e39d93" },
    { url = "https://mirrors.huaweicloud.com/repository/pypi/packages/0b/ac/2a28bcf513e93a219c8a4e8e125534f4f6db03e3179ba1c45e949b76212c/cffi-1.17.1-cp312-cp312-musllinux_1_1_aarch64.whl", hash = "sha256:386c8bf53c502fff58903061338ce4f4950cbdcb23e2902d86c0f722b786bbe3" },
    { url = "https://mirrors.huaweicloud.com/repository/pypi/packages/d4/38/ca8a4f639065f14ae0f1d9751e70447a261f1a30fa7547a828ae08142465/cffi-1.17.1-cp312-cp312-musllinux_1_1_x86_64.whl", hash = "sha256:4ceb10419a9adf4460ea14cfd6bc43d08701f0835e979bf821052f1805850fe8" },
    { url = "https://mirrors.huaweicloud.com/repository/pypi/packages/86/c5/28b2d6f799ec0bdecf44dced2ec5ed43e0eb63097b0f58c293583b406582/cffi-1.17.1-cp312-cp312-win32.whl", hash = "sha256:a08d7e755f8ed21095a310a693525137cfe756ce62d066e53f502a83dc550f65" },
    { url = "https://mirrors.huaweicloud.com/repository/pypi/packages/50/b9/db34c4755a7bd1cb2d1603ac3863f22bcecbd1ba29e5ee841a4bc510b294/cffi-1.17.1-cp312-cp312-win_amd64.whl", hash = "sha256:51392eae71afec0d0c8fb1a53b204dbb3bcabcb3c9b807eedf3e1e6ccf2de903" },
]

[[package]]
name = "channels"
version = "4.2.0"
source = { registry = "http://pypi.local.xmov.ai/xmov/release/+simple/" }
dependencies = [
    { name = "asgiref" },
    { name = "django" },
]
sdist = { url = "http://pypi.local.xmov.ai/root/pypi/+f/d9e/707487431ba5d/channels-4.2.0.tar.gz", hash = "sha256:d9e707487431ba5dbce9af982970dab3b0efd786580fadb99e45dca5e39fdd59" }
wheels = [
    { url = "http://pypi.local.xmov.ai/root/pypi/+f/6b7/5bc8d6888fb72/channels-4.2.0-py3-none-any.whl", hash = "sha256:6b75bc8d6888fb7236e7e7bf1948520b72d296ad08216a242fc56b1db0ffde1a" },
]

[package.optional-dependencies]
daphne = [
    { name = "daphne" },
]

[[package]]
name = "channels-redis"
version = "4.2.1"
source = { registry = "http://pypi.local.xmov.ai/xmov/release/+simple/" }
dependencies = [
    { name = "asgiref" },
    { name = "channels" },
    { name = "msgpack" },
    { name = "redis" },
]
sdist = { url = "http://pypi.local.xmov.ai/root/pypi/+f/837/5e81493e68479/channels_redis-4.2.1.tar.gz", hash = "sha256:8375e81493e684792efe6e6eca60ef3d7782ef76c6664057d2e5c31e80d636dd" }
wheels = [
    { url = "http://pypi.local.xmov.ai/root/pypi/+f/2ca/33105b3a04b5a/channels_redis-4.2.1-py3-none-any.whl", hash = "sha256:2ca33105b3a04b5a327a9c47dd762b546f30b76a0cd3f3f593a23d91d346b6f4" },
]

[[package]]
name = "constantly"
version = "23.10.4"
source = { registry = "http://pypi.local.xmov.ai/xmov/release/+simple/" }
sdist = { url = "http://pypi.local.xmov.ai/root/pypi/+f/aa9/2b70a33e2ac0b/constantly-23.10.4.tar.gz", hash = "sha256:aa92b70a33e2ac0bb33cd745eb61776594dc48764b06c35e0efd050b7f1c7cbd" }
wheels = [
    { url = "http://pypi.local.xmov.ai/root/pypi/+f/3fd/9b4d1c3dc1ec9/constantly-23.10.4-py3-none-any.whl", hash = "sha256:3fd9b4d1c3dc1ec9757f3c52aef7e53ad9323dbe39f51dfd4c43853b68dfa3f9" },
]

[[package]]
name = "cryptography"
version = "44.0.0"
source = { registry = "http://pypi.local.xmov.ai/xmov/release/+simple/" }
dependencies = [
    { name = "cffi", marker = "platform_python_implementation != 'PyPy'" },
]
sdist = { url = "http://pypi.local.xmov.ai/root/pypi/+f/cd4/e834f340b4293/cryptography-44.0.0.tar.gz", hash = "sha256:cd4e834f340b4293430701e772ec543b0fbe6c2dea510a5286fe0acabe153a02" }
wheels = [
    { url = "http://pypi.local.xmov.ai/root/pypi/+f/841/11ad4ff3f6253/cryptography-44.0.0-cp37-abi3-macosx_10_9_universal2.whl", hash = "sha256:84111ad4ff3f6253820e6d3e58be2cc2a00adb29335d4cacb5ab4d4d34f2a123" },
    { url = "http://pypi.local.xmov.ai/root/pypi/+f/b15/492a11f9e1b62/cryptography-44.0.0-cp37-abi3-manylinux_2_17_aarch64.manylinux2014_aarch64.whl", hash = "sha256:b15492a11f9e1b62ba9d73c210e2416724633167de94607ec6069ef724fad092" },
    { url = "http://pypi.local.xmov.ai/root/pypi/+f/831/c3c4d0774e488/cryptography-44.0.0-cp37-abi3-manylinux_2_17_x86_64.manylinux2014_x86_64.whl", hash = "sha256:831c3c4d0774e488fdc83a1923b49b9957d33287de923d58ebd3cec47a0ae43f" },
    { url = "http://pypi.local.xmov.ai/root/pypi/+f/761/817a3377ef15a/cryptography-44.0.0-cp37-abi3-manylinux_2_28_aarch64.whl", hash = "sha256:761817a3377ef15ac23cd7834715081791d4ec77f9297ee694ca1ee9c2c7e5eb" },
    { url = "http://pypi.local.xmov.ai/root/pypi/+f/3c6/72a53c0fb4725/cryptography-44.0.0-cp37-abi3-manylinux_2_28_x86_64.whl", hash = "sha256:3c672a53c0fb4725a29c303be906d3c1fa99c32f58abe008a82705f9ee96f40b" },
    { url = "http://pypi.local.xmov.ai/root/pypi/+f/4ac/4c9f37eba52cb/cryptography-44.0.0-cp37-abi3-manylinux_2_34_aarch64.whl", hash = "sha256:4ac4c9f37eba52cb6fbeaf5b59c152ea976726b865bd4cf87883a7e7006cc543" },
    { url = "http://pypi.local.xmov.ai/root/pypi/+f/60e/b32934076fa07/cryptography-44.0.0-cp37-abi3-manylinux_2_34_x86_64.whl", hash = "sha256:60eb32934076fa07e4316b7b2742fa52cbb190b42c2df2863dbc4230a0a9b385" },
    { url = "http://pypi.local.xmov.ai/root/pypi/+f/ed3/534eb1090483c/cryptography-44.0.0-cp37-abi3-musllinux_1_2_aarch64.whl", hash = "sha256:ed3534eb1090483c96178fcb0f8893719d96d5274dfde98aa6add34614e97c8e" },
    { url = "http://pypi.local.xmov.ai/root/pypi/+f/f3f/6fdfa89ee2d9d/cryptography-44.0.0-cp37-abi3-musllinux_1_2_x86_64.whl", hash = "sha256:f3f6fdfa89ee2d9d496e2c087cebef9d4fcbb0ad63c40e821b39f74bf48d9c5e" },
    { url = "http://pypi.local.xmov.ai/root/pypi/+f/eb3/3480f1bad5b78/cryptography-44.0.0-cp37-abi3-win32.whl", hash = "sha256:eb33480f1bad5b78233b0ad3e1b0be21e8ef1da745d8d2aecbb20671658b9053" },
    { url = "http://pypi.local.xmov.ai/root/pypi/+f/abc/998e0c0eee3c8/cryptography-44.0.0-cp37-abi3-win_amd64.whl", hash = "sha256:abc998e0c0eee3c8a1904221d3f67dcfa76422b23620173e28c11d3e626c21bd" },
    { url = "http://pypi.local.xmov.ai/root/pypi/+f/660/cb7312a08bc38/cryptography-44.0.0-cp39-abi3-macosx_10_9_universal2.whl", hash = "sha256:660cb7312a08bc38be15b696462fa7cc7cd85c3ed9c576e81f4dc4d8b2b31591" },
    { url = "http://pypi.local.xmov.ai/root/pypi/+f/192/3cb251c04be85/cryptography-44.0.0-cp39-abi3-manylinux_2_17_aarch64.manylinux2014_aarch64.whl", hash = "sha256:1923cb251c04be85eec9fda837661c67c1049063305d6be5721643c22dd4e2b7" },
    { url = "http://pypi.local.xmov.ai/root/pypi/+f/404/fdc66ee5f83a1/cryptography-44.0.0-cp39-abi3-manylinux_2_17_x86_64.manylinux2014_x86_64.whl", hash = "sha256:404fdc66ee5f83a1388be54300ae978b2efd538018de18556dde92575e05defc" },
    { url = "http://pypi.local.xmov.ai/root/pypi/+f/c5e/b858beed7835e/cryptography-44.0.0-cp39-abi3-manylinux_2_28_aarch64.whl", hash = "sha256:c5eb858beed7835e5ad1faba59e865109f3e52b3783b9ac21e7e47dc5554e289" },
    { url = "http://pypi.local.xmov.ai/root/pypi/+f/f53/c2c87e0fb4b0c/cryptography-44.0.0-cp39-abi3-manylinux_2_28_x86_64.whl", hash = "sha256:f53c2c87e0fb4b0c00fa9571082a057e37690a8f12233306161c8f4b819960b7" },
    { url = "http://pypi.local.xmov.ai/root/pypi/+f/9e6/fc8a08e116fb7/cryptography-44.0.0-cp39-abi3-manylinux_2_34_aarch64.whl", hash = "sha256:9e6fc8a08e116fb7c7dd1f040074c9d7b51d74a8ea40d4df2fc7aa08b76b9e6c" },
    { url = "http://pypi.local.xmov.ai/root/pypi/+f/9ab/cc2e083cbe8dd/cryptography-44.0.0-cp39-abi3-manylinux_2_34_x86_64.whl", hash = "sha256:9abcc2e083cbe8dde89124a47e5e53ec38751f0d7dfd36801008f316a127d7ba" },
    { url = "http://pypi.local.xmov.ai/root/pypi/+f/d24/36114e46b36d0/cryptography-44.0.0-cp39-abi3-musllinux_1_2_aarch64.whl", hash = "sha256:d2436114e46b36d00f8b72ff57e598978b37399d2786fd39793c36c6d5cb1c64" },
    { url = "http://pypi.local.xmov.ai/root/pypi/+f/a01/956ddfa0a6790/cryptography-44.0.0-cp39-abi3-musllinux_1_2_x86_64.whl", hash = "sha256:a01956ddfa0a6790d594f5b34fc1bfa6098aca434696a03cfdbe469b8ed79285" },
    { url = "http://pypi.local.xmov.ai/root/pypi/+f/eca/27345e1214d1b/cryptography-44.0.0-cp39-abi3-win32.whl", hash = "sha256:eca27345e1214d1b9f9490d200f9db5a874479be914199194e746c893788d417" },
    { url = "http://pypi.local.xmov.ai/root/pypi/+f/708/ee5f1bafe76d0/cryptography-44.0.0-cp39-abi3-win_amd64.whl", hash = "sha256:708ee5f1bafe76d041b53a4f95eb28cdeb8d18da17e597d46d7833ee59b97ede" },
]

[[package]]
name = "daphne"
version = "4.1.2"
source = { registry = "http://pypi.local.xmov.ai/xmov/release/+simple/" }
dependencies = [
    { name = "asgiref" },
    { name = "autobahn" },
    { name = "twisted", extra = ["tls"] },
]
sdist = { url = "http://pypi.local.xmov.ai/root/pypi/+f/fcb/cace38eb86624/daphne-4.1.2.tar.gz", hash = "sha256:fcbcace38eb86624ae247c7ffdc8ac12f155d7d19eafac4247381896d6f33761" }
wheels = [
    { url = "http://pypi.local.xmov.ai/root/pypi/+f/618/d1322bb4d8753/daphne-4.1.2-py3-none-any.whl", hash = "sha256:618d1322bb4d875342b99dd2a10da2d9aae7ee3645f765965fdc1e658ea5290a" },
]

[[package]]
name = "django"
version = "5.1.3"
source = { registry = "http://pypi.local.xmov.ai/xmov/release/+simple/" }
dependencies = [
    { name = "asgiref" },
    { name = "sqlparse" },
    { name = "tzdata", marker = "sys_platform == 'win32'" },
]
sdist = { url = "http://pypi.local.xmov.ai/root/pypi/+f/c0f/a0e619c39325a/Django-5.1.3.tar.gz", hash = "sha256:c0fa0e619c39325a169208caef234f90baa925227032ad3f44842ba14d75234a" }
wheels = [
    { url = "http://pypi.local.xmov.ai/root/pypi/+f/8b3/8a9a12da3ae00/Django-5.1.3-py3-none-any.whl", hash = "sha256:8b38a9a12da3ae00cb0ba72da985ec4b14de6345046b1e174b1fd7254398f818" },
]

[[package]]
name = "django-jsonform"
version = "2.23.1"
source = { registry = "http://pypi.local.xmov.ai/xmov/release/+simple/" }
dependencies = [
    { name = "django" },
]
sdist = { url = "http://pypi.local.xmov.ai/root/pypi/+f/b75/ea31263fbdde7/django_jsonform-2.23.1.tar.gz", hash = "sha256:b75ea31263fbdde7190c1b02422587208359b19b1a9babc15ec3ed8260b26af9" }
wheels = [
    { url = "http://pypi.local.xmov.ai/root/pypi/+f/cd5/900c9f4f69d90/django_jsonform-2.23.1-py3-none-any.whl", hash = "sha256:cd5900c9f4f69d90a40b3a495aeb66bf43f562b82bfb64be40a78a51bbc04a11" },
]

[[package]]
name = "django-ninja-chao-fix"
version = "1.3.0"
source = { registry = "http://pypi.local.xmov.ai/xmov/release/+simple/" }
dependencies = [
    { name = "django" },
    { name = "pydantic" },
]
wheels = [
    { url = "http://pypi.local.xmov.ai/xmov/release/+f/f6f/4eb9e4b21b3aa/django_ninja_chao_fix-1.3.0-py3-none-any.whl", hash = "sha256:f6f4eb9e4b21b3aa60fa456e8686d7f2a0b19710b0268bc6983a695e53b1d9ca" },
]

[[package]]
name = "django-pydantic-field"
version = "0.3.10"
source = { registry = "http://pypi.local.xmov.ai/xmov/release/+simple/" }
dependencies = [
    { name = "django" },
    { name = "pydantic" },
    { name = "typing-extensions" },
]
sdist = { url = "http://pypi.local.xmov.ai/root/pypi/+f/923/7ad99f2fd1f54/django_pydantic_field-0.3.10.tar.gz", hash = "sha256:9237ad99f2fd1f54aa19c4da68e6c92ef9bcf8d2240f205aeea44a8a9aecdd47" }
wheels = [
    { url = "http://pypi.local.xmov.ai/root/pypi/+f/c98/24962d300dacd/django_pydantic_field-0.3.10-py3-none-any.whl", hash = "sha256:c9824962d300dacd7009b76a64ef9ede81858cc769edbeb25a2c81d338c6f9b8" },
]

[[package]]
name = "django-redis"
version = "5.4.0"
source = { registry = "http://pypi.local.xmov.ai/xmov/release/+simple/" }
dependencies = [
    { name = "django" },
    { name = "redis" },
]
sdist = { url = "http://pypi.local.xmov.ai/root/pypi/+f/6a0/2abaa34b0fea8/django-redis-5.4.0.tar.gz", hash = "sha256:6a02abaa34b0fea8bf9b707d2c363ab6adc7409950b2db93602e6cb292818c42" }
wheels = [
    { url = "http://pypi.local.xmov.ai/root/pypi/+f/ebc/88df7da810732/django_redis-5.4.0-py3-none-any.whl", hash = "sha256:ebc88df7da810732e2af9987f7f426c96204bf89319df4c6da6ca9a2942edd5b" },
]

[[package]]
name = "h2"
version = "4.1.0"
source = { registry = "http://pypi.local.xmov.ai/xmov/release/+simple/" }
dependencies = [
    { name = "hpack" },
    { name = "hyperframe" },
]
sdist = { url = "http://pypi.local.xmov.ai/root/pypi/+f/a83/aca08fbe7aacb/h2-4.1.0.tar.gz", hash = "sha256:a83aca08fbe7aacb79fec788c9c0bac936343560ed9ec18b82a13a12c28d2abb" }
wheels = [
    { url = "http://pypi.local.xmov.ai/root/pypi/+f/03a/46bcf682256c9/h2-4.1.0-py3-none-any.whl", hash = "sha256:03a46bcf682256c95b5fd9e9a99c1323584c3eec6440d379b9903d709476bc6d" },
]

[[package]]
name = "hpack"
version = "4.0.0"
source = { registry = "http://pypi.local.xmov.ai/xmov/release/+simple/" }
sdist = { url = "http://pypi.local.xmov.ai/root/pypi/+f/fc4/1de0c63e687eb/hpack-4.0.0.tar.gz", hash = "sha256:fc41de0c63e687ebffde81187a948221294896f6bdc0ae2312708df339430095" }
wheels = [
    { url = "http://pypi.local.xmov.ai/root/pypi/+f/84a/076fad3dc9a9f/hpack-4.0.0-py3-none-any.whl", hash = "sha256:84a076fad3dc9a9f8063ccb8041ef100867b1878b25ef0ee63847a5d53818a6c" },
]

[[package]]
name = "hyperframe"
version = "6.0.1"
source = { registry = "http://pypi.local.xmov.ai/xmov/release/+simple/" }
sdist = { url = "http://pypi.local.xmov.ai/root/pypi/+f/ae5/10046231dc8e9/hyperframe-6.0.1.tar.gz", hash = "sha256:ae510046231dc8e9ecb1a6586f63d2347bf4c8905914aa84ba585ae85f28a914" }
wheels = [
    { url = "http://pypi.local.xmov.ai/root/pypi/+f/0ec/6bafd80d8ad21/hyperframe-6.0.1-py3-none-any.whl", hash = "sha256:0ec6bafd80d8ad2195c4f03aacba3a8265e57bc4cff261e802bf39970ed02a15" },
]

[[package]]
name = "hyperlink"
version = "21.0.0"
source = { registry = "http://pypi.local.xmov.ai/xmov/release/+simple/" }
dependencies = [
    { name = "idna" },
]
sdist = { url = "http://pypi.local.xmov.ai/root/pypi/+f/427/af957daa58bc9/hyperlink-21.0.0.tar.gz", hash = "sha256:427af957daa58bc909471c6c40f74c5450fa123dd093fc53efd2e91d2705a56b" }
wheels = [
    { url = "http://pypi.local.xmov.ai/root/pypi/+f/e6b/14c37ecb73e89/hyperlink-21.0.0-py2.py3-none-any.whl", hash = "sha256:e6b14c37ecb73e89c77d78cdb4c2cc8f3fb59a885c5b3f819ff4ed80f25af1b4" },
]

[[package]]
name = "idna"
version = "3.10"
source = { registry = "http://pypi.local.xmov.ai/xmov/release/+simple/" }
sdist = { url = "http://pypi.local.xmov.ai/root/pypi/+f/12f/65c9b470abda6/idna-3.10.tar.gz", hash = "sha256:12f65c9b470abda6dc35cf8e63cc574b1c52b11df2c86030af0ac09b01b13ea9" }
wheels = [
    { url = "http://pypi.local.xmov.ai/root/pypi/+f/946/d195a0d259cbb/idna-3.10-py3-none-any.whl", hash = "sha256:946d195a0d259cbba61165e88e65941f16e9b36ea6ddb97f00452bae8b1287d3" },
]

[[package]]
name = "incremental"
version = "24.7.2"
source = { registry = "http://pypi.local.xmov.ai/xmov/release/+simple/" }
dependencies = [
    { name = "setuptools" },
]
sdist = { url = "http://pypi.local.xmov.ai/root/pypi/+f/fb4/f1d47ee60efe8/incremental-24.7.2.tar.gz", hash = "sha256:fb4f1d47ee60efe87d4f6f0ebb5f70b9760db2b2574c59c8e8912be4ebd464c9" }
wheels = [
    { url = "http://pypi.local.xmov.ai/root/pypi/+f/8cb/2c3431530bec4/incremental-24.7.2-py3-none-any.whl", hash = "sha256:8cb2c3431530bec48ad70513931a760f446ad6c25e8333ca5d95e24b0ed7b8fe" },
]

[[package]]
name = "minio-xmov"
version = "7.1.17"
source = { registry = "http://pypi.local.xmov.ai/xmov/release/+simple/" }
dependencies = [
    { name = "certifi" },
    { name = "urllib3" },
]
wheels = [
    { url = "http://pypi.local.xmov.ai/xmov/release/+f/47b/bc78cf3453b97/minio_xmov-7.1.17-py3-none-any.whl", hash = "sha256:47bbc78cf3453b9747fb7b630f35d303ecfafff66759bed28cab5d12fbdf0628" },
]

[[package]]
name = "msgpack"
version = "1.1.0"
source = { registry = "http://pypi.local.xmov.ai/xmov/release/+simple/" }
sdist = { url = "http://pypi.local.xmov.ai/root/pypi/+f/dd4/32ccc2c72b914/msgpack-1.1.0.tar.gz", hash = "sha256:dd432ccc2c72b914e4cb77afce64aab761c1137cc698be3984eee260bcb2896e" }
wheels = [
    { url = "http://pypi.local.xmov.ai/root/pypi/+f/d46/cf9e3705ea948/msgpack-1.1.0-cp312-cp312-macosx_10_9_universal2.whl", hash = "sha256:d46cf9e3705ea9485687aa4001a76e44748b609d260af21c4ceea7f2212a501d" },
    { url = "http://pypi.local.xmov.ai/root/pypi/+f/5db/ad74103df937e/msgpack-1.1.0-cp312-cp312-macosx_10_9_x86_64.whl", hash = "sha256:5dbad74103df937e1325cc4bfeaf57713be0b4f15e1c2da43ccdd836393e2ea2" },
    { url = "http://pypi.local.xmov.ai/root/pypi/+f/58d/fc47f8b102da6/msgpack-1.1.0-cp312-cp312-macosx_11_0_arm64.whl", hash = "sha256:58dfc47f8b102da61e8949708b3eafc3504509a5728f8b4ddef84bd9e16ad420" },
    { url = "http://pypi.local.xmov.ai/root/pypi/+f/467/6e5be1b472909/msgpack-1.1.0-cp312-cp312-manylinux_2_17_aarch64.manylinux2014_aarch64.whl", hash = "sha256:4676e5be1b472909b2ee6356ff425ebedf5142427842aa06b4dfd5117d1ca8a2" },
    { url = "http://pypi.local.xmov.ai/root/pypi/+f/17f/b65dd0bec2859/msgpack-1.1.0-cp312-cp312-manylinux_2_17_x86_64.manylinux2014_x86_64.whl", hash = "sha256:17fb65dd0bec285907f68b15734a993ad3fc94332b5bb21b0435846228de1f39" },
    { url = "http://pypi.local.xmov.ai/root/pypi/+f/a51/abd48c6d8ac89/msgpack-1.1.0-cp312-cp312-manylinux_2_5_i686.manylinux1_i686.manylinux_2_17_i686.manylinux2014_i686.whl", hash = "sha256:a51abd48c6d8ac89e0cfd4fe177c61481aca2d5e7ba42044fd218cfd8ea9899f" },
    { url = "http://pypi.local.xmov.ai/root/pypi/+f/213/7773500afa549/msgpack-1.1.0-cp312-cp312-musllinux_1_2_aarch64.whl", hash = "sha256:2137773500afa5494a61b1208619e3871f75f27b03bcfca7b3a7023284140247" },
    { url = "http://pypi.local.xmov.ai/root/pypi/+f/398/b713459fea610/msgpack-1.1.0-cp312-cp312-musllinux_1_2_i686.whl", hash = "sha256:398b713459fea610861c8a7b62a6fec1882759f308ae0795b5413ff6a160cf3c" },
    { url = "http://pypi.local.xmov.ai/root/pypi/+f/06f/5fd2f6bb2a791/msgpack-1.1.0-cp312-cp312-musllinux_1_2_x86_64.whl", hash = "sha256:06f5fd2f6bb2a7914922d935d3b8bb4a7fff3a9a91cfce6d06c13bc42bec975b" },
    { url = "http://pypi.local.xmov.ai/root/pypi/+f/ad3/3e8400e4ec17b/msgpack-1.1.0-cp312-cp312-win32.whl", hash = "sha256:ad33e8400e4ec17ba782f7b9cf868977d867ed784a1f5f2ab46e7ba53b6e1e1b" },
    { url = "http://pypi.local.xmov.ai/root/pypi/+f/115/a7af8ee9e8cdd/msgpack-1.1.0-cp312-cp312-win_amd64.whl", hash = "sha256:115a7af8ee9e8cddc10f87636767857e7e3717b7a2e97379dc2054712693e90f" },
]

[[package]]
name = "mysql-connector-python"
version = "9.1.0"
source = { registry = "http://pypi.local.xmov.ai/xmov/release/+simple/" }
sdist = { url = "http://pypi.local.xmov.ai/root/pypi/+f/346/261a2aeb743a3/mysql-connector-python-9.1.0.tar.gz", hash = "sha256:346261a2aeb743a39cf66ba8bde5e45931d313b76ce0946a69a6d1187ec7d279" }
wheels = [
    { url = "http://pypi.local.xmov.ai/root/pypi/+f/f67/b22e3eaf5b03f/mysql_connector_python-9.1.0-cp312-cp312-macosx_13_0_arm64.whl", hash = "sha256:f67b22e3eaf5b03ffac97232d3dd67b56abcacad907ad4391c847bad5ba58f0e" },
    { url = "http://pypi.local.xmov.ai/root/pypi/+f/c75/f674a52b8820c/mysql_connector_python-9.1.0-cp312-cp312-macosx_13_0_x86_64.whl", hash = "sha256:c75f674a52b8820c90d466183b2bb59f89bcf09d17ebe9b391313d89565c8896" },
    { url = "http://pypi.local.xmov.ai/root/pypi/+f/e75/ecb3df2c2cbe4/mysql_connector_python-9.1.0-cp312-cp312-manylinux_2_28_aarch64.whl", hash = "sha256:e75ecb3df2c2cbe4d92d5dd58a318fa708edebc0fa2d850fc2a9d42481dbb808" },
    { url = "http://pypi.local.xmov.ai/root/pypi/+f/7d9/9c0a841a2c2a0/mysql_connector_python-9.1.0-cp312-cp312-manylinux_2_28_x86_64.whl", hash = "sha256:7d99c0a841a2c2a0e4d5b28376c1bfac794ec3821b66eb6fa2f7702cec820ee8" },
    { url = "http://pypi.local.xmov.ai/root/pypi/+f/30a/8f0ba84f8adf1/mysql_connector_python-9.1.0-cp312-cp312-win_amd64.whl", hash = "sha256:30a8f0ba84f8adf15a4877e80b3f97f786ce35616d918b9310578a2bd22952d5" },
    { url = "http://pypi.local.xmov.ai/root/pypi/+f/dac/f1aa84dc7dd8a/mysql_connector_python-9.1.0-py2.py3-none-any.whl", hash = "sha256:dacf1aa84dc7dd8ae908626c3ae50fce956d0105130c7465fd248a4f035d50b1" },
]

[[package]]
name = "priority"
version = "1.3.0"
source = { registry = "http://pypi.local.xmov.ai/xmov/release/+simple/" }
sdist = { url = "http://pypi.local.xmov.ai/root/pypi/+f/6bc/1961a6d7fcacb/priority-1.3.0.tar.gz", hash = "sha256:6bc1961a6d7fcacbfc337769f1a382c8e746566aaa365e78047abe9f66b2ffbe" }
wheels = [
    { url = "http://pypi.local.xmov.ai/root/pypi/+f/be4/fcb94b5e37cde/priority-1.3.0-py2.py3-none-any.whl", hash = "sha256:be4fcb94b5e37cdeb40af5533afe6dd603bd665fe9c8b3052610fc1001d5d1eb" },
]

[[package]]
name = "pyasn1"
version = "0.6.1"
source = { registry = "http://pypi.local.xmov.ai/xmov/release/+simple/" }
sdist = { url = "http://pypi.local.xmov.ai/root/pypi/+f/6f5/80d2bdd843653/pyasn1-0.6.1.tar.gz", hash = "sha256:6f580d2bdd84365380830acf45550f2511469f673cb4a5ae3857a3170128b034" }
wheels = [
    { url = "http://pypi.local.xmov.ai/root/pypi/+f/0d6/32f46f2ba0914/pyasn1-0.6.1-py3-none-any.whl", hash = "sha256:0d632f46f2ba09143da3a8afe9e33fb6f92fa2320ab7e886e2d0f7672af84629" },
]

[[package]]
name = "pyasn1-modules"
version = "0.4.1"
source = { registry = "http://pypi.local.xmov.ai/xmov/release/+simple/" }
dependencies = [
    { name = "pyasn1" },
]
sdist = { url = "http://pypi.local.xmov.ai/root/pypi/+f/c28/e2dbf9c06ad61/pyasn1_modules-0.4.1.tar.gz", hash = "sha256:c28e2dbf9c06ad61c71a075c7e0f9fd0f1b0bb2d2ad4377f240d33ac2ab60a7c" }
wheels = [
    { url = "http://pypi.local.xmov.ai/root/pypi/+f/49b/fa96b45a292b7/pyasn1_modules-0.4.1-py3-none-any.whl", hash = "sha256:49bfa96b45a292b711e986f222502c1c9a5e1f4e568fc30e2574a6c7d07838fd" },
]

[[package]]
name = "pycparser"
version = "2.22"
source = { registry = "http://pypi.local.xmov.ai/xmov/release/+simple/" }
wheels = [
    { url = "http://pypi.local.xmov.ai/xmov/release/+f/c37/02b6d3dd8c7ab/pycparser-2.22-py3-none-any.whl", hash = "sha256:c3702b6d3dd8c7abc1afa565d7e63d53a1d0bd86cdc24edd75470f4de499cfcc" },
]

[[package]]
name = "pydantic"
version = "2.10.2"
source = { registry = "http://pypi.local.xmov.ai/xmov/release/+simple/" }
dependencies = [
    { name = "annotated-types" },
    { name = "pydantic-core" },
    { name = "typing-extensions" },
]
sdist = { url = "http://pypi.local.xmov.ai/root/pypi/+f/2bc/2d7f17232e084/pydantic-2.10.2.tar.gz", hash = "sha256:2bc2d7f17232e0841cbba4641e65ba1eb6fafb3a08de3a091ff3ce14a197c4fa" }
wheels = [
    { url = "http://pypi.local.xmov.ai/root/pypi/+f/cfb/96e45951117c3/pydantic-2.10.2-py3-none-any.whl", hash = "sha256:cfb96e45951117c3024e6b67b25cdc33a3cb7b2fa62e239f7af1378358a1d99e" },
]

[[package]]
name = "pydantic-core"
version = "2.27.1"
source = { registry = "http://pypi.local.xmov.ai/xmov/release/+simple/" }
dependencies = [
    { name = "typing-extensions" },
]
sdist = { url = "http://pypi.local.xmov.ai/root/pypi/+f/62a/763352879b84a/pydantic_core-2.27.1.tar.gz", hash = "sha256:62a763352879b84aa31058fc931884055fd75089cccbd9d58bb6afd01141b235" }
wheels = [
    { url = "http://pypi.local.xmov.ai/root/pypi/+f/9cb/d94fc661d2bab/pydantic_core-2.27.1-cp312-cp312-macosx_10_12_x86_64.whl", hash = "sha256:9cbd94fc661d2bab2bc702cddd2d3370bbdcc4cd0f8f57488a81bcce90c7a54f" },
    { url = "http://pypi.local.xmov.ai/root/pypi/+f/5f8/c4718cd44ec15/pydantic_core-2.27.1-cp312-cp312-macosx_11_0_arm64.whl", hash = "sha256:5f8c4718cd44ec1580e180cb739713ecda2bdee1341084c1467802a417fe0f02" },
    { url = "http://pypi.local.xmov.ai/root/pypi/+f/15a/ae984e46de8d3/pydantic_core-2.27.1-cp312-cp312-manylinux_2_17_aarch64.manylinux2014_aarch64.whl", hash = "sha256:15aae984e46de8d376df515f00450d1522077254ef6b7ce189b38ecee7c9677c" },
    { url = "http://pypi.local.xmov.ai/root/pypi/+f/1ba/5e3963344ff25/pydantic_core-2.27.1-cp312-cp312-manylinux_2_17_armv7l.manylinux2014_armv7l.whl", hash = "sha256:1ba5e3963344ff25fc8c40da90f44b0afca8cfd89d12964feb79ac1411a260ac" },
    { url = "http://pypi.local.xmov.ai/root/pypi/+f/992/cea5f4f3b29d6/pydantic_core-2.27.1-cp312-cp312-manylinux_2_17_ppc64le.manylinux2014_ppc64le.whl", hash = "sha256:992cea5f4f3b29d6b4f7f1726ed8ee46c8331c6b4eed6db5b40134c6fe1768bb" },
    { url = "http://pypi.local.xmov.ai/root/pypi/+f/032/5336f348dbee6/pydantic_core-2.27.1-cp312-cp312-manylinux_2_17_s390x.manylinux2014_s390x.whl", hash = "sha256:0325336f348dbee6550d129b1627cb8f5351a9dc91aad141ffb96d4937bd9529" },
    { url = "http://pypi.local.xmov.ai/root/pypi/+f/759/7c07fbd11515f/pydantic_core-2.27.1-cp312-cp312-manylinux_2_17_x86_64.manylinux2014_x86_64.whl", hash = "sha256:7597c07fbd11515f654d6ece3d0e4e5093edc30a436c63142d9a4b8e22f19c35" },
    { url = "http://pypi.local.xmov.ai/root/pypi/+f/3bb/d5d8cc692616d/pydantic_core-2.27.1-cp312-cp312-manylinux_2_5_i686.manylinux1_i686.whl", hash = "sha256:3bbd5d8cc692616d5ef6fbbbd50dbec142c7e6ad9beb66b78a96e9c16729b089" },
    { url = "http://pypi.local.xmov.ai/root/pypi/+f/dc6/1505e73298a84/pydantic_core-2.27.1-cp312-cp312-musllinux_1_1_aarch64.whl", hash = "sha256:dc61505e73298a84a2f317255fcc72b710b72980f3a1f670447a21efc88f8381" },
    { url = "http://pypi.local.xmov.ai/root/pypi/+f/e1f/735dc43da318c/pydantic_core-2.27.1-cp312-cp312-musllinux_1_1_armv7l.whl", hash = "sha256:e1f735dc43da318cad19b4173dd1ffce1d84aafd6c9b782b3abc04a0d5a6f5bb" },
    { url = "http://pypi.local.xmov.ai/root/pypi/+f/f4e/5658dbffe8843/pydantic_core-2.27.1-cp312-cp312-musllinux_1_1_x86_64.whl", hash = "sha256:f4e5658dbffe8843a0f12366a4c2d1c316dbe09bb4dfbdc9d2d9cd6031de8aae" },
    { url = "http://pypi.local.xmov.ai/root/pypi/+f/672/ebbe820bb3798/pydantic_core-2.27.1-cp312-none-win32.whl", hash = "sha256:672ebbe820bb37988c4d136eca2652ee114992d5d41c7e4858cdd90ea94ffe5c" },
    { url = "http://pypi.local.xmov.ai/root/pypi/+f/66f/f044fd0bb1768/pydantic_core-2.27.1-cp312-none-win_amd64.whl", hash = "sha256:66ff044fd0bb1768688aecbe28b6190f6e799349221fb0de0e6f4048eca14c16" },
    { url = "http://pypi.local.xmov.ai/root/pypi/+f/9a3/b0793b1bbfd41/pydantic_core-2.27.1-cp312-none-win_arm64.whl", hash = "sha256:9a3b0793b1bbfd4146304e23d90045f2a9b5fd5823aa682665fbdaf2a6c28f3e" },
]

[[package]]
name = "pyopenssl"
version = "24.3.0"
source = { registry = "http://pypi.local.xmov.ai/xmov/release/+simple/" }
dependencies = [
    { name = "cryptography" },
]
sdist = { url = "http://pypi.local.xmov.ai/root/pypi/+f/49f/7a019577d8347/pyopenssl-24.3.0.tar.gz", hash = "sha256:49f7a019577d834746bc55c5fce6ecbcec0f2b4ec5ce1cf43a9a173b8138bb36" }
wheels = [
    { url = "http://pypi.local.xmov.ai/root/pypi/+f/e47/4f5a473cd7f92/pyOpenSSL-24.3.0-py3-none-any.whl", hash = "sha256:e474f5a473cd7f92221cc04976e48f4d11502804657a08a989fb3be5514c904a" },
]

[[package]]
name = "redis"
version = "5.2.0"
source = { registry = "http://pypi.local.xmov.ai/xmov/release/+simple/" }
sdist = { url = "http://pypi.local.xmov.ai/root/pypi/+f/0b1/087665a771b1f/redis-5.2.0.tar.gz", hash = "sha256:0b1087665a771b1ff2e003aa5bdd354f15a70c9e25d5a7dbf9c722c16528a7b0" }
wheels = [
    { url = "http://pypi.local.xmov.ai/root/pypi/+f/ae1/74f2bb3b1bf2b/redis-5.2.0-py3-none-any.whl", hash = "sha256:ae174f2bb3b1bf2b09d54bf3e51fbc1469cf6c10aa03e21141f51969801a7897" },
]

[[package]]
name = "service-identity"
version = "24.2.0"
source = { registry = "http://pypi.local.xmov.ai/xmov/release/+simple/" }
dependencies = [
    { name = "attrs" },
    { name = "cryptography" },
    { name = "pyasn1" },
    { name = "pyasn1-modules" },
]
sdist = { url = "http://pypi.local.xmov.ai/root/pypi/+f/b86/83ba13f0d39c6/service_identity-24.2.0.tar.gz", hash = "sha256:b8683ba13f0d39c6cd5d625d2c5f65421d6d707b013b375c355751557cbe8e09" }
wheels = [
    { url = "http://pypi.local.xmov.ai/root/pypi/+f/6b0/47fbd8a84fd0b/service_identity-24.2.0-py3-none-any.whl", hash = "sha256:6b047fbd8a84fd0bb0d55ebce4031e400562b9196e1e0d3e0fe2b8a59f6d4a85" },
]

[[package]]
name = "setuptools"
version = "75.6.0"
source = { registry = "http://pypi.local.xmov.ai/xmov/release/+simple/" }
sdist = { url = "http://pypi.local.xmov.ai/root/pypi/+f/819/9222558df7c86/setuptools-75.6.0.tar.gz", hash = "sha256:8199222558df7c86216af4f84c30e9b34a61d8ba19366cc914424cdbd28252f6" }
wheels = [
    { url = "http://pypi.local.xmov.ai/root/pypi/+f/ce7/4b49e8f7110f9/setuptools-75.6.0-py3-none-any.whl", hash = "sha256:ce74b49e8f7110f9bf04883b730f4765b774ef3ef28f722cce7c273d253aaf7d" },
]

[[package]]
name = "sqlparse"
version = "0.5.2"
source = { registry = "http://pypi.local.xmov.ai/xmov/release/+simple/" }
sdist = { url = "http://pypi.local.xmov.ai/root/pypi/+f/9e3/7b35e16d1cc65/sqlparse-0.5.2.tar.gz", hash = "sha256:9e37b35e16d1cc652a2545f0997c1deb23ea28fa1f3eefe609eee3063c3b105f" }
wheels = [
    { url = "http://pypi.local.xmov.ai/root/pypi/+f/e99/bc85c78160918/sqlparse-0.5.2-py3-none-any.whl", hash = "sha256:e99bc85c78160918c3e1d9230834ab8d80fc06c59d03f8db2618f65f65dda55e" },
]

[[package]]
name = "twisted"
version = "24.10.0"
source = { registry = "http://pypi.local.xmov.ai/xmov/release/+simple/" }
dependencies = [
    { name = "attrs" },
    { name = "automat" },
    { name = "constantly" },
    { name = "hyperlink" },
    { name = "incremental" },
    { name = "typing-extensions" },
    { name = "zope-interface" },
]
sdist = { url = "http://pypi.local.xmov.ai/root/pypi/+f/029/51299672595fe/twisted-24.10.0.tar.gz", hash = "sha256:02951299672595fea0f70fa2d5f7b5e3d56836157eda68859a6ad6492d36756e" }
wheels = [
    { url = "http://pypi.local.xmov.ai/root/pypi/+f/67a/a7c8aa9438738/twisted-24.10.0-py3-none-any.whl", hash = "sha256:67aa7c8aa94387385302acf44ade12967c747858c8bcce0f11d38077a11c5326" },
]

[package.optional-dependencies]
http2 = [
    { name = "h2" },
    { name = "priority" },
]
tls = [
    { name = "idna" },
    { name = "pyopenssl" },
    { name = "service-identity" },
]

[[package]]
name = "txaio"
version = "23.1.1"
source = { registry = "http://pypi.local.xmov.ai/xmov/release/+simple/" }
sdist = { url = "http://pypi.local.xmov.ai/root/pypi/+f/f9a/9216e976e5e32/txaio-23.1.1.tar.gz", hash = "sha256:f9a9216e976e5e3246dfd112ad7ad55ca915606b60b84a757ac769bd404ff704" }
wheels = [
    { url = "http://pypi.local.xmov.ai/root/pypi/+f/aae/a42f8aad50e0e/txaio-23.1.1-py2.py3-none-any.whl", hash = "sha256:aaea42f8aad50e0ecfb976130ada140797e9dcb85fad2cf72b0f37f8cefcb490" },
]

[[package]]
name = "typing-extensions"
version = "4.12.2"
source = { registry = "http://pypi.local.xmov.ai/xmov/release/+simple/" }
sdist = { url = "http://pypi.local.xmov.ai/root/pypi/+f/1a7/ead55c7e559dd/typing_extensions-4.12.2.tar.gz", hash = "sha256:1a7ead55c7e559dd4dee8856e3a88b41225abfe1ce8df57b7c13915fe121ffb8" }
wheels = [
    { url = "http://pypi.local.xmov.ai/root/pypi/+f/04e/5ca0351e0f3f8/typing_extensions-4.12.2-py3-none-any.whl", hash = "sha256:04e5ca0351e0f3f85c6853954072df659d0d13fac324d0072316b67d7794700d" },
]

[[package]]
name = "tzdata"
version = "2024.2"
source = { registry = "http://pypi.local.xmov.ai/xmov/release/+simple/" }
sdist = { url = "http://pypi.local.xmov.ai/root/pypi/+f/7d8/5cc416e9382e6/tzdata-2024.2.tar.gz", hash = "sha256:7d85cc416e9382e69095b7bdf4afd9e3880418a2413feec7069d533d6b4e31cc" }
wheels = [
    { url = "http://pypi.local.xmov.ai/root/pypi/+f/a48/093786cdcde33/tzdata-2024.2-py2.py3-none-any.whl", hash = "sha256:a48093786cdcde33cad18c2555e8532f34422074448fbc874186f0abd79565cd" },
]

[[package]]
name = "urllib3"
version = "2.2.3"
source = { registry = "http://pypi.local.xmov.ai/xmov/release/+simple/" }
sdist = { url = "http://pypi.local.xmov.ai/root/pypi/+f/e7d/814a81dad81e6/urllib3-2.2.3.tar.gz", hash = "sha256:e7d814a81dad81e6caf2ec9fdedb284ecc9c73076b62654547cc64ccdcae26e9" }
wheels = [
    { url = "http://pypi.local.xmov.ai/root/pypi/+f/ca8/99ca043dcb1ba/urllib3-2.2.3-py3-none-any.whl", hash = "sha256:ca899ca043dcb1bafa3e262d73aa25c465bfb49e0bd9dd5d59f1d0acba2f8fac" },
]

[[package]]
name = "websockets"
version = "14.1"
source = { registry = "https://mirrors.huaweicloud.com/repository/pypi/simple" }
sdist = { url = "https://mirrors.huaweicloud.com/repository/pypi/packages/f4/1b/380b883ce05bb5f45a905b61790319a28958a9ab1e4b6b95ff5464b60ca1/websockets-14.1.tar.gz", hash = "sha256:398b10c77d471c0aab20a845e7a60076b6390bfdaac7a6d2edb0d2c59d75e8d8" }
wheels = [
    { url = "https://mirrors.huaweicloud.com/repository/pypi/packages/55/64/55698544ce29e877c9188f1aee9093712411a8fc9732cca14985e49a8e9c/websockets-14.1-cp312-cp312-macosx_10_13_universal2.whl", hash = "sha256:ed907449fe5e021933e46a3e65d651f641975a768d0649fee59f10c2985529ed" },
    { url = "https://mirrors.huaweicloud.com/repository/pypi/packages/a2/b1/b088f67c2b365f2c86c7b48edb8848ac27e508caf910a9d9d831b2f343cb/websockets-14.1-cp312-cp312-macosx_10_13_x86_64.whl", hash = "sha256:87e31011b5c14a33b29f17eb48932e63e1dcd3fa31d72209848652310d3d1f0d" },
    { url = "https://mirrors.huaweicloud.com/repository/pypi/packages/c1/89/2a09db1bbb40ba967a1b8225b07b7df89fea44f06de9365f17f684d0f7e6/websockets-14.1-cp312-cp312-macosx_11_0_arm64.whl", hash = "sha256:bc6ccf7d54c02ae47a48ddf9414c54d48af9c01076a2e1023e3b486b6e72c707" },
    { url = "https://mirrors.huaweicloud.com/repository/pypi/packages/ca/c1/f983138cd56e7d3079f1966e81f77ce6643f230cd309f73aa156bb181749/websockets-14.1-cp312-cp312-manylinux_2_17_aarch64.manylinux2014_aarch64.whl", hash = "sha256:9777564c0a72a1d457f0848977a1cbe15cfa75fa2f67ce267441e465717dcf1a" },
    { url = "https://mirrors.huaweicloud.com/repository/pypi/packages/c1/c8/84191455d8660e2a0bdb33878d4ee5dfa4a2cedbcdc88bbd097303b65bfa/websockets-14.1-cp312-cp312-manylinux_2_5_i686.manylinux1_i686.manylinux_2_17_i686.manylinux2014_i686.whl", hash = "sha256:a655bde548ca98f55b43711b0ceefd2a88a71af6350b0c168aa77562104f3f45" },
    { url = "https://mirrors.huaweicloud.com/repository/pypi/packages/8d/a7/62e551fdcd7d44ea74a006dc193aba370505278ad76efd938664531ce9d6/websockets-14.1-cp312-cp312-manylinux_2_5_x86_64.manylinux1_x86_64.manylinux_2_17_x86_64.manylinux2014_x86_64.whl", hash = "sha256:a3dfff83ca578cada2d19e665e9c8368e1598d4e787422a460ec70e531dbdd58" },
    { url = "https://mirrors.huaweicloud.com/repository/pypi/packages/ad/ed/1532786f55922c1e9c4d329608e36a15fdab186def3ca9eb10d7465bc1cc/websockets-14.1-cp312-cp312-musllinux_1_2_aarch64.whl", hash = "sha256:6a6c9bcf7cdc0fd41cc7b7944447982e8acfd9f0d560ea6d6845428ed0562058" },
    { url = "https://mirrors.huaweicloud.com/repository/pypi/packages/ea/fb/160f66960d495df3de63d9bcff78e1b42545b2a123cc611950ffe6468016/websockets-14.1-cp312-cp312-musllinux_1_2_i686.whl", hash = "sha256:4b6caec8576e760f2c7dd878ba817653144d5f369200b6ddf9771d64385b84d4" },
    { url = "https://mirrors.huaweicloud.com/repository/pypi/packages/cf/53/1bf0c06618b5ac35f1d7906444b9958f8485682ab0ea40dee7b17a32da1e/websockets-14.1-cp312-cp312-musllinux_1_2_x86_64.whl", hash = "sha256:eb6d38971c800ff02e4a6afd791bbe3b923a9a57ca9aeab7314c21c84bf9ff05" },
    { url = "https://mirrors.huaweicloud.com/repository/pypi/packages/e5/22/5ec2f39fff75f44aa626f86fa7f20594524a447d9c3be94d8482cd5572ef/websockets-14.1-cp312-cp312-win32.whl", hash = "sha256:1d045cbe1358d76b24d5e20e7b1878efe578d9897a25c24e6006eef788c0fdf0" },
    { url = "https://mirrors.huaweicloud.com/repository/pypi/packages/74/27/28f07df09f2983178db7bf6c9cccc847205d2b92ced986cd79565d68af4f/websockets-14.1-cp312-cp312-win_amd64.whl", hash = "sha256:90f4c7a069c733d95c308380aae314f2cb45bd8a904fb03eb36d1a4983a4993f" },
    { url = "https://mirrors.huaweicloud.com/repository/pypi/packages/b0/0b/c7e5d11020242984d9d37990310520ed663b942333b83a033c2f20191113/websockets-14.1-py3-none-any.whl", hash = "sha256:4d4fc827a20abe6d544a119896f6b78ee13fe81cbfef416f3f2ddf09a03f0e2e" },
]

[[package]]
name = "zope-interface"
version = "7.2"
source = { registry = "http://pypi.local.xmov.ai/xmov/release/+simple/" }
dependencies = [
    { name = "setuptools" },
]
sdist = { url = "http://pypi.local.xmov.ai/root/pypi/+f/8b4/9f1a3d1ee4cda/zope.interface-7.2.tar.gz", hash = "sha256:8b49f1a3d1ee4cdaf5b32d2e738362c7f5e40ac8b46dd7d1a65e82a4872728fe" }
wheels = [
    { url = "http://pypi.local.xmov.ai/root/pypi/+f/086/ee2f51eaef1e4/zope.interface-7.2-cp312-cp312-macosx_10_9_x86_64.whl", hash = "sha256:086ee2f51eaef1e4a52bd7d3111a0404081dadae87f84c0ad4ce2649d4f708b7" },
    { url = "http://pypi.local.xmov.ai/root/pypi/+f/213/28fcc9d5b8076/zope.interface-7.2-cp312-cp312-macosx_11_0_arm64.whl", hash = "sha256:21328fcc9d5b80768bf051faa35ab98fb979080c18e6f84ab3f27ce703bce465" },
    { url = "http://pypi.local.xmov.ai/root/pypi/+f/f6d/d02ec01f4468d/zope.interface-7.2-cp312-cp312-manylinux_2_17_aarch64.manylinux2014_aarch64.whl", hash = "sha256:f6dd02ec01f4468da0f234da9d9c8545c5412fef80bc590cc51d8dd084138a89" },
    { url = "http://pypi.local.xmov.ai/root/pypi/+f/8e7/da17f53e25d1a/zope.interface-7.2-cp312-cp312-manylinux_2_5_i686.manylinux1_i686.manylinux_2_17_i686.manylinux2014_i686.whl", hash = "sha256:8e7da17f53e25d1a3bde5da4601e026adc9e8071f9f6f936d0fe3fe84ace6d54" },
    { url = "http://pypi.local.xmov.ai/root/pypi/+f/cab/15ff4832580aa/zope.interface-7.2-cp312-cp312-manylinux_2_5_x86_64.manylinux1_x86_64.manylinux_2_17_x86_64.manylinux2014_x86_64.whl", hash = "sha256:cab15ff4832580aa440dc9790b8a6128abd0b88b7ee4dd56abacbc52f212209d" },
    { url = "http://pypi.local.xmov.ai/root/pypi/+f/29c/aad142a2355ce/zope.interface-7.2-cp312-cp312-win_amd64.whl", hash = "sha256:29caad142a2355ce7cfea48725aa8bcf0067e2b5cc63fcf5cd9f97ad12d6afb5" },
]
