{
  "lockfileVersion": 1,
  "workspaces": {
    "": {
      "dependencies": {
        "bulma": "^1.0.4",
        "bulmaswatch": "^0.8.1",
      },
    },
  },
  "packages": {
    "bulma": ["bulma@1.0.4", "", {}, "sha512-Ffb6YGXDiZYX3cqvSbHWqQ8+LkX6tVoTcZuVB3lm93sbAVXlO0D6QlOTMnV6g18gILpAXqkG2z9hf9z4hCjz2g=="],

    "bulmaswatch": ["bulmaswatch@0.8.1", "", {}, "sha512-7HGm5v9If6gzxbTht4/oVS0dhySp6g/JyTrxmpSXHXgDQXivvxiuVmcJOZo3PFv9GAOn4om7SK36I2V8W81sgw=="],
  }
}
