version = 1
revision = 3
requires-python = ">3.10"

[[package]]
name = "fire"
version = "0.7.1"
source = { registry = "https://pypi.org/simple" }
dependencies = [
    { name = "termcolor" },
]
sdist = { url = "https://files.pythonhosted.org/packages/c0/00/f8d10588d2019d6d6452653def1ee807353b21983db48550318424b5ff18/fire-0.7.1.tar.gz", hash = "sha256:3b208f05c736de98fb343310d090dcc4d8c78b2a89ea4f32b837c586270a9cbf", size = 88720, upload-time = "2025-08-16T20:20:24.175Z" }
wheels = [
    { url = "https://files.pythonhosted.org/packages/e5/4c/93d0f85318da65923e4b91c1c2ff03d8a458cbefebe3bc612a6693c7906d/fire-0.7.1-py3-none-any.whl", hash = "sha256:e43fd8a5033a9001e7e2973bab96070694b9f12f2e0ecf96d4683971b5ab1882", size = 115945, upload-time = "2025-08-16T20:20:22.87Z" },
]

[[package]]
name = "obj2sig"
source = { editable = "." }

[package.dev-dependencies]
dev = [
    { name = "fire" },
]

[package.metadata]

[package.metadata.requires-dev]
dev = [{ name = "fire" }]

[[package]]
name = "termcolor"
version = "3.2.0"
source = { registry = "https://pypi.org/simple" }
sdist = { url = "https://files.pythonhosted.org/packages/87/56/ab275c2b56a5e2342568838f0d5e3e66a32354adcc159b495e374cda43f5/termcolor-3.2.0.tar.gz", hash = "sha256:610e6456feec42c4bcd28934a8c87a06c3fa28b01561d46aa09a9881b8622c58", size = 14423, upload-time = "2025-10-25T19:11:42.586Z" }
wheels = [
    { url = "https://files.pythonhosted.org/packages/f9/d5/141f53d7c1eb2a80e6d3e9a390228c3222c27705cbe7f048d3623053f3ca/termcolor-3.2.0-py3-none-any.whl", hash = "sha256:a10343879eba4da819353c55cb8049b0933890c2ebf9ad5d3ecd2bb32ea96ea6", size = 7698, upload-time = "2025-10-25T19:11:41.536Z" },
]
